// !$*UTF8*$!
{
	archiveVersion = 1;
	classes = {
	};
	objectVersion = 48;
	objects = {

/* Begin PBXBuildFile section */
		C571A77A21CBDE9A00953C07 /* MetalRenderer.mm in Sources */ = {isa = PBXBuildFile; fileRef = C571A72C21CBDE9A00953C07 /* MetalRenderer.mm */; };
		C571A77B21CBDE9A00953C07 /* MetalTexture.mm in Sources */ = {isa = PBXBuildFile; fileRef = C571A72D21CBDE9A00953C07 /* MetalTexture.mm */; };
		C571A77C21CBDE9A00953C07 /* MetalRendererProperties.mm in Sources */ = {isa = PBXBuildFile; fileRef = C571A72E21CBDE9A00953C07 /* MetalRendererProperties.mm */; };
		C571A77D21CBDE9A00953C07 /* MetalRenderList.mm in Sources */ = {isa = PBXBuildFile; fileRef = C571A72F21CBDE9A00953C07 /* MetalRenderList.mm */; };
		C571A77E21CBDE9A00953C07 /* MetalRenderPipelineState.mm in Sources */ = {isa = PBXBuildFile; fileRef = C571A73021CBDE9A00953C07 /* MetalRenderPipelineState.mm */; };
		C571A77F21CBDE9A00953C07 /* SDLMetalRenderTarget.mm in Sources */ = {isa = PBXBuildFile; fileRef = C571A73221CBDE9A00953C07 /* SDLMetalRenderTarget.mm */; };
		C571A78721CBDE9A00953C07 /* MetalBuffer.mm in Sources */ = {isa = PBXBuildFile; fileRef = C571A73B21CBDE9A00953C07 /* MetalBuffer.mm */; };
		C571A78821CBDE9A00953C07 /* MetalDeviceRendererProperties.mm in Sources */ = {isa = PBXBuildFile; fileRef = C571A73C21CBDE9A00953C07 /* MetalDeviceRendererProperties.mm */; };
		C571A78921CBDE9A00953C07 /* MetalObjectProperties.mm in Sources */ = {isa = PBXBuildFile; fileRef = C571A73D21CBDE9A00953C07 /* MetalObjectProperties.mm */; };
		C571A78A21CBDE9A00953C07 /* OpenGLRenderList.cpp in Sources */ = {isa = PBXBuildFile; fileRef = C571A73F21CBDE9A00953C07 /* OpenGLRenderList.cpp */; };
		C571A78B21CBDE9A00953C07 /* OpenGLBuffer.cpp in Sources */ = {isa = PBXBuildFile; fileRef = C571A74021CBDE9A00953C07 /* OpenGLBuffer.cpp */; };
		C571A78C21CBDE9A00953C07 /* OpenGLRenderer.cpp in Sources */ = {isa = PBXBuildFile; fileRef = C571A74121CBDE9A00953C07 /* OpenGLRenderer.cpp */; };
		C571A78D21CBDE9A00953C07 /* OpenGLTexture.cpp in Sources */ = {isa = PBXBuildFile; fileRef = C571A74221CBDE9A00953C07 /* OpenGLTexture.cpp */; };
		C571A78E21CBDE9A00953C07 /* OpenGLObjectProperties.cpp in Sources */ = {isa = PBXBuildFile; fileRef = C571A74321CBDE9A00953C07 /* OpenGLObjectProperties.cpp */; };
		C571A78F21CBDE9A00953C07 /* SDLOpenGLRenderTarget.mm in Sources */ = {isa = PBXBuildFile; fileRef = C571A74521CBDE9A00953C07 /* SDLOpenGLRenderTarget.mm */; };
		C571A79021CBDE9A00953C07 /* OpenGLRendererProperties.cpp in Sources */ = {isa = PBXBuildFile; fileRef = C571A75021CBDE9A00953C07 /* OpenGLRendererProperties.cpp */; };
		C571A79221CBDE9A00953C07 /* OpenGLFramebuffer.cpp in Sources */ = {isa = PBXBuildFile; fileRef = C571A75321CBDE9A00953C07 /* OpenGLFramebuffer.cpp */; };
		C571A79321CBDE9A00953C07 /* OpenGLVertexArray.cpp in Sources */ = {isa = PBXBuildFile; fileRef = C571A75421CBDE9A00953C07 /* OpenGLVertexArray.cpp */; };
		C571A79421CBDE9A00953C07 /* OpenGLProgram.cpp in Sources */ = {isa = PBXBuildFile; fileRef = C571A75521CBDE9A00953C07 /* OpenGLProgram.cpp */; };
		C571A79521CBDE9A00953C07 /* Texture.cpp in Sources */ = {isa = PBXBuildFile; fileRef = C571A75721CBDE9A00953C07 /* Texture.cpp */; };
		C571A79621CBDE9A00953C07 /* Scene.cpp in Sources */ = {isa = PBXBuildFile; fileRef = C571A75921CBDE9A00953C07 /* Scene.cpp */; };
		C571A79721CBDE9A00953C07 /* Material.cpp in Sources */ = {isa = PBXBuildFile; fileRef = C571A75B21CBDE9A00953C07 /* Material.cpp */; };
		C571A79821CBDE9A00953C07 /* GLSLMaterial.cpp in Sources */ = {isa = PBXBuildFile; fileRef = C571A75C21CBDE9A00953C07 /* GLSLMaterial.cpp */; };
		C571A79921CBDE9A00953C07 /* Object.cpp in Sources */ = {isa = PBXBuildFile; fileRef = C571A75E21CBDE9A00953C07 /* Object.cpp */; };
		C571A79A21CBDE9A00953C07 /* Mesh.cpp in Sources */ = {isa = PBXBuildFile; fileRef = C571A76021CBDE9A00953C07 /* Mesh.cpp */; };
		C571A79B21CBDE9A00953C07 /* logging.cpp in Sources */ = {isa = PBXBuildFile; fileRef = C571A76221CBDE9A00953C07 /* logging.cpp */; };
		C571A79C21CBDE9A00953C07 /* Camera.cpp in Sources */ = {isa = PBXBuildFile; fileRef = C571A76421CBDE9A00953C07 /* Camera.cpp */; };
		C571A79D21CBDE9A00953C07 /* PerspectiveCamera.cpp in Sources */ = {isa = PBXBuildFile; fileRef = C571A76521CBDE9A00953C07 /* PerspectiveCamera.cpp */; };
		C571A79E21CBDE9A00953C07 /* Ray.cpp in Sources */ = {isa = PBXBuildFile; fileRef = C571A76721CBDE9A00953C07 /* Ray.cpp */; };
		C571A79F21CBDE9A00953C07 /* GLSLPreprocessor.cpp in Sources */ = {isa = PBXBuildFile; fileRef = C571A77021CBDE9A00953C07 /* GLSLPreprocessor.cpp */; };
		C571A7A021CBDE9A00953C07 /* BoxGeometry.cpp in Sources */ = {isa = PBXBuildFile; fileRef = C571A77221CBDE9A00953C07 /* BoxGeometry.cpp */; };
		C571A7A121CBDE9A00953C07 /* Geometry.cpp in Sources */ = {isa = PBXBuildFile; fileRef = C571A77321CBDE9A00953C07 /* Geometry.cpp */; };
		C571A7A221CBDE9A00953C07 /* VoxelGeometry.cpp in Sources */ = {isa = PBXBuildFile; fileRef = C571A77421CBDE9A00953C07 /* VoxelGeometry.cpp */; };
		C571A7A321CBDE9A00953C07 /* OBJLoader.cpp in Sources */ = {isa = PBXBuildFile; fileRef = C571A77621CBDE9A00953C07 /* OBJLoader.cpp */; };
		C571A7A421CBDE9A00953C07 /* PointLight.cpp in Sources */ = {isa = PBXBuildFile; fileRef = C571A77821CBDE9A00953C07 /* PointLight.cpp */; };
		C571A7A521CBDE9A00953C07 /* Light.cpp in Sources */ = {isa = PBXBuildFile; fileRef = C571A77921CBDE9A00953C07 /* Light.cpp */; };
		C571A7D921CBE1F800953C07 /* MetalLibrary.metal in Sources */ = {isa = PBXBuildFile; fileRef = C571A73421CBDE9A00953C07 /* MetalLibrary.metal */; };
		C5FE79692069EC2D002585C6 /* libSDL2.a in Frameworks */ = {isa = PBXBuildFile; fileRef = C5AA39B42069EC03004E3FDD /* libSDL2.a */; };
/* End PBXBuildFile section */

/* Begin PBXContainerItemProxy section */
		C5AA39B32069EC03004E3FDD /* PBXContainerItemProxy */ = {
			isa = PBXContainerItemProxy;
			containerPortal = C5AA39AB2069EC03004E3FDD /* SDL.xcodeproj */;
			proxyType = 2;
			remoteGlobalIDString = FD6526630DE8FCCB002AD96B;
			remoteInfo = "libSDL-iOS";
		};
		C5AA39B52069EC03004E3FDD /* PBXContainerItemProxy */ = {
			isa = PBXContainerItemProxy;
			containerPortal = C5AA39AB2069EC03004E3FDD /* SDL.xcodeproj */;
			proxyType = 2;
			remoteGlobalIDString = FAB598141BB5C1B100BE72C5;
			remoteInfo = "libSDL-tvOS";
		};
		C5EA44842069EFBB0047AE76 /* PBXContainerItemProxy */ = {
			isa = PBXContainerItemProxy;
			containerPortal = C5AA39AB2069EC03004E3FDD /* SDL.xcodeproj */;
			proxyType = 1;
			remoteGlobalIDString = FD6526620DE8FCCB002AD96B;
			remoteInfo = "libSDL-iOS";
		};
/* End PBXContainerItemProxy section */

/* Begin PBXCopyFilesBuildPhase section */
		C53978642065D862001AAFFE /* Copy Files */ = {
			isa = PBXCopyFilesBuildPhase;
			buildActionMask = 2147483647;
			dstPath = "include/$(PRODUCT_NAME)";
			dstSubfolderSpec = 16;
			files = (
			);
			name = "Copy Files";
			runOnlyForDeploymentPostprocessing = 0;
		};
/* End PBXCopyFilesBuildPhase section */

/* Begin PBXFileReference section */
		C53978662065D862001AAFFE /* libRenderBox-iOS.a */ = {isa = PBXFileReference; explicitFileType = archive.ar; includeInIndex = 0; path = "libRenderBox-iOS.a"; sourceTree = BUILT_PRODUCTS_DIR; };
		C571A6A221CBDE8900953C07 /* MetalRenderer.h */ = {isa = PBXFileReference; lastKnownFileType = sourcecode.c.h; path = MetalRenderer.h; sourceTree = "<group>"; };
		C571A6A321CBDE8900953C07 /* PerspectiveCamera.h */ = {isa = PBXFileReference; lastKnownFileType = sourcecode.c.h; path = PerspectiveCamera.h; sourceTree = "<group>"; };
		C571A6A421CBDE8900953C07 /* MetalTexture.h */ = {isa = PBXFileReference; lastKnownFileType = sourcecode.c.h; path = MetalTexture.h; sourceTree = "<group>"; };
		C571A6A521CBDE8900953C07 /* VoxelGeometry.h */ = {isa = PBXFileReference; lastKnownFileType = sourcecode.c.h; path = VoxelGeometry.h; sourceTree = "<group>"; };
		C571A6A621CBDE8900953C07 /* PointLight.h */ = {isa = PBXFileReference; lastKnownFileType = sourcecode.c.h; path = PointLight.h; sourceTree = "<group>"; };
		C571A6A721CBDE8900953C07 /* OBJLoader.h */ = {isa = PBXFileReference; lastKnownFileType = sourcecode.c.h; path = OBJLoader.h; sourceTree = "<group>"; };
		C571A6A821CBDE8900953C07 /* OpenGLRenderer.h */ = {isa = PBXFileReference; lastKnownFileType = sourcecode.c.h; path = OpenGLRenderer.h; sourceTree = "<group>"; };
		C571A6A921CBDE8900953C07 /* OpenGLBuffer.h */ = {isa = PBXFileReference; lastKnownFileType = sourcecode.c.h; path = OpenGLBuffer.h; sourceTree = "<group>"; };
		C571A6AA21CBDE8900953C07 /* OpenGLFramebuffer.h */ = {isa = PBXFileReference; lastKnownFileType = sourcecode.c.h; path = OpenGLFramebuffer.h; sourceTree = "<group>"; };
		C571A6AB21CBDE8900953C07 /* OpenGLObjectProperties.h */ = {isa = PBXFileReference; lastKnownFileType = sourcecode.c.h; path = OpenGLObjectProperties.h; sourceTree = "<group>"; };
		C571A6AC21CBDE8900953C07 /* OpenGL.h */ = {isa = PBXFileReference; lastKnownFileType = sourcecode.c.h; path = OpenGL.h; sourceTree = "<group>"; };
		C571A6AD21CBDE8900953C07 /* OpenGLRenderTarget.h */ = {isa = PBXFileReference; lastKnownFileType = sourcecode.c.h; path = OpenGLRenderTarget.h; sourceTree = "<group>"; };
		C571A6AE21CBDE8900953C07 /* MeshLambertMaterial.h */ = {isa = PBXFileReference; lastKnownFileType = sourcecode.c.h; path = MeshLambertMaterial.h; sourceTree = "<group>"; };
		C571A6AF21CBDE8900953C07 /* Light.h */ = {isa = PBXFileReference; lastKnownFileType = sourcecode.c.h; path = Light.h; sourceTree = "<group>"; };
		C571A6B021CBDE8900953C07 /* Camera.h */ = {isa = PBXFileReference; lastKnownFileType = sourcecode.c.h; path = Camera.h; sourceTree = "<group>"; };
		C571A6B121CBDE8900953C07 /* OpenGLProgram.h */ = {isa = PBXFileReference; lastKnownFileType = sourcecode.c.h; path = OpenGLProgram.h; sourceTree = "<group>"; };
		C571A6B221CBDE8900953C07 /* VersionTrackedObject.h */ = {isa = PBXFileReference; lastKnownFileType = sourcecode.c.h; path = VersionTrackedObject.h; sourceTree = "<group>"; };
		C571A6B321CBDE8900953C07 /* MetalBuffer.h */ = {isa = PBXFileReference; lastKnownFileType = sourcecode.c.h; path = MetalBuffer.h; sourceTree = "<group>"; };
		C571A6B421CBDE8900953C07 /* OpenGLTexture.h */ = {isa = PBXFileReference; lastKnownFileType = sourcecode.c.h; path = OpenGLTexture.h; sourceTree = "<group>"; };
		C571A6B521CBDE8900953C07 /* Material.h */ = {isa = PBXFileReference; lastKnownFileType = sourcecode.c.h; path = Material.h; sourceTree = "<group>"; };
		C571A6B621CBDE8900953C07 /* Matrix.h */ = {isa = PBXFileReference; lastKnownFileType = sourcecode.c.h; path = Matrix.h; sourceTree = "<group>"; };
		C571A6B721CBDE8900953C07 /* scoped_nsobject.h */ = {isa = PBXFileReference; lastKnownFileType = sourcecode.c.h; path = scoped_nsobject.h; sourceTree = "<group>"; };
		C571A6B821CBDE8900953C07 /* CameraProperties.h */ = {isa = PBXFileReference; lastKnownFileType = sourcecode.c.h; path = CameraProperties.h; sourceTree = "<group>"; };
		C571A6B921CBDE8900953C07 /* OBJTokenKinds.def */ = {isa = PBXFileReference; lastKnownFileType = text; path = OBJTokenKinds.def; sourceTree = "<group>"; };
		C571A6BA21CBDE8900953C07 /* GLSLMaterial.h */ = {isa = PBXFileReference; lastKnownFileType = sourcecode.c.h; path = GLSLMaterial.h; sourceTree = "<group>"; };
		C571A6BB21CBDE8900953C07 /* SDLMetalRenderTarget.h */ = {isa = PBXFileReference; lastKnownFileType = sourcecode.c.h; path = SDLMetalRenderTarget.h; sourceTree = "<group>"; };
		C571A6BC21CBDE8900953C07 /* logging.h */ = {isa = PBXFileReference; lastKnownFileType = sourcecode.c.h; path = logging.h; sourceTree = "<group>"; };
		C571A6BD21CBDE8900953C07 /* Mesh.h */ = {isa = PBXFileReference; lastKnownFileType = sourcecode.c.h; path = Mesh.h; sourceTree = "<group>"; };
		C571A6BE21CBDE8900953C07 /* GLSLTokenKinds.def */ = {isa = PBXFileReference; lastKnownFileType = text; path = GLSLTokenKinds.def; sourceTree = "<group>"; };
		C571A6BF21CBDE8900953C07 /* MetalRenderPipelineState.h */ = {isa = PBXFileReference; lastKnownFileType = sourcecode.c.h; path = MetalRenderPipelineState.h; sourceTree = "<group>"; };
		C571A6C021CBDE8900953C07 /* MetalObjectProperties.h */ = {isa = PBXFileReference; lastKnownFileType = sourcecode.c.h; path = MetalObjectProperties.h; sourceTree = "<group>"; };
		C571A6C121CBDE8900953C07 /* MetalRendererProperties.h */ = {isa = PBXFileReference; lastKnownFileType = sourcecode.c.h; path = MetalRendererProperties.h; sourceTree = "<group>"; };
		C571A6C221CBDE8900953C07 /* GLSLPreprocessor.h */ = {isa = PBXFileReference; lastKnownFileType = sourcecode.c.h; path = GLSLPreprocessor.h; sourceTree = "<group>"; };
		C571A6C321CBDE8900953C07 /* Ray.h */ = {isa = PBXFileReference; lastKnownFileType = sourcecode.c.h; path = Ray.h; sourceTree = "<group>"; };
		C571A6C421CBDE8900953C07 /* OpenGLRenderList.h */ = {isa = PBXFileReference; lastKnownFileType = sourcecode.c.h; path = OpenGLRenderList.h; sourceTree = "<group>"; };
		C571A6C521CBDE8900953C07 /* Object.h */ = {isa = PBXFileReference; lastKnownFileType = sourcecode.c.h; path = Object.h; sourceTree = "<group>"; };
		C571A6C621CBDE8900953C07 /* lexer.h */ = {isa = PBXFileReference; lastKnownFileType = sourcecode.c.h; path = lexer.h; sourceTree = "<group>"; };
		C571A6C721CBDE8900953C07 /* Texture.h */ = {isa = PBXFileReference; lastKnownFileType = sourcecode.c.h; path = Texture.h; sourceTree = "<group>"; };
		C571A6C821CBDE8900953C07 /* renderbox.h */ = {isa = PBXFileReference; lastKnownFileType = sourcecode.c.h; path = renderbox.h; sourceTree = "<group>"; };
		C571A6C921CBDE8900953C07 /* OpenGLRendererProperties.h */ = {isa = PBXFileReference; lastKnownFileType = sourcecode.c.h; path = OpenGLRendererProperties.h; sourceTree = "<group>"; };
		C571A6CA21CBDE8900953C07 /* Vector.h */ = {isa = PBXFileReference; lastKnownFileType = sourcecode.c.h; path = Vector.h; sourceTree = "<group>"; };
		C571A6CB21CBDE8900953C07 /* bitmap.h */ = {isa = PBXFileReference; lastKnownFileType = sourcecode.c.h; path = bitmap.h; sourceTree = "<group>"; };
		C571A6CC21CBDE8900953C07 /* MetalDeviceRendererProperties.h */ = {isa = PBXFileReference; lastKnownFileType = sourcecode.c.h; path = MetalDeviceRendererProperties.h; sourceTree = "<group>"; };
		C571A6CD21CBDE8900953C07 /* ObjectProperties.h */ = {isa = PBXFileReference; lastKnownFileType = sourcecode.c.h; path = ObjectProperties.h; sourceTree = "<group>"; };
		C571A6CE21CBDE8900953C07 /* platform.h */ = {isa = PBXFileReference; lastKnownFileType = sourcecode.c.h; path = platform.h; sourceTree = "<group>"; };
		C571A6CF21CBDE8900953C07 /* MeshBasicMaterial.h */ = {isa = PBXFileReference; lastKnownFileType = sourcecode.c.h; path = MeshBasicMaterial.h; sourceTree = "<group>"; };
		C571A6D021CBDE8900953C07 /* GLFWOpenGLRenderTarget.h */ = {isa = PBXFileReference; lastKnownFileType = sourcecode.c.h; path = GLFWOpenGLRenderTarget.h; sourceTree = "<group>"; };
		C571A6D121CBDE8900953C07 /* SDLOpenGLRenderTarget.h */ = {isa = PBXFileReference; lastKnownFileType = sourcecode.c.h; path = SDLOpenGLRenderTarget.h; sourceTree = "<group>"; };
		C571A6D221CBDE8900953C07 /* Geometry.h */ = {isa = PBXFileReference; lastKnownFileType = sourcecode.c.h; path = Geometry.h; sourceTree = "<group>"; };
		C571A6D321CBDE8900953C07 /* BoxGeometry.h */ = {isa = PBXFileReference; lastKnownFileType = sourcecode.c.h; path = BoxGeometry.h; sourceTree = "<group>"; };
		C571A6D421CBDE8900953C07 /* MTLTokenKinds.def */ = {isa = PBXFileReference; lastKnownFileType = text; path = MTLTokenKinds.def; sourceTree = "<group>"; };
		C571A6D521CBDE8900953C07 /* MetalRenderList.h */ = {isa = PBXFileReference; lastKnownFileType = sourcecode.c.h; path = MetalRenderList.h; sourceTree = "<group>"; };
		C571A6D621CBDE8900953C07 /* Scene.h */ = {isa = PBXFileReference; lastKnownFileType = sourcecode.c.h; path = Scene.h; sourceTree = "<group>"; };
		C571A6D721CBDE8900953C07 /* OpenGLVertexArray.h */ = {isa = PBXFileReference; lastKnownFileType = sourcecode.c.h; path = OpenGLVertexArray.h; sourceTree = "<group>"; };
		C571A72C21CBDE9A00953C07 /* MetalRenderer.mm */ = {isa = PBXFileReference; fileEncoding = 4; lastKnownFileType = sourcecode.cpp.objcpp; path = MetalRenderer.mm; sourceTree = "<group>"; };
		C571A72D21CBDE9A00953C07 /* MetalTexture.mm */ = {isa = PBXFileReference; fileEncoding = 4; lastKnownFileType = sourcecode.cpp.objcpp; path = MetalTexture.mm; sourceTree = "<group>"; };
		C571A72E21CBDE9A00953C07 /* MetalRendererProperties.mm */ = {isa = PBXFileReference; fileEncoding = 4; lastKnownFileType = sourcecode.cpp.objcpp; path = MetalRendererProperties.mm; sourceTree = "<group>"; };
		C571A72F21CBDE9A00953C07 /* MetalRenderList.mm */ = {isa = PBXFileReference; fileEncoding = 4; lastKnownFileType = sourcecode.cpp.objcpp; path = MetalRenderList.mm; sourceTree = "<group>"; };
		C571A73021CBDE9A00953C07 /* MetalRenderPipelineState.mm */ = {isa = PBXFileReference; fileEncoding = 4; lastKnownFileType = sourcecode.cpp.objcpp; path = MetalRenderPipelineState.mm; sourceTree = "<group>"; };
		C571A73221CBDE9A00953C07 /* SDLMetalRenderTarget.mm */ = {isa = PBXFileReference; fileEncoding = 4; lastKnownFileType = sourcecode.cpp.objcpp; path = SDLMetalRenderTarget.mm; sourceTree = "<group>"; };
		C571A73421CBDE9A00953C07 /* MetalLibrary.metal */ = {isa = PBXFileReference; fileEncoding = 4; lastKnownFileType = sourcecode.metal; path = MetalLibrary.metal; sourceTree = "<group>"; };
		C571A73521CBDE9A00953C07 /* _mesh_lambert_frag.metal */ = {isa = PBXFileReference; fileEncoding = 4; lastKnownFileType = sourcecode.metal; path = _mesh_lambert_frag.metal; sourceTree = "<group>"; };
		C571A73621CBDE9A00953C07 /* _mesh_basic_frag.metal */ = {isa = PBXFileReference; fileEncoding = 4; lastKnownFileType = sourcecode.metal; path = _mesh_basic_frag.metal; sourceTree = "<group>"; };
		C571A73721CBDE9A00953C07 /* _mesh_basic.metal */ = {isa = PBXFileReference; fileEncoding = 4; lastKnownFileType = sourcecode.metal; path = _mesh_basic.metal; sourceTree = "<group>"; };
		C571A73821CBDE9A00953C07 /* _mesh_lambert.metal */ = {isa = PBXFileReference; fileEncoding = 4; lastKnownFileType = sourcecode.metal; path = _mesh_lambert.metal; sourceTree = "<group>"; };
		C571A73921CBDE9A00953C07 /* _mesh_lambert_vert.metal */ = {isa = PBXFileReference; fileEncoding = 4; lastKnownFileType = sourcecode.metal; path = _mesh_lambert_vert.metal; sourceTree = "<group>"; };
		C571A73A21CBDE9A00953C07 /* _mesh_basic_vert.metal */ = {isa = PBXFileReference; fileEncoding = 4; lastKnownFileType = sourcecode.metal; path = _mesh_basic_vert.metal; sourceTree = "<group>"; };
		C571A73B21CBDE9A00953C07 /* MetalBuffer.mm */ = {isa = PBXFileReference; fileEncoding = 4; lastKnownFileType = sourcecode.cpp.objcpp; path = MetalBuffer.mm; sourceTree = "<group>"; };
		C571A73C21CBDE9A00953C07 /* MetalDeviceRendererProperties.mm */ = {isa = PBXFileReference; fileEncoding = 4; lastKnownFileType = sourcecode.cpp.objcpp; path = MetalDeviceRendererProperties.mm; sourceTree = "<group>"; };
		C571A73D21CBDE9A00953C07 /* MetalObjectProperties.mm */ = {isa = PBXFileReference; fileEncoding = 4; lastKnownFileType = sourcecode.cpp.objcpp; path = MetalObjectProperties.mm; sourceTree = "<group>"; };
		C571A73F21CBDE9A00953C07 /* OpenGLRenderList.cpp */ = {isa = PBXFileReference; fileEncoding = 4; lastKnownFileType = sourcecode.cpp.cpp; path = OpenGLRenderList.cpp; sourceTree = "<group>"; };
		C571A74021CBDE9A00953C07 /* OpenGLBuffer.cpp */ = {isa = PBXFileReference; fileEncoding = 4; lastKnownFileType = sourcecode.cpp.cpp; path = OpenGLBuffer.cpp; sourceTree = "<group>"; };
		C571A74121CBDE9A00953C07 /* OpenGLRenderer.cpp */ = {isa = PBXFileReference; fileEncoding = 4; lastKnownFileType = sourcecode.cpp.cpp; path = OpenGLRenderer.cpp; sourceTree = "<group>"; };
		C571A74221CBDE9A00953C07 /* OpenGLTexture.cpp */ = {isa = PBXFileReference; fileEncoding = 4; lastKnownFileType = sourcecode.cpp.cpp; path = OpenGLTexture.cpp; sourceTree = "<group>"; };
		C571A74321CBDE9A00953C07 /* OpenGLObjectProperties.cpp */ = {isa = PBXFileReference; fileEncoding = 4; lastKnownFileType = sourcecode.cpp.cpp; path = OpenGLObjectProperties.cpp; sourceTree = "<group>"; };
		C571A74521CBDE9A00953C07 /* SDLOpenGLRenderTarget.mm */ = {isa = PBXFileReference; fileEncoding = 4; lastKnownFileType = sourcecode.cpp.objcpp; path = SDLOpenGLRenderTarget.mm; sourceTree = "<group>"; };
		C571A74721CBDE9A00953C07 /* mesh_basic_vert.glsl */ = {isa = PBXFileReference; fileEncoding = 4; lastKnownFileType = text; path = mesh_basic_vert.glsl; sourceTree = "<group>"; };
		C571A74821CBDE9A00953C07 /* mesh_lambert_frag.glsl */ = {isa = PBXFileReference; fileEncoding = 4; lastKnownFileType = text; path = mesh_lambert_frag.glsl; sourceTree = "<group>"; };
		C571A74921CBDE9A00953C07 /* mesh_basic_frag.glsl */ = {isa = PBXFileReference; fileEncoding = 4; lastKnownFileType = text; path = mesh_basic_frag.glsl; sourceTree = "<group>"; };
		C571A74A21CBDE9A00953C07 /* mesh_lambert_vert.glsl */ = {isa = PBXFileReference; fileEncoding = 4; lastKnownFileType = text; path = mesh_lambert_vert.glsl; sourceTree = "<group>"; };
		C571A74C21CBDE9A00953C07 /* mesh_basic_vert.glsl */ = {isa = PBXFileReference; fileEncoding = 4; lastKnownFileType = text; path = mesh_basic_vert.glsl; sourceTree = "<group>"; };
		C571A74D21CBDE9A00953C07 /* mesh_lambert_frag.glsl */ = {isa = PBXFileReference; fileEncoding = 4; lastKnownFileType = text; path = mesh_lambert_frag.glsl; sourceTree = "<group>"; };
		C571A74E21CBDE9A00953C07 /* mesh_basic_frag.glsl */ = {isa = PBXFileReference; fileEncoding = 4; lastKnownFileType = text; path = mesh_basic_frag.glsl; sourceTree = "<group>"; };
		C571A74F21CBDE9A00953C07 /* mesh_lambert_vert.glsl */ = {isa = PBXFileReference; fileEncoding = 4; lastKnownFileType = text; path = mesh_lambert_vert.glsl; sourceTree = "<group>"; };
		C571A75021CBDE9A00953C07 /* OpenGLRendererProperties.cpp */ = {isa = PBXFileReference; fileEncoding = 4; lastKnownFileType = sourcecode.cpp.cpp; path = OpenGLRendererProperties.cpp; sourceTree = "<group>"; };
		C571A75321CBDE9A00953C07 /* OpenGLFramebuffer.cpp */ = {isa = PBXFileReference; fileEncoding = 4; lastKnownFileType = sourcecode.cpp.cpp; path = OpenGLFramebuffer.cpp; sourceTree = "<group>"; };
		C571A75421CBDE9A00953C07 /* OpenGLVertexArray.cpp */ = {isa = PBXFileReference; fileEncoding = 4; lastKnownFileType = sourcecode.cpp.cpp; path = OpenGLVertexArray.cpp; sourceTree = "<group>"; };
		C571A75521CBDE9A00953C07 /* OpenGLProgram.cpp */ = {isa = PBXFileReference; fileEncoding = 4; lastKnownFileType = sourcecode.cpp.cpp; path = OpenGLProgram.cpp; sourceTree = "<group>"; };
		C571A75721CBDE9A00953C07 /* Texture.cpp */ = {isa = PBXFileReference; fileEncoding = 4; lastKnownFileType = sourcecode.cpp.cpp; path = Texture.cpp; sourceTree = "<group>"; };
		C571A75921CBDE9A00953C07 /* Scene.cpp */ = {isa = PBXFileReference; fileEncoding = 4; lastKnownFileType = sourcecode.cpp.cpp; path = Scene.cpp; sourceTree = "<group>"; };
		C571A75B21CBDE9A00953C07 /* Material.cpp */ = {isa = PBXFileReference; fileEncoding = 4; lastKnownFileType = sourcecode.cpp.cpp; path = Material.cpp; sourceTree = "<group>"; };
		C571A75C21CBDE9A00953C07 /* GLSLMaterial.cpp */ = {isa = PBXFileReference; fileEncoding = 4; lastKnownFileType = sourcecode.cpp.cpp; path = GLSLMaterial.cpp; sourceTree = "<group>"; };
		C571A75E21CBDE9A00953C07 /* Object.cpp */ = {isa = PBXFileReference; fileEncoding = 4; lastKnownFileType = sourcecode.cpp.cpp; path = Object.cpp; sourceTree = "<group>"; };
		C571A76021CBDE9A00953C07 /* Mesh.cpp */ = {isa = PBXFileReference; fileEncoding = 4; lastKnownFileType = sourcecode.cpp.cpp; path = Mesh.cpp; sourceTree = "<group>"; };
		C571A76221CBDE9A00953C07 /* logging.cpp */ = {isa = PBXFileReference; fileEncoding = 4; lastKnownFileType = sourcecode.cpp.cpp; path = logging.cpp; sourceTree = "<group>"; };
		C571A76421CBDE9A00953C07 /* Camera.cpp */ = {isa = PBXFileReference; fileEncoding = 4; lastKnownFileType = sourcecode.cpp.cpp; path = Camera.cpp; sourceTree = "<group>"; };
		C571A76521CBDE9A00953C07 /* PerspectiveCamera.cpp */ = {isa = PBXFileReference; fileEncoding = 4; lastKnownFileType = sourcecode.cpp.cpp; path = PerspectiveCamera.cpp; sourceTree = "<group>"; };
		C571A76721CBDE9A00953C07 /* Ray.cpp */ = {isa = PBXFileReference; fileEncoding = 4; lastKnownFileType = sourcecode.cpp.cpp; path = Ray.cpp; sourceTree = "<group>"; };
		C571A76A21CBDE9A00953C07 /* common.glsl */ = {isa = PBXFileReference; fileEncoding = 4; lastKnownFileType = text; path = common.glsl; sourceTree = "<group>"; };
		C571A76B21CBDE9A00953C07 /* lights_preamble.glsl */ = {isa = PBXFileReference; fileEncoding = 4; lastKnownFileType = text; path = lights_preamble.glsl; sourceTree = "<group>"; };
		C571A76C21CBDE9A00953C07 /* worldposition_vert.glsl */ = {isa = PBXFileReference; fileEncoding = 4; lastKnownFileType = text; path = worldposition_vert.glsl; sourceTree = "<group>"; };
		C571A76D21CBDE9A00953C07 /* worldnormal_vert.glsl */ = {isa = PBXFileReference; fileEncoding = 4; lastKnownFileType = text; path = worldnormal_vert.glsl; sourceTree = "<group>"; };
		C571A76E21CBDE9A00953C07 /* glposition_vert.glsl */ = {isa = PBXFileReference; fileEncoding = 4; lastKnownFileType = text; path = glposition_vert.glsl; sourceTree = "<group>"; };
		C571A76F21CBDE9A00953C07 /* begin_vert.glsl */ = {isa = PBXFileReference; fileEncoding = 4; lastKnownFileType = text; path = begin_vert.glsl; sourceTree = "<group>"; };
		C571A77021CBDE9A00953C07 /* GLSLPreprocessor.cpp */ = {isa = PBXFileReference; fileEncoding = 4; lastKnownFileType = sourcecode.cpp.cpp; path = GLSLPreprocessor.cpp; sourceTree = "<group>"; };
		C571A77221CBDE9A00953C07 /* BoxGeometry.cpp */ = {isa = PBXFileReference; fileEncoding = 4; lastKnownFileType = sourcecode.cpp.cpp; path = BoxGeometry.cpp; sourceTree = "<group>"; };
		C571A77321CBDE9A00953C07 /* Geometry.cpp */ = {isa = PBXFileReference; fileEncoding = 4; lastKnownFileType = sourcecode.cpp.cpp; path = Geometry.cpp; sourceTree = "<group>"; };
		C571A77421CBDE9A00953C07 /* VoxelGeometry.cpp */ = {isa = PBXFileReference; fileEncoding = 4; lastKnownFileType = sourcecode.cpp.cpp; path = VoxelGeometry.cpp; sourceTree = "<group>"; };
		C571A77621CBDE9A00953C07 /* OBJLoader.cpp */ = {isa = PBXFileReference; fileEncoding = 4; lastKnownFileType = sourcecode.cpp.cpp; path = OBJLoader.cpp; sourceTree = "<group>"; };
		C571A77821CBDE9A00953C07 /* PointLight.cpp */ = {isa = PBXFileReference; fileEncoding = 4; lastKnownFileType = sourcecode.cpp.cpp; path = PointLight.cpp; sourceTree = "<group>"; };
		C571A77921CBDE9A00953C07 /* Light.cpp */ = {isa = PBXFileReference; fileEncoding = 4; lastKnownFileType = sourcecode.cpp.cpp; path = Light.cpp; sourceTree = "<group>"; };
		C571A7CE21CBE15D00953C07 /* RenderBoxMetalLibrary-iOS.metallib */ = {isa = PBXFileReference; explicitFileType = "archive.metal-library"; includeInIndex = 0; path = "RenderBoxMetalLibrary-iOS.metallib"; sourceTree = BUILT_PRODUCTS_DIR; };
		C5AA39A420679C9D004E3FDD /* CoreMotion.framework */ = {isa = PBXFileReference; lastKnownFileType = wrapper.framework; name = CoreMotion.framework; path = System/Library/Frameworks/CoreMotion.framework; sourceTree = SDKROOT; };
		C5AA39AB2069EC03004E3FDD /* SDL.xcodeproj */ = {isa = PBXFileReference; lastKnownFileType = "wrapper.pb-project"; name = SDL.xcodeproj; path = "../../../vendor/sdl/Xcode-iOS/SDL/SDL.xcodeproj"; sourceTree = "<group>"; };
/* End PBXFileReference section */

/* Begin PBXFrameworksBuildPhase section */
		C53978632065D862001AAFFE /* Frameworks */ = {
			isa = PBXFrameworksBuildPhase;
			buildActionMask = 2147483647;
			files = (
				C5FE79692069EC2D002585C6 /* libSDL2.a in Frameworks */,
			);
			runOnlyForDeploymentPostprocessing = 0;
		};
/* End PBXFrameworksBuildPhase section */

/* Begin PBXGroup section */
		C539785D2065D862001AAFFE = {
			isa = PBXGroup;
			children = (
				C5AA39AB2069EC03004E3FDD /* SDL.xcodeproj */,
				C53979982065D95D001AAFFE /* RenderBox */,
				C53978672065D862001AAFFE /* Products */,
				C5397A202065DA8A001AAFFE /* Frameworks */,
			);
			sourceTree = "<group>";
		};
		C53978672065D862001AAFFE /* Products */ = {
			isa = PBXGroup;
			children = (
				C53978662065D862001AAFFE /* libRenderBox-iOS.a */,
				C571A7CE21CBE15D00953C07 /* RenderBoxMetalLibrary-iOS.metallib */,
			);
			name = Products;
			sourceTree = "<group>";
		};
		C53979982065D95D001AAFFE /* RenderBox */ = {
			isa = PBXGroup;
			children = (
				C571A6A121CBDE8900953C07 /* include */,
				C571A72921CBDE9A00953C07 /* src */,
			);
			name = RenderBox;
			sourceTree = "<group>";
		};
		C5397A202065DA8A001AAFFE /* Frameworks */ = {
			isa = PBXGroup;
			children = (
				C5AA39A420679C9D004E3FDD /* CoreMotion.framework */,
			);
			name = Frameworks;
			sourceTree = "<group>";
		};
		C571A6A121CBDE8900953C07 /* include */ = {
			isa = PBXGroup;
			children = (
				C571A6A221CBDE8900953C07 /* MetalRenderer.h */,
				C571A6A321CBDE8900953C07 /* PerspectiveCamera.h */,
				C571A6A421CBDE8900953C07 /* MetalTexture.h */,
				C571A6A521CBDE8900953C07 /* VoxelGeometry.h */,
				C571A6A621CBDE8900953C07 /* PointLight.h */,
				C571A6A721CBDE8900953C07 /* OBJLoader.h */,
				C571A6A821CBDE8900953C07 /* OpenGLRenderer.h */,
				C571A6A921CBDE8900953C07 /* OpenGLBuffer.h */,
				C571A6AA21CBDE8900953C07 /* OpenGLFramebuffer.h */,
				C571A6AB21CBDE8900953C07 /* OpenGLObjectProperties.h */,
				C571A6AC21CBDE8900953C07 /* OpenGL.h */,
				C571A6AD21CBDE8900953C07 /* OpenGLRenderTarget.h */,
				C571A6AE21CBDE8900953C07 /* MeshLambertMaterial.h */,
				C571A6AF21CBDE8900953C07 /* Light.h */,
				C571A6B021CBDE8900953C07 /* Camera.h */,
				C571A6B121CBDE8900953C07 /* OpenGLProgram.h */,
				C571A6B221CBDE8900953C07 /* VersionTrackedObject.h */,
				C571A6B321CBDE8900953C07 /* MetalBuffer.h */,
				C571A6B421CBDE8900953C07 /* OpenGLTexture.h */,
				C571A6B521CBDE8900953C07 /* Material.h */,
				C571A6B621CBDE8900953C07 /* Matrix.h */,
				C571A6B721CBDE8900953C07 /* scoped_nsobject.h */,
				C571A6B821CBDE8900953C07 /* CameraProperties.h */,
				C571A6B921CBDE8900953C07 /* OBJTokenKinds.def */,
				C571A6BA21CBDE8900953C07 /* GLSLMaterial.h */,
				C571A6BB21CBDE8900953C07 /* SDLMetalRenderTarget.h */,
				C571A6BC21CBDE8900953C07 /* logging.h */,
				C571A6BD21CBDE8900953C07 /* Mesh.h */,
				C571A6BE21CBDE8900953C07 /* GLSLTokenKinds.def */,
				C571A6BF21CBDE8900953C07 /* MetalRenderPipelineState.h */,
				C571A6C021CBDE8900953C07 /* MetalObjectProperties.h */,
				C571A6C121CBDE8900953C07 /* MetalRendererProperties.h */,
				C571A6C221CBDE8900953C07 /* GLSLPreprocessor.h */,
				C571A6C321CBDE8900953C07 /* Ray.h */,
				C571A6C421CBDE8900953C07 /* OpenGLRenderList.h */,
				C571A6C521CBDE8900953C07 /* Object.h */,
				C571A6C621CBDE8900953C07 /* lexer.h */,
				C571A6C721CBDE8900953C07 /* Texture.h */,
				C571A6C821CBDE8900953C07 /* renderbox.h */,
				C571A6C921CBDE8900953C07 /* OpenGLRendererProperties.h */,
				C571A6CA21CBDE8900953C07 /* Vector.h */,
				C571A6CB21CBDE8900953C07 /* bitmap.h */,
				C571A6CC21CBDE8900953C07 /* MetalDeviceRendererProperties.h */,
				C571A6CD21CBDE8900953C07 /* ObjectProperties.h */,
				C571A6CE21CBDE8900953C07 /* platform.h */,
				C571A6CF21CBDE8900953C07 /* MeshBasicMaterial.h */,
				C571A6D021CBDE8900953C07 /* GLFWOpenGLRenderTarget.h */,
				C571A6D121CBDE8900953C07 /* SDLOpenGLRenderTarget.h */,
				C571A6D221CBDE8900953C07 /* Geometry.h */,
				C571A6D321CBDE8900953C07 /* BoxGeometry.h */,
				C571A6D421CBDE8900953C07 /* MTLTokenKinds.def */,
				C571A6D521CBDE8900953C07 /* MetalRenderList.h */,
				C571A6D621CBDE8900953C07 /* Scene.h */,
				C571A6D721CBDE8900953C07 /* OpenGLVertexArray.h */,
			);
			name = include;
			path = ../../../include;
			sourceTree = "<group>";
		};
		C571A72921CBDE9A00953C07 /* src */ = {
			isa = PBXGroup;
			children = (
				C571A72A21CBDE9A00953C07 /* renderers */,
				C571A75621CBDE9A00953C07 /* textures */,
				C571A75821CBDE9A00953C07 /* scenes */,
				C571A75A21CBDE9A00953C07 /* materials */,
				C571A75D21CBDE9A00953C07 /* core */,
				C571A75F21CBDE9A00953C07 /* objects */,
				C571A76121CBDE9A00953C07 /* utils */,
				C571A76321CBDE9A00953C07 /* cameras */,
				C571A76621CBDE9A00953C07 /* math */,
				C571A76821CBDE9A00953C07 /* glsl */,
				C571A77121CBDE9A00953C07 /* geometries */,
				C571A77521CBDE9A00953C07 /* loaders */,
				C571A77721CBDE9A00953C07 /* lights */,
			);
			name = src;
			path = ../../../src;
			sourceTree = "<group>";
		};
		C571A72A21CBDE9A00953C07 /* renderers */ = {
			isa = PBXGroup;
			children = (
				C571A72B21CBDE9A00953C07 /* metal */,
				C571A73E21CBDE9A00953C07 /* opengl */,
			);
			path = renderers;
			sourceTree = "<group>";
		};
		C571A72B21CBDE9A00953C07 /* metal */ = {
			isa = PBXGroup;
			children = (
				C571A72C21CBDE9A00953C07 /* MetalRenderer.mm */,
				C571A72D21CBDE9A00953C07 /* MetalTexture.mm */,
				C571A72E21CBDE9A00953C07 /* MetalRendererProperties.mm */,
				C571A72F21CBDE9A00953C07 /* MetalRenderList.mm */,
				C571A73021CBDE9A00953C07 /* MetalRenderPipelineState.mm */,
				C571A73121CBDE9A00953C07 /* sdl */,
				C571A73321CBDE9A00953C07 /* shaders */,
				C571A73B21CBDE9A00953C07 /* MetalBuffer.mm */,
				C571A73C21CBDE9A00953C07 /* MetalDeviceRendererProperties.mm */,
				C571A73D21CBDE9A00953C07 /* MetalObjectProperties.mm */,
			);
			path = metal;
			sourceTree = "<group>";
		};
		C571A73121CBDE9A00953C07 /* sdl */ = {
			isa = PBXGroup;
			children = (
				C571A73221CBDE9A00953C07 /* SDLMetalRenderTarget.mm */,
			);
			path = sdl;
			sourceTree = "<group>";
		};
		C571A73321CBDE9A00953C07 /* shaders */ = {
			isa = PBXGroup;
			children = (
				C571A73421CBDE9A00953C07 /* MetalLibrary.metal */,
				C571A73521CBDE9A00953C07 /* _mesh_lambert_frag.metal */,
				C571A73621CBDE9A00953C07 /* _mesh_basic_frag.metal */,
				C571A73721CBDE9A00953C07 /* _mesh_basic.metal */,
				C571A73821CBDE9A00953C07 /* _mesh_lambert.metal */,
				C571A73921CBDE9A00953C07 /* _mesh_lambert_vert.metal */,
				C571A73A21CBDE9A00953C07 /* _mesh_basic_vert.metal */,
			);
			path = shaders;
			sourceTree = "<group>";
		};
		C571A73E21CBDE9A00953C07 /* opengl */ = {
			isa = PBXGroup;
			children = (
				C571A73F21CBDE9A00953C07 /* OpenGLRenderList.cpp */,
				C571A74021CBDE9A00953C07 /* OpenGLBuffer.cpp */,
				C571A74121CBDE9A00953C07 /* OpenGLRenderer.cpp */,
				C571A74221CBDE9A00953C07 /* OpenGLTexture.cpp */,
				C571A74321CBDE9A00953C07 /* OpenGLObjectProperties.cpp */,
				C571A74421CBDE9A00953C07 /* sdl */,
				C571A74621CBDE9A00953C07 /* shaders */,
				C571A75021CBDE9A00953C07 /* OpenGLRendererProperties.cpp */,
				C571A75321CBDE9A00953C07 /* OpenGLFramebuffer.cpp */,
				C571A75421CBDE9A00953C07 /* OpenGLVertexArray.cpp */,
				C571A75521CBDE9A00953C07 /* OpenGLProgram.cpp */,
			);
			path = opengl;
			sourceTree = "<group>";
		};
		C571A74421CBDE9A00953C07 /* sdl */ = {
			isa = PBXGroup;
			children = (
				C571A74521CBDE9A00953C07 /* SDLOpenGLRenderTarget.mm */,
			);
			path = sdl;
			sourceTree = "<group>";
		};
		C571A74621CBDE9A00953C07 /* shaders */ = {
			isa = PBXGroup;
			children = (
				C571A74721CBDE9A00953C07 /* mesh_basic_vert.glsl */,
				C571A74821CBDE9A00953C07 /* mesh_lambert_frag.glsl */,
				C571A74921CBDE9A00953C07 /* mesh_basic_frag.glsl */,
				C571A74A21CBDE9A00953C07 /* mesh_lambert_vert.glsl */,
				C571A74B21CBDE9A00953C07 /* es */,
			);
			path = shaders;
			sourceTree = "<group>";
		};
		C571A74B21CBDE9A00953C07 /* es */ = {
			isa = PBXGroup;
			children = (
				C571A74C21CBDE9A00953C07 /* mesh_basic_vert.glsl */,
				C571A74D21CBDE9A00953C07 /* mesh_lambert_frag.glsl */,
				C571A74E21CBDE9A00953C07 /* mesh_basic_frag.glsl */,
				C571A74F21CBDE9A00953C07 /* mesh_lambert_vert.glsl */,
			);
			path = es;
			sourceTree = "<group>";
		};
		C571A75621CBDE9A00953C07 /* textures */ = {
			isa = PBXGroup;
			children = (
				C571A75721CBDE9A00953C07 /* Texture.cpp */,
			);
			path = textures;
			sourceTree = "<group>";
		};
		C571A75821CBDE9A00953C07 /* scenes */ = {
			isa = PBXGroup;
			children = (
				C571A75921CBDE9A00953C07 /* Scene.cpp */,
			);
			path = scenes;
			sourceTree = "<group>";
		};
		C571A75A21CBDE9A00953C07 /* materials */ = {
			isa = PBXGroup;
			children = (
				C571A75B21CBDE9A00953C07 /* Material.cpp */,
				C571A75C21CBDE9A00953C07 /* GLSLMaterial.cpp */,
			);
			path = materials;
			sourceTree = "<group>";
		};
		C571A75D21CBDE9A00953C07 /* core */ = {
			isa = PBXGroup;
			children = (
				C571A75E21CBDE9A00953C07 /* Object.cpp */,
			);
			path = core;
			sourceTree = "<group>";
		};
		C571A75F21CBDE9A00953C07 /* objects */ = {
			isa = PBXGroup;
			children = (
				C571A76021CBDE9A00953C07 /* Mesh.cpp */,
			);
			path = objects;
			sourceTree = "<group>";
		};
		C571A76121CBDE9A00953C07 /* utils */ = {
			isa = PBXGroup;
			children = (
				C571A76221CBDE9A00953C07 /* logging.cpp */,
			);
			path = utils;
			sourceTree = "<group>";
		};
		C571A76321CBDE9A00953C07 /* cameras */ = {
			isa = PBXGroup;
			children = (
				C571A76421CBDE9A00953C07 /* Camera.cpp */,
				C571A76521CBDE9A00953C07 /* PerspectiveCamera.cpp */,
			);
			path = cameras;
			sourceTree = "<group>";
		};
		C571A76621CBDE9A00953C07 /* math */ = {
			isa = PBXGroup;
			children = (
				C571A76721CBDE9A00953C07 /* Ray.cpp */,
			);
			path = math;
			sourceTree = "<group>";
		};
		C571A76821CBDE9A00953C07 /* glsl */ = {
			isa = PBXGroup;
			children = (
				C571A76921CBDE9A00953C07 /* shaders */,
				C571A77021CBDE9A00953C07 /* GLSLPreprocessor.cpp */,
			);
			path = glsl;
			sourceTree = "<group>";
		};
		C571A76921CBDE9A00953C07 /* shaders */ = {
			isa = PBXGroup;
			children = (
				C571A76A21CBDE9A00953C07 /* common.glsl */,
				C571A76B21CBDE9A00953C07 /* lights_preamble.glsl */,
				C571A76C21CBDE9A00953C07 /* worldposition_vert.glsl */,
				C571A76D21CBDE9A00953C07 /* worldnormal_vert.glsl */,
				C571A76E21CBDE9A00953C07 /* glposition_vert.glsl */,
				C571A76F21CBDE9A00953C07 /* begin_vert.glsl */,
			);
			path = shaders;
			sourceTree = "<group>";
		};
		C571A77121CBDE9A00953C07 /* geometries */ = {
			isa = PBXGroup;
			children = (
				C571A77221CBDE9A00953C07 /* BoxGeometry.cpp */,
				C571A77321CBDE9A00953C07 /* Geometry.cpp */,
				C571A77421CBDE9A00953C07 /* VoxelGeometry.cpp */,
			);
			path = geometries;
			sourceTree = "<group>";
		};
		C571A77521CBDE9A00953C07 /* loaders */ = {
			isa = PBXGroup;
			children = (
				C571A77621CBDE9A00953C07 /* OBJLoader.cpp */,
			);
			path = loaders;
			sourceTree = "<group>";
		};
		C571A77721CBDE9A00953C07 /* lights */ = {
			isa = PBXGroup;
			children = (
				C571A77821CBDE9A00953C07 /* PointLight.cpp */,
				C571A77921CBDE9A00953C07 /* Light.cpp */,
			);
			path = lights;
			sourceTree = "<group>";
		};
		C5AA39AC2069EC03004E3FDD /* Products */ = {
			isa = PBXGroup;
			children = (
				C5AA39B42069EC03004E3FDD /* libSDL2.a */,
				C5AA39B62069EC03004E3FDD /* libSDL2.a */,
			);
			name = Products;
			sourceTree = "<group>";
		};
/* End PBXGroup section */

/* Begin PBXNativeTarget section */
		C53978652065D862001AAFFE /* RenderBox-iOS */ = {
			isa = PBXNativeTarget;
			buildConfigurationList = C539786F2065D862001AAFFE /* Build configuration list for PBXNativeTarget "RenderBox-iOS" */;
			buildPhases = (
				C53978622065D862001AAFFE /* Sources */,
				C53978632065D862001AAFFE /* Frameworks */,
				C53978642065D862001AAFFE /* Copy Files */,
			);
			buildRules = (
			);
			dependencies = (
				C5EA44852069EFBB0047AE76 /* PBXTargetDependency */,
			);
			name = "RenderBox-iOS";
			productName = RenderBox;
			productReference = C53978662065D862001AAFFE /* libRenderBox-iOS.a */;
			productType = "com.apple.product-type.library.static";
		};
		C571A7CD21CBE15D00953C07 /* RenderBoxMetalLibrary-iOS */ = {
			isa = PBXNativeTarget;
			buildConfigurationList = C571A7D221CBE15D00953C07 /* Build configuration list for PBXNativeTarget "RenderBoxMetalLibrary-iOS" */;
			buildPhases = (
				C571A7CC21CBE15D00953C07 /* Sources */,
			);
			buildRules = (
			);
			dependencies = (
			);
			name = "RenderBoxMetalLibrary-iOS";
			productName = "RenderBoxMetalLibrary-iOS";
			productReference = C571A7CE21CBE15D00953C07 /* RenderBoxMetalLibrary-iOS.metallib */;
			productType = "com.apple.product-type.metal-library";
		};
/* End PBXNativeTarget section */

/* Begin PBXProject section */
		C539785E2065D862001AAFFE /* Project object */ = {
			isa = PBXProject;
			attributes = {
				LastUpgradeCheck = 0920;
				ORGANIZATIONNAME = "Zhuo Lu";
				TargetAttributes = {
					C53978652065D862001AAFFE = {
						CreatedOnToolsVersion = 9.2;
						ProvisioningStyle = Automatic;
					};
					C571A7CD21CBE15D00953C07 = {
						CreatedOnToolsVersion = 10.1;
						ProvisioningStyle = Automatic;
					};
				};
			};
			buildConfigurationList = C53978612065D862001AAFFE /* Build configuration list for PBXProject "RenderBox" */;
			compatibilityVersion = "Xcode 8.0";
			developmentRegion = en;
			hasScannedForEncodings = 0;
			knownRegions = (
				en,
			);
			mainGroup = C539785D2065D862001AAFFE;
			productRefGroup = C53978672065D862001AAFFE /* Products */;
			projectDirPath = "";
			projectReferences = (
				{
					ProductGroup = C5AA39AC2069EC03004E3FDD /* Products */;
					ProjectRef = C5AA39AB2069EC03004E3FDD /* SDL.xcodeproj */;
				},
			);
			projectRoot = "";
			targets = (
				C53978652065D862001AAFFE /* RenderBox-iOS */,
				C571A7CD21CBE15D00953C07 /* RenderBoxMetalLibrary-iOS */,
			);
		};
/* End PBXProject section */

/* Begin PBXReferenceProxy section */
		C5AA39B42069EC03004E3FDD /* libSDL2.a */ = {
			isa = PBXReferenceProxy;
			fileType = archive.ar;
			path = libSDL2.a;
			remoteRef = C5AA39B32069EC03004E3FDD /* PBXContainerItemProxy */;
			sourceTree = BUILT_PRODUCTS_DIR;
		};
		C5AA39B62069EC03004E3FDD /* libSDL2.a */ = {
			isa = PBXReferenceProxy;
			fileType = archive.ar;
			path = libSDL2.a;
			remoteRef = C5AA39B52069EC03004E3FDD /* PBXContainerItemProxy */;
			sourceTree = BUILT_PRODUCTS_DIR;
		};
/* End PBXReferenceProxy section */

/* Begin PBXSourcesBuildPhase section */
		C53978622065D862001AAFFE /* Sources */ = {
			isa = PBXSourcesBuildPhase;
			buildActionMask = 2147483647;
			files = (
				C571A78D21CBDE9A00953C07 /* OpenGLTexture.cpp in Sources */,
				C571A79521CBDE9A00953C07 /* Texture.cpp in Sources */,
				C571A79C21CBDE9A00953C07 /* Camera.cpp in Sources */,
				C571A77C21CBDE9A00953C07 /* MetalRendererProperties.mm in Sources */,
				C571A79B21CBDE9A00953C07 /* logging.cpp in Sources */,
				C571A7A321CBDE9A00953C07 /* OBJLoader.cpp in Sources */,
				C571A78821CBDE9A00953C07 /* MetalDeviceRendererProperties.mm in Sources */,
				C571A78E21CBDE9A00953C07 /* OpenGLObjectProperties.cpp in Sources */,
				C571A79721CBDE9A00953C07 /* Material.cpp in Sources */,
				C571A7A421CBDE9A00953C07 /* PointLight.cpp in Sources */,
				C571A77D21CBDE9A00953C07 /* MetalRenderList.mm in Sources */,
				C571A79321CBDE9A00953C07 /* OpenGLVertexArray.cpp in Sources */,
				C571A79221CBDE9A00953C07 /* OpenGLFramebuffer.cpp in Sources */,
				C571A78721CBDE9A00953C07 /* MetalBuffer.mm in Sources */,
				C571A78921CBDE9A00953C07 /* MetalObjectProperties.mm in Sources */,
				C571A78C21CBDE9A00953C07 /* OpenGLRenderer.cpp in Sources */,
				C571A7A121CBDE9A00953C07 /* Geometry.cpp in Sources */,
				C571A7A521CBDE9A00953C07 /* Light.cpp in Sources */,
				C571A79021CBDE9A00953C07 /* OpenGLRendererProperties.cpp in Sources */,
				C571A79921CBDE9A00953C07 /* Object.cpp in Sources */,
				C571A79621CBDE9A00953C07 /* Scene.cpp in Sources */,
				C571A79F21CBDE9A00953C07 /* GLSLPreprocessor.cpp in Sources */,
				C571A77E21CBDE9A00953C07 /* MetalRenderPipelineState.mm in Sources */,
				C571A79A21CBDE9A00953C07 /* Mesh.cpp in Sources */,
				C571A79D21CBDE9A00953C07 /* PerspectiveCamera.cpp in Sources */,
				C571A77A21CBDE9A00953C07 /* MetalRenderer.mm in Sources */,
				C571A7A021CBDE9A00953C07 /* BoxGeometry.cpp in Sources */,
				C571A79821CBDE9A00953C07 /* GLSLMaterial.cpp in Sources */,
				C571A77F21CBDE9A00953C07 /* SDLMetalRenderTarget.mm in Sources */,
				C571A78A21CBDE9A00953C07 /* OpenGLRenderList.cpp in Sources */,
				C571A79E21CBDE9A00953C07 /* Ray.cpp in Sources */,
				C571A77B21CBDE9A00953C07 /* MetalTexture.mm in Sources */,
				C571A78B21CBDE9A00953C07 /* OpenGLBuffer.cpp in Sources */,
				C571A7A221CBDE9A00953C07 /* VoxelGeometry.cpp in Sources */,
				C571A79421CBDE9A00953C07 /* OpenGLProgram.cpp in Sources */,
				C571A78F21CBDE9A00953C07 /* SDLOpenGLRenderTarget.mm in Sources */,
			);
			runOnlyForDeploymentPostprocessing = 0;
		};
		C571A7CC21CBE15D00953C07 /* Sources */ = {
			isa = PBXSourcesBuildPhase;
			buildActionMask = 2147483647;
			files = (
				C571A7D921CBE1F800953C07 /* MetalLibrary.metal in Sources */,
			);
			runOnlyForDeploymentPostprocessing = 0;
		};
/* End PBXSourcesBuildPhase section */

/* Begin PBXTargetDependency section */
		C5EA44852069EFBB0047AE76 /* PBXTargetDependency */ = {
			isa = PBXTargetDependency;
			name = "libSDL-iOS";
			targetProxy = C5EA44842069EFBB0047AE76 /* PBXContainerItemProxy */;
		};
/* End PBXTargetDependency section */

/* Begin XCBuildConfiguration section */
		C539786D2065D862001AAFFE /* Debug */ = {
			isa = XCBuildConfiguration;
			buildSettings = {
				ALWAYS_SEARCH_USER_PATHS = NO;
				CLANG_ANALYZER_NONNULL = YES;
				CLANG_ANALYZER_NUMBER_OBJECT_CONVERSION = YES_AGGRESSIVE;
				CLANG_CXX_LANGUAGE_STANDARD = "gnu++14";
				CLANG_CXX_LIBRARY = "libc++";
				CLANG_ENABLE_MODULES = YES;
				CLANG_ENABLE_OBJC_ARC = YES;
				CLANG_WARN_BLOCK_CAPTURE_AUTORELEASING = YES;
				CLANG_WARN_BOOL_CONVERSION = YES;
				CLANG_WARN_COMMA = YES;
				CLANG_WARN_CONSTANT_CONVERSION = YES;
				CLANG_WARN_DIRECT_OBJC_ISA_USAGE = YES_ERROR;
				CLANG_WARN_DOCUMENTATION_COMMENTS = YES;
				CLANG_WARN_EMPTY_BODY = YES;
				CLANG_WARN_ENUM_CONVERSION = YES;
				CLANG_WARN_INFINITE_RECURSION = YES;
				CLANG_WARN_INT_CONVERSION = YES;
				CLANG_WARN_NON_LITERAL_NULL_CONVERSION = YES;
				CLANG_WARN_OBJC_LITERAL_CONVERSION = YES;
				CLANG_WARN_OBJC_ROOT_CLASS = YES_ERROR;
				CLANG_WARN_RANGE_LOOP_ANALYSIS = YES;
				CLANG_WARN_STRICT_PROTOTYPES = YES;
				CLANG_WARN_SUSPICIOUS_MOVE = YES;
				CLANG_WARN_UNGUARDED_AVAILABILITY = YES_AGGRESSIVE;
				CLANG_WARN_UNREACHABLE_CODE = YES;
				CLANG_WARN__DUPLICATE_METHOD_MATCH = YES;
				CODE_SIGN_IDENTITY = "iPhone Developer";
				COPY_PHASE_STRIP = NO;
				DEBUG_INFORMATION_FORMAT = dwarf;
				ENABLE_STRICT_OBJC_MSGSEND = YES;
				ENABLE_TESTABILITY = YES;
				GCC_C_LANGUAGE_STANDARD = gnu11;
				GCC_DYNAMIC_NO_PIC = NO;
				GCC_NO_COMMON_BLOCKS = YES;
				GCC_OPTIMIZATION_LEVEL = 0;
				GCC_PREPROCESSOR_DEFINITIONS = (
					"DEBUG=1",
					"$(inherited)",
				);
				GCC_WARN_64_TO_32_BIT_CONVERSION = YES;
				GCC_WARN_ABOUT_RETURN_TYPE = YES_ERROR;
				GCC_WARN_UNDECLARED_SELECTOR = YES;
				GCC_WARN_UNINITIALIZED_AUTOS = YES_AGGRESSIVE;
				GCC_WARN_UNUSED_FUNCTION = YES;
				GCC_WARN_UNUSED_VARIABLE = YES;
				IPHONEOS_DEPLOYMENT_TARGET = 11.2;
				MTL_ENABLE_DEBUG_INFO = YES;
				ONLY_ACTIVE_ARCH = YES;
				SDKROOT = iphoneos;
			};
			name = Debug;
		};
		C539786E2065D862001AAFFE /* Release */ = {
			isa = XCBuildConfiguration;
			buildSettings = {
				ALWAYS_SEARCH_USER_PATHS = NO;
				CLANG_ANALYZER_NONNULL = YES;
				CLANG_ANALYZER_NUMBER_OBJECT_CONVERSION = YES_AGGRESSIVE;
				CLANG_CXX_LANGUAGE_STANDARD = "gnu++14";
				CLANG_CXX_LIBRARY = "libc++";
				CLANG_ENABLE_MODULES = YES;
				CLANG_ENABLE_OBJC_ARC = YES;
				CLANG_WARN_BLOCK_CAPTURE_AUTORELEASING = YES;
				CLANG_WARN_BOOL_CONVERSION = YES;
				CLANG_WARN_COMMA = YES;
				CLANG_WARN_CONSTANT_CONVERSION = YES;
				CLANG_WARN_DIRECT_OBJC_ISA_USAGE = YES_ERROR;
				CLANG_WARN_DOCUMENTATION_COMMENTS = YES;
				CLANG_WARN_EMPTY_BODY = YES;
				CLANG_WARN_ENUM_CONVERSION = YES;
				CLANG_WARN_INFINITE_RECURSION = YES;
				CLANG_WARN_INT_CONVERSION = YES;
				CLANG_WARN_NON_LITERAL_NULL_CONVERSION = YES;
				CLANG_WARN_OBJC_LITERAL_CONVERSION = YES;
				CLANG_WARN_OBJC_ROOT_CLASS = YES_ERROR;
				CLANG_WARN_RANGE_LOOP_ANALYSIS = YES;
				CLANG_WARN_STRICT_PROTOTYPES = YES;
				CLANG_WARN_SUSPICIOUS_MOVE = YES;
				CLANG_WARN_UNGUARDED_AVAILABILITY = YES_AGGRESSIVE;
				CLANG_WARN_UNREACHABLE_CODE = YES;
				CLANG_WARN__DUPLICATE_METHOD_MATCH = YES;
				CODE_SIGN_IDENTITY = "iPhone Developer";
				COPY_PHASE_STRIP = NO;
				DEBUG_INFORMATION_FORMAT = "dwarf-with-dsym";
				ENABLE_NS_ASSERTIONS = NO;
				ENABLE_STRICT_OBJC_MSGSEND = YES;
				GCC_C_LANGUAGE_STANDARD = gnu11;
				GCC_NO_COMMON_BLOCKS = YES;
				GCC_WARN_64_TO_32_BIT_CONVERSION = YES;
				GCC_WARN_ABOUT_RETURN_TYPE = YES_ERROR;
				GCC_WARN_UNDECLARED_SELECTOR = YES;
				GCC_WARN_UNINITIALIZED_AUTOS = YES_AGGRESSIVE;
				GCC_WARN_UNUSED_FUNCTION = YES;
				GCC_WARN_UNUSED_VARIABLE = YES;
				IPHONEOS_DEPLOYMENT_TARGET = 11.2;
				MTL_ENABLE_DEBUG_INFO = NO;
				SDKROOT = iphoneos;
				VALIDATE_PRODUCT = YES;
			};
			name = Release;
		};
		C53978702065D862001AAFFE /* Debug */ = {
			isa = XCBuildConfiguration;
			buildSettings = {
				CODE_SIGN_STYLE = Automatic;
				DEVELOPMENT_TEAM = 4JAEG2S45X;
				HEADER_SEARCH_PATHS = (
					"$(SRCROOT)/RenderBox/vendor/sdl/include/",
					"$(SRCROOT)/../../../vendor/glm/",
					"$(SRCROOT)/../../../vendor/sdl/include/",
				);
				OTHER_LDFLAGS = "-ObjC";
				PRODUCT_NAME = "$(TARGET_NAME)";
				SKIP_INSTALL = YES;
				TARGETED_DEVICE_FAMILY = "1,2";
			};
			name = Debug;
		};
		C53978712065D862001AAFFE /* Release */ = {
			isa = XCBuildConfiguration;
			buildSettings = {
				CODE_SIGN_STYLE = Automatic;
				DEVELOPMENT_TEAM = 4JAEG2S45X;
				HEADER_SEARCH_PATHS = (
					"$(SRCROOT)/RenderBox/vendor/sdl/include/",
					"$(SRCROOT)/../../../vendor/glm/",
					"$(SRCROOT)/../../../vendor/sdl/include/",
				);
				OTHER_LDFLAGS = "-ObjC";
				PRODUCT_NAME = "$(TARGET_NAME)";
				SKIP_INSTALL = YES;
				TARGETED_DEVICE_FAMILY = "1,2";
			};
			name = Release;
		};
		C571A7D321CBE15D00953C07 /* Debug */ = {
			isa = XCBuildConfiguration;
			buildSettings = {
				CODE_SIGN_STYLE = Automatic;
				DEVELOPMENT_TEAM = 4JAEG2S45X;
				IPHONEOS_DEPLOYMENT_TARGET = 12.1;
				MTL_ENABLE_DEBUG_INFO = INCLUDE_SOURCE;
				MTL_FAST_MATH = YES;
				PRODUCT_NAME = "$(TARGET_NAME)";
			};
			name = Debug;
		};
		C571A7D421CBE15D00953C07 /* Release */ = {
			isa = XCBuildConfiguration;
			buildSettings = {
				CODE_SIGN_STYLE = Automatic;
				DEVELOPMENT_TEAM = 4JAEG2S45X;
				IPHONEOS_DEPLOYMENT_TARGET = 12.1;
				MTL_FAST_MATH = YES;
				PRODUCT_NAME = "$(TARGET_NAME)";
			};
			name = Release;
		};
/* End XCBuildConfiguration section */

/* Begin XCConfigurationList section */
		C53978612065D862001AAFFE /* Build configuration list for PBXProject "RenderBox" */ = {
			isa = XCConfigurationList;
			buildConfigurations = (
				C539786D2065D862001AAFFE /* Debug */,
				C539786E2065D862001AAFFE /* Release */,
			);
			defaultConfigurationIsVisible = 0;
			defaultConfigurationName = Release;
		};
		C539786F2065D862001AAFFE /* Build configuration list for PBXNativeTarget "RenderBox-iOS" */ = {
			isa = XCConfigurationList;
			buildConfigurations = (
				C53978702065D862001AAFFE /* Debug */,
				C53978712065D862001AAFFE /* Release */,
			);
			defaultConfigurationIsVisible = 0;
			defaultConfigurationName = Release;
		};
		C571A7D221CBE15D00953C07 /* Build configuration list for PBXNativeTarget "RenderBoxMetalLibrary-iOS" */ = {
			isa = XCConfigurationList;
			buildConfigurations = (
				C571A7D321CBE15D00953C07 /* Debug */,
				C571A7D421CBE15D00953C07 /* Release */,
			);
			defaultConfigurationIsVisible = 0;
			defaultConfigurationName = Release;
		};
/* End XCConfigurationList section */
	};
	rootObject = C539785E2065D862001AAFFE /* Project object */;
}
