// !$*UTF8*$!
{
	archiveVersion = 1;
	classes = {
	};
	objectVersion = 48;
	objects = {

/* Begin PBXBuildFile section */
		C50FEFBB21F598E500946156 /* MetalRenderer.mm in Sources */ = {isa = PBXBuildFile; fileRef = C50FEF6421F598E500946156 /* MetalRenderer.mm */; };
		C50FEFBC21F598E500946156 /* MetalTexture.mm in Sources */ = {isa = PBXBuildFile; fileRef = C50FEF6521F598E500946156 /* MetalTexture.mm */; };
		C50FEFBD21F598E500946156 /* MetalRendererProperties.mm in Sources */ = {isa = PBXBuildFile; fileRef = C50FEF6621F598E500946156 /* MetalRendererProperties.mm */; };
		C50FEFBE21F598E500946156 /* MetalRenderList.mm in Sources */ = {isa = PBXBuildFile; fileRef = C50FEF6721F598E500946156 /* MetalRenderList.mm */; };
		C50FEFBF21F598E500946156 /* MetalRenderPipelineState.mm in Sources */ = {isa = PBXBuildFile; fileRef = C50FEF6821F598E500946156 /* MetalRenderPipelineState.mm */; };
		C50FEFC021F598E500946156 /* SDLMetalRenderTarget.mm in Sources */ = {isa = PBXBuildFile; fileRef = C50FEF6A21F598E500946156 /* SDLMetalRenderTarget.mm */; };
		C50FEFC821F598E500946156 /* MetalBuffer.mm in Sources */ = {isa = PBXBuildFile; fileRef = C50FEF7321F598E500946156 /* MetalBuffer.mm */; };
		C50FEFC921F598E500946156 /* MetalDeviceRendererProperties.mm in Sources */ = {isa = PBXBuildFile; fileRef = C50FEF7421F598E500946156 /* MetalDeviceRendererProperties.mm */; };
		C50FEFCA21F598E500946156 /* MetalObjectProperties.mm in Sources */ = {isa = PBXBuildFile; fileRef = C50FEF7521F598E500946156 /* MetalObjectProperties.mm */; };
		C50FEFCB21F598E500946156 /* OpenGLRenderList.cpp in Sources */ = {isa = PBXBuildFile; fileRef = C50FEF7721F598E500946156 /* OpenGLRenderList.cpp */; };
		C50FEFCC21F598E500946156 /* OpenGLBuffer.cpp in Sources */ = {isa = PBXBuildFile; fileRef = C50FEF7821F598E500946156 /* OpenGLBuffer.cpp */; };
		C50FEFCD21F598E500946156 /* OpenGLRenderer.cpp in Sources */ = {isa = PBXBuildFile; fileRef = C50FEF7921F598E500946156 /* OpenGLRenderer.cpp */; };
		C50FEFCE21F598E500946156 /* OpenGLTexture.cpp in Sources */ = {isa = PBXBuildFile; fileRef = C50FEF7A21F598E500946156 /* OpenGLTexture.cpp */; };
		C50FEFCF21F598E500946156 /* OpenGLObjectProperties.cpp in Sources */ = {isa = PBXBuildFile; fileRef = C50FEF7B21F598E500946156 /* OpenGLObjectProperties.cpp */; };
		C50FEFD021F598E500946156 /* SDLOpenGLRenderTarget.mm in Sources */ = {isa = PBXBuildFile; fileRef = C50FEF7D21F598E500946156 /* SDLOpenGLRenderTarget.mm */; };
		C50FEFD121F598E500946156 /* OpenGLRendererProperties.cpp in Sources */ = {isa = PBXBuildFile; fileRef = C50FEF7E21F598E500946156 /* OpenGLRendererProperties.cpp */; };
		C50FEFD221F598E500946156 /* GLFWOpenGLRenderTarget.mm in Sources */ = {isa = PBXBuildFile; fileRef = C50FEF8021F598E500946156 /* GLFWOpenGLRenderTarget.mm */; };
		C50FEFD321F598E500946156 /* OpenGLFramebuffer.cpp in Sources */ = {isa = PBXBuildFile; fileRef = C50FEF8121F598E500946156 /* OpenGLFramebuffer.cpp */; };
		C50FEFD421F598E500946156 /* OpenGLVertexArray.cpp in Sources */ = {isa = PBXBuildFile; fileRef = C50FEF8221F598E500946156 /* OpenGLVertexArray.cpp */; };
		C50FEFD521F598E500946156 /* OpenGLProgram.cpp in Sources */ = {isa = PBXBuildFile; fileRef = C50FEF8321F598E500946156 /* OpenGLProgram.cpp */; };
		C50FEFD621F598E500946156 /* Texture.cpp in Sources */ = {isa = PBXBuildFile; fileRef = C50FEF8521F598E500946156 /* Texture.cpp */; };
		C50FEFD721F598E500946156 /* Scene.cpp in Sources */ = {isa = PBXBuildFile; fileRef = C50FEF8721F598E500946156 /* Scene.cpp */; };
		C50FEFD821F598E500946156 /* MeshBasicMaterial.cpp in Sources */ = {isa = PBXBuildFile; fileRef = C50FEF8921F598E500946156 /* MeshBasicMaterial.cpp */; };
		C50FEFD921F598E500946156 /* Material.cpp in Sources */ = {isa = PBXBuildFile; fileRef = C50FEF8A21F598E500946156 /* Material.cpp */; };
		C50FEFDA21F598E500946156 /* MeshLambertMaterial.cpp in Sources */ = {isa = PBXBuildFile; fileRef = C50FEF8B21F598E500946156 /* MeshLambertMaterial.cpp */; };
		C50FEFDB21F598E500946156 /* GLSLMaterial.cpp in Sources */ = {isa = PBXBuildFile; fileRef = C50FEF9721F598E500946156 /* GLSLMaterial.cpp */; };
		C50FEFDC21F598E500946156 /* Object.cpp in Sources */ = {isa = PBXBuildFile; fileRef = C50FEF9921F598E500946156 /* Object.cpp */; };
		C50FEFDD21F598E500946156 /* AnimationAction.cpp in Sources */ = {isa = PBXBuildFile; fileRef = C50FEF9B21F598E500946156 /* AnimationAction.cpp */; };
		C50FEFDE21F598E500946156 /* PropertyMixer.cpp in Sources */ = {isa = PBXBuildFile; fileRef = C50FEF9C21F598E500946156 /* PropertyMixer.cpp */; };
		C50FEFDF21F598E500946156 /* AnimationMixer.cpp in Sources */ = {isa = PBXBuildFile; fileRef = C50FEF9D21F598E500946156 /* AnimationMixer.cpp */; };
		C50FEFE021F598E500946156 /* Bone.cpp in Sources */ = {isa = PBXBuildFile; fileRef = C50FEF9F21F598E500946156 /* Bone.cpp */; };
		C50FEFE121F598E500946156 /* SkinnedObject.cpp in Sources */ = {isa = PBXBuildFile; fileRef = C50FEFA021F598E500946156 /* SkinnedObject.cpp */; };
		C50FEFE221F598E500946156 /* logging.cpp in Sources */ = {isa = PBXBuildFile; fileRef = C50FEFA221F598E500946156 /* logging.cpp */; };
		C50FEFE321F598E500946156 /* Camera.cpp in Sources */ = {isa = PBXBuildFile; fileRef = C50FEFA421F598E500946156 /* Camera.cpp */; };
		C50FEFE421F598E500946156 /* PerspectiveCamera.cpp in Sources */ = {isa = PBXBuildFile; fileRef = C50FEFA521F598E500946156 /* PerspectiveCamera.cpp */; };
		C50FEFE521F598E500946156 /* Ray.cpp in Sources */ = {isa = PBXBuildFile; fileRef = C50FEFA721F598E500946156 /* Ray.cpp */; };
		C50FEFE621F598E500946156 /* GLSLPreprocessor.cpp in Sources */ = {isa = PBXBuildFile; fileRef = C50FEFB021F598E500946156 /* GLSLPreprocessor.cpp */; };
		C50FEFE721F598E500946156 /* BoxGeometry.cpp in Sources */ = {isa = PBXBuildFile; fileRef = C50FEFB221F598E500946156 /* BoxGeometry.cpp */; };
		C50FEFE821F598E500946156 /* MeshGeometry.cpp in Sources */ = {isa = PBXBuildFile; fileRef = C50FEFB321F598E500946156 /* MeshGeometry.cpp */; };
		C50FEFE921F598E500946156 /* VoxelGeometry.cpp in Sources */ = {isa = PBXBuildFile; fileRef = C50FEFB421F598E500946156 /* VoxelGeometry.cpp */; };
		C50FEFEA21F598E500946156 /* OBJLoader.cpp in Sources */ = {isa = PBXBuildFile; fileRef = C50FEFB621F598E500946156 /* OBJLoader.cpp */; };
		C50FEFEB21F598E500946156 /* FBXLoader.cpp in Sources */ = {isa = PBXBuildFile; fileRef = C50FEFB721F598E500946156 /* FBXLoader.cpp */; };
		C50FEFEC21F598E500946156 /* PointLight.cpp in Sources */ = {isa = PBXBuildFile; fileRef = C50FEFB921F598E500946156 /* PointLight.cpp */; };
		C50FEFED21F598E500946156 /* Light.cpp in Sources */ = {isa = PBXBuildFile; fileRef = C50FEFBA21F598E500946156 /* Light.cpp */; };
		C50FEFEF21F5991400946156 /* MetalLibrary.metal in Sources */ = {isa = PBXBuildFile; fileRef = C50FEF6C21F598E500946156 /* MetalLibrary.metal */; };
		C53776DD20A13E5F00DFD1D9 /* libSDL2.a in Frameworks */ = {isa = PBXBuildFile; fileRef = C53776D120A137F400DFD1D9 /* libSDL2.a */; };
/* End PBXBuildFile section */

/* Begin PBXContainerItemProxy section */
		C53776CE20A137F400DFD1D9 /* PBXContainerItemProxy */ = {
			isa = PBXContainerItemProxy;
			containerPortal = C53776C720A137F400DFD1D9 /* SDL.xcodeproj */;
			proxyType = 2;
			remoteGlobalIDString = BECDF66C0761BA81005FE872;
			remoteInfo = Framework;
		};
		C53776D020A137F400DFD1D9 /* PBXContainerItemProxy */ = {
			isa = PBXContainerItemProxy;
			containerPortal = C53776C720A137F400DFD1D9 /* SDL.xcodeproj */;
			proxyType = 2;
			remoteGlobalIDString = BECDF6B30761BA81005FE872;
			remoteInfo = "Static Library";
		};
		C53776D220A137F400DFD1D9 /* PBXContainerItemProxy */ = {
			isa = PBXContainerItemProxy;
			containerPortal = C53776C720A137F400DFD1D9 /* SDL.xcodeproj */;
			proxyType = 2;
			remoteGlobalIDString = DB31407717554B71006C0E22;
			remoteInfo = "Shared Library";
		};
		C53776D420A137F400DFD1D9 /* PBXContainerItemProxy */ = {
			isa = PBXContainerItemProxy;
			containerPortal = C53776C720A137F400DFD1D9 /* SDL.xcodeproj */;
			proxyType = 2;
			remoteGlobalIDString = BECDF6BE0761BA81005FE872;
			remoteInfo = "Standard DMG";
		};
/* End PBXContainerItemProxy section */

/* Begin PBXCopyFilesBuildPhase section */
		C53978642065D862001AAFFE /* Copy Files */ = {
			isa = PBXCopyFilesBuildPhase;
			buildActionMask = 2147483647;
			dstPath = "include/$(PRODUCT_NAME)";
			dstSubfolderSpec = 16;
			files = (
			);
			name = "Copy Files";
			runOnlyForDeploymentPostprocessing = 0;
		};
/* End PBXCopyFilesBuildPhase section */

/* Begin PBXFileReference section */
		C50FEF2221F598DD00946156 /* MetalRenderer.h */ = {isa = PBXFileReference; lastKnownFileType = sourcecode.c.h; path = MetalRenderer.h; sourceTree = "<group>"; };
		C50FEF2321F598DD00946156 /* PerspectiveCamera.h */ = {isa = PBXFileReference; lastKnownFileType = sourcecode.c.h; path = PerspectiveCamera.h; sourceTree = "<group>"; };
		C50FEF2421F598DD00946156 /* MetalTexture.h */ = {isa = PBXFileReference; lastKnownFileType = sourcecode.c.h; path = MetalTexture.h; sourceTree = "<group>"; };
		C50FEF2521F598DD00946156 /* VoxelGeometry.h */ = {isa = PBXFileReference; lastKnownFileType = sourcecode.c.h; path = VoxelGeometry.h; sourceTree = "<group>"; };
		C50FEF2621F598DD00946156 /* PointLight.h */ = {isa = PBXFileReference; lastKnownFileType = sourcecode.c.h; path = PointLight.h; sourceTree = "<group>"; };
		C50FEF2721F598DD00946156 /* MeshGeometry.h */ = {isa = PBXFileReference; lastKnownFileType = sourcecode.c.h; path = MeshGeometry.h; sourceTree = "<group>"; };
		C50FEF2821F598DD00946156 /* OBJLoader.h */ = {isa = PBXFileReference; lastKnownFileType = sourcecode.c.h; path = OBJLoader.h; sourceTree = "<group>"; };
		C50FEF2921F598DD00946156 /* OpenGLRenderer.h */ = {isa = PBXFileReference; lastKnownFileType = sourcecode.c.h; path = OpenGLRenderer.h; sourceTree = "<group>"; };
		C50FEF2A21F598DD00946156 /* OpenGLBuffer.h */ = {isa = PBXFileReference; lastKnownFileType = sourcecode.c.h; path = OpenGLBuffer.h; sourceTree = "<group>"; };
		C50FEF2B21F598DD00946156 /* OpenGLFramebuffer.h */ = {isa = PBXFileReference; lastKnownFileType = sourcecode.c.h; path = OpenGLFramebuffer.h; sourceTree = "<group>"; };
		C50FEF2C21F598DD00946156 /* OpenGLObjectProperties.h */ = {isa = PBXFileReference; lastKnownFileType = sourcecode.c.h; path = OpenGLObjectProperties.h; sourceTree = "<group>"; };
		C50FEF2D21F598DD00946156 /* OpenGL.h */ = {isa = PBXFileReference; lastKnownFileType = sourcecode.c.h; path = OpenGL.h; sourceTree = "<group>"; };
		C50FEF2E21F598DD00946156 /* OpenGLRenderTarget.h */ = {isa = PBXFileReference; lastKnownFileType = sourcecode.c.h; path = OpenGLRenderTarget.h; sourceTree = "<group>"; };
		C50FEF2F21F598DD00946156 /* MeshLambertMaterial.h */ = {isa = PBXFileReference; lastKnownFileType = sourcecode.c.h; path = MeshLambertMaterial.h; sourceTree = "<group>"; };
		C50FEF3021F598DD00946156 /* Light.h */ = {isa = PBXFileReference; lastKnownFileType = sourcecode.c.h; path = Light.h; sourceTree = "<group>"; };
		C50FEF3121F598DD00946156 /* FBXLoader.h */ = {isa = PBXFileReference; lastKnownFileType = sourcecode.c.h; path = FBXLoader.h; sourceTree = "<group>"; };
		C50FEF3221F598DD00946156 /* Bone.h */ = {isa = PBXFileReference; lastKnownFileType = sourcecode.c.h; path = Bone.h; sourceTree = "<group>"; };
		C50FEF3321F598DD00946156 /* Camera.h */ = {isa = PBXFileReference; lastKnownFileType = sourcecode.c.h; path = Camera.h; sourceTree = "<group>"; };
		C50FEF3421F598DD00946156 /* OpenGLProgram.h */ = {isa = PBXFileReference; lastKnownFileType = sourcecode.c.h; path = OpenGLProgram.h; sourceTree = "<group>"; };
		C50FEF3521F598DD00946156 /* VersionTrackedObject.h */ = {isa = PBXFileReference; lastKnownFileType = sourcecode.c.h; path = VersionTrackedObject.h; sourceTree = "<group>"; };
		C50FEF3621F598DD00946156 /* MetalBuffer.h */ = {isa = PBXFileReference; lastKnownFileType = sourcecode.c.h; path = MetalBuffer.h; sourceTree = "<group>"; };
		C50FEF3721F598DD00946156 /* OpenGLTexture.h */ = {isa = PBXFileReference; lastKnownFileType = sourcecode.c.h; path = OpenGLTexture.h; sourceTree = "<group>"; };
		C50FEF3821F598DD00946156 /* Material.h */ = {isa = PBXFileReference; lastKnownFileType = sourcecode.c.h; path = Material.h; sourceTree = "<group>"; };
		C50FEF3921F598DD00946156 /* Matrix.h */ = {isa = PBXFileReference; lastKnownFileType = sourcecode.c.h; path = Matrix.h; sourceTree = "<group>"; };
		C50FEF3A21F598DD00946156 /* scoped_nsobject.h */ = {isa = PBXFileReference; lastKnownFileType = sourcecode.c.h; path = scoped_nsobject.h; sourceTree = "<group>"; };
		C50FEF3B21F598DD00946156 /* CameraProperties.h */ = {isa = PBXFileReference; lastKnownFileType = sourcecode.c.h; path = CameraProperties.h; sourceTree = "<group>"; };
		C50FEF3C21F598DD00946156 /* OBJTokenKinds.def */ = {isa = PBXFileReference; lastKnownFileType = text; path = OBJTokenKinds.def; sourceTree = "<group>"; };
		C50FEF3D21F598DD00946156 /* GLSLMaterial.h */ = {isa = PBXFileReference; lastKnownFileType = sourcecode.c.h; path = GLSLMaterial.h; sourceTree = "<group>"; };
		C50FEF3E21F598DD00946156 /* PropertyMixer.h */ = {isa = PBXFileReference; lastKnownFileType = sourcecode.c.h; path = PropertyMixer.h; sourceTree = "<group>"; };
		C50FEF3F21F598DD00946156 /* SDLMetalRenderTarget.h */ = {isa = PBXFileReference; lastKnownFileType = sourcecode.c.h; path = SDLMetalRenderTarget.h; sourceTree = "<group>"; };
		C50FEF4021F598DD00946156 /* logging.h */ = {isa = PBXFileReference; lastKnownFileType = sourcecode.c.h; path = logging.h; sourceTree = "<group>"; };
		C50FEF4121F598DD00946156 /* SkinnedObject.h */ = {isa = PBXFileReference; lastKnownFileType = sourcecode.c.h; path = SkinnedObject.h; sourceTree = "<group>"; };
		C50FEF4221F598DD00946156 /* GLSLTokenKinds.def */ = {isa = PBXFileReference; lastKnownFileType = text; path = GLSLTokenKinds.def; sourceTree = "<group>"; };
		C50FEF4321F598DD00946156 /* MetalRenderPipelineState.h */ = {isa = PBXFileReference; lastKnownFileType = sourcecode.c.h; path = MetalRenderPipelineState.h; sourceTree = "<group>"; };
		C50FEF4421F598DD00946156 /* MetalObjectProperties.h */ = {isa = PBXFileReference; lastKnownFileType = sourcecode.c.h; path = MetalObjectProperties.h; sourceTree = "<group>"; };
		C50FEF4521F598DD00946156 /* AnimationAction.h */ = {isa = PBXFileReference; lastKnownFileType = sourcecode.c.h; path = AnimationAction.h; sourceTree = "<group>"; };
		C50FEF4621F598DD00946156 /* AnimationMixer.h */ = {isa = PBXFileReference; lastKnownFileType = sourcecode.c.h; path = AnimationMixer.h; sourceTree = "<group>"; };
		C50FEF4721F598DD00946156 /* MetalRendererProperties.h */ = {isa = PBXFileReference; lastKnownFileType = sourcecode.c.h; path = MetalRendererProperties.h; sourceTree = "<group>"; };
		C50FEF4821F598DD00946156 /* GLSLPreprocessor.h */ = {isa = PBXFileReference; lastKnownFileType = sourcecode.c.h; path = GLSLPreprocessor.h; sourceTree = "<group>"; };
		C50FEF4921F598DD00946156 /* Ray.h */ = {isa = PBXFileReference; lastKnownFileType = sourcecode.c.h; path = Ray.h; sourceTree = "<group>"; };
		C50FEF4A21F598DD00946156 /* OpenGLRenderList.h */ = {isa = PBXFileReference; lastKnownFileType = sourcecode.c.h; path = OpenGLRenderList.h; sourceTree = "<group>"; };
		C50FEF4B21F598DD00946156 /* Object.h */ = {isa = PBXFileReference; lastKnownFileType = sourcecode.c.h; path = Object.h; sourceTree = "<group>"; };
		C50FEF4C21F598DD00946156 /* lexer.h */ = {isa = PBXFileReference; lastKnownFileType = sourcecode.c.h; path = lexer.h; sourceTree = "<group>"; };
		C50FEF4D21F598DD00946156 /* Texture.h */ = {isa = PBXFileReference; lastKnownFileType = sourcecode.c.h; path = Texture.h; sourceTree = "<group>"; };
		C50FEF4E21F598DD00946156 /* AnimationClip.h */ = {isa = PBXFileReference; lastKnownFileType = sourcecode.c.h; path = AnimationClip.h; sourceTree = "<group>"; };
		C50FEF4F21F598DD00946156 /* renderbox.h */ = {isa = PBXFileReference; lastKnownFileType = sourcecode.c.h; path = renderbox.h; sourceTree = "<group>"; };
		C50FEF5021F598DD00946156 /* OpenGLRendererProperties.h */ = {isa = PBXFileReference; lastKnownFileType = sourcecode.c.h; path = OpenGLRendererProperties.h; sourceTree = "<group>"; };
		C50FEF5121F598DD00946156 /* FBXParameterTypes.def */ = {isa = PBXFileReference; lastKnownFileType = text; path = FBXParameterTypes.def; sourceTree = "<group>"; };
		C50FEF5221F598DD00946156 /* Vector.h */ = {isa = PBXFileReference; lastKnownFileType = sourcecode.c.h; path = Vector.h; sourceTree = "<group>"; };
		C50FEF5321F598DD00946156 /* bitmap.h */ = {isa = PBXFileReference; lastKnownFileType = sourcecode.c.h; path = bitmap.h; sourceTree = "<group>"; };
		C50FEF5421F598DD00946156 /* MetalDeviceRendererProperties.h */ = {isa = PBXFileReference; lastKnownFileType = sourcecode.c.h; path = MetalDeviceRendererProperties.h; sourceTree = "<group>"; };
		C50FEF5521F598DD00946156 /* ObjectProperties.h */ = {isa = PBXFileReference; lastKnownFileType = sourcecode.c.h; path = ObjectProperties.h; sourceTree = "<group>"; };
		C50FEF5621F598DD00946156 /* platform.h */ = {isa = PBXFileReference; lastKnownFileType = sourcecode.c.h; path = platform.h; sourceTree = "<group>"; };
		C50FEF5721F598DD00946156 /* MeshBasicMaterial.h */ = {isa = PBXFileReference; lastKnownFileType = sourcecode.c.h; path = MeshBasicMaterial.h; sourceTree = "<group>"; };
		C50FEF5821F598DD00946156 /* GLFWOpenGLRenderTarget.h */ = {isa = PBXFileReference; lastKnownFileType = sourcecode.c.h; path = GLFWOpenGLRenderTarget.h; sourceTree = "<group>"; };
		C50FEF5921F598DD00946156 /* KeyframeTrack.h */ = {isa = PBXFileReference; lastKnownFileType = sourcecode.c.h; path = KeyframeTrack.h; sourceTree = "<group>"; };
		C50FEF5A21F598DD00946156 /* SDLOpenGLRenderTarget.h */ = {isa = PBXFileReference; lastKnownFileType = sourcecode.c.h; path = SDLOpenGLRenderTarget.h; sourceTree = "<group>"; };
		C50FEF5B21F598DD00946156 /* Geometry.h */ = {isa = PBXFileReference; lastKnownFileType = sourcecode.c.h; path = Geometry.h; sourceTree = "<group>"; };
		C50FEF5C21F598DD00946156 /* BoxGeometry.h */ = {isa = PBXFileReference; lastKnownFileType = sourcecode.c.h; path = BoxGeometry.h; sourceTree = "<group>"; };
		C50FEF5D21F598DD00946156 /* MTLTokenKinds.def */ = {isa = PBXFileReference; lastKnownFileType = text; path = MTLTokenKinds.def; sourceTree = "<group>"; };
		C50FEF5E21F598DD00946156 /* MetalRenderList.h */ = {isa = PBXFileReference; lastKnownFileType = sourcecode.c.h; path = MetalRenderList.h; sourceTree = "<group>"; };
		C50FEF5F21F598DD00946156 /* Scene.h */ = {isa = PBXFileReference; lastKnownFileType = sourcecode.c.h; path = Scene.h; sourceTree = "<group>"; };
		C50FEF6021F598DD00946156 /* OpenGLVertexArray.h */ = {isa = PBXFileReference; lastKnownFileType = sourcecode.c.h; path = OpenGLVertexArray.h; sourceTree = "<group>"; };
		C50FEF6421F598E500946156 /* MetalRenderer.mm */ = {isa = PBXFileReference; fileEncoding = 4; lastKnownFileType = sourcecode.cpp.objcpp; path = MetalRenderer.mm; sourceTree = "<group>"; };
		C50FEF6521F598E500946156 /* MetalTexture.mm */ = {isa = PBXFileReference; fileEncoding = 4; lastKnownFileType = sourcecode.cpp.objcpp; path = MetalTexture.mm; sourceTree = "<group>"; };
		C50FEF6621F598E500946156 /* MetalRendererProperties.mm */ = {isa = PBXFileReference; fileEncoding = 4; lastKnownFileType = sourcecode.cpp.objcpp; path = MetalRendererProperties.mm; sourceTree = "<group>"; };
		C50FEF6721F598E500946156 /* MetalRenderList.mm */ = {isa = PBXFileReference; fileEncoding = 4; lastKnownFileType = sourcecode.cpp.objcpp; path = MetalRenderList.mm; sourceTree = "<group>"; };
		C50FEF6821F598E500946156 /* MetalRenderPipelineState.mm */ = {isa = PBXFileReference; fileEncoding = 4; lastKnownFileType = sourcecode.cpp.objcpp; path = MetalRenderPipelineState.mm; sourceTree = "<group>"; };
		C50FEF6A21F598E500946156 /* SDLMetalRenderTarget.mm */ = {isa = PBXFileReference; fileEncoding = 4; lastKnownFileType = sourcecode.cpp.objcpp; path = SDLMetalRenderTarget.mm; sourceTree = "<group>"; };
		C50FEF6C21F598E500946156 /* MetalLibrary.metal */ = {isa = PBXFileReference; fileEncoding = 4; lastKnownFileType = sourcecode.metal; path = MetalLibrary.metal; sourceTree = "<group>"; };
		C50FEF6D21F598E500946156 /* _mesh_lambert_frag.metal */ = {isa = PBXFileReference; fileEncoding = 4; lastKnownFileType = sourcecode.metal; path = _mesh_lambert_frag.metal; sourceTree = "<group>"; };
		C50FEF6E21F598E500946156 /* _mesh_basic_frag.metal */ = {isa = PBXFileReference; fileEncoding = 4; lastKnownFileType = sourcecode.metal; path = _mesh_basic_frag.metal; sourceTree = "<group>"; };
		C50FEF6F21F598E500946156 /* _mesh_basic.metal */ = {isa = PBXFileReference; fileEncoding = 4; lastKnownFileType = sourcecode.metal; path = _mesh_basic.metal; sourceTree = "<group>"; };
		C50FEF7021F598E500946156 /* _mesh_lambert.metal */ = {isa = PBXFileReference; fileEncoding = 4; lastKnownFileType = sourcecode.metal; path = _mesh_lambert.metal; sourceTree = "<group>"; };
		C50FEF7121F598E500946156 /* _mesh_lambert_vert.metal */ = {isa = PBXFileReference; fileEncoding = 4; lastKnownFileType = sourcecode.metal; path = _mesh_lambert_vert.metal; sourceTree = "<group>"; };
		C50FEF7221F598E500946156 /* _mesh_basic_vert.metal */ = {isa = PBXFileReference; fileEncoding = 4; lastKnownFileType = sourcecode.metal; path = _mesh_basic_vert.metal; sourceTree = "<group>"; };
		C50FEF7321F598E500946156 /* MetalBuffer.mm */ = {isa = PBXFileReference; fileEncoding = 4; lastKnownFileType = sourcecode.cpp.objcpp; path = MetalBuffer.mm; sourceTree = "<group>"; };
		C50FEF7421F598E500946156 /* MetalDeviceRendererProperties.mm */ = {isa = PBXFileReference; fileEncoding = 4; lastKnownFileType = sourcecode.cpp.objcpp; path = MetalDeviceRendererProperties.mm; sourceTree = "<group>"; };
		C50FEF7521F598E500946156 /* MetalObjectProperties.mm */ = {isa = PBXFileReference; fileEncoding = 4; lastKnownFileType = sourcecode.cpp.objcpp; path = MetalObjectProperties.mm; sourceTree = "<group>"; };
		C50FEF7721F598E500946156 /* OpenGLRenderList.cpp */ = {isa = PBXFileReference; fileEncoding = 4; lastKnownFileType = sourcecode.cpp.cpp; path = OpenGLRenderList.cpp; sourceTree = "<group>"; };
		C50FEF7821F598E500946156 /* OpenGLBuffer.cpp */ = {isa = PBXFileReference; fileEncoding = 4; lastKnownFileType = sourcecode.cpp.cpp; path = OpenGLBuffer.cpp; sourceTree = "<group>"; };
		C50FEF7921F598E500946156 /* OpenGLRenderer.cpp */ = {isa = PBXFileReference; fileEncoding = 4; lastKnownFileType = sourcecode.cpp.cpp; path = OpenGLRenderer.cpp; sourceTree = "<group>"; };
		C50FEF7A21F598E500946156 /* OpenGLTexture.cpp */ = {isa = PBXFileReference; fileEncoding = 4; lastKnownFileType = sourcecode.cpp.cpp; path = OpenGLTexture.cpp; sourceTree = "<group>"; };
		C50FEF7B21F598E500946156 /* OpenGLObjectProperties.cpp */ = {isa = PBXFileReference; fileEncoding = 4; lastKnownFileType = sourcecode.cpp.cpp; path = OpenGLObjectProperties.cpp; sourceTree = "<group>"; };
		C50FEF7D21F598E500946156 /* SDLOpenGLRenderTarget.mm */ = {isa = PBXFileReference; fileEncoding = 4; lastKnownFileType = sourcecode.cpp.objcpp; path = SDLOpenGLRenderTarget.mm; sourceTree = "<group>"; };
		C50FEF7E21F598E500946156 /* OpenGLRendererProperties.cpp */ = {isa = PBXFileReference; fileEncoding = 4; lastKnownFileType = sourcecode.cpp.cpp; path = OpenGLRendererProperties.cpp; sourceTree = "<group>"; };
		C50FEF8021F598E500946156 /* GLFWOpenGLRenderTarget.mm */ = {isa = PBXFileReference; fileEncoding = 4; lastKnownFileType = sourcecode.cpp.objcpp; path = GLFWOpenGLRenderTarget.mm; sourceTree = "<group>"; };
		C50FEF8121F598E500946156 /* OpenGLFramebuffer.cpp */ = {isa = PBXFileReference; fileEncoding = 4; lastKnownFileType = sourcecode.cpp.cpp; path = OpenGLFramebuffer.cpp; sourceTree = "<group>"; };
		C50FEF8221F598E500946156 /* OpenGLVertexArray.cpp */ = {isa = PBXFileReference; fileEncoding = 4; lastKnownFileType = sourcecode.cpp.cpp; path = OpenGLVertexArray.cpp; sourceTree = "<group>"; };
		C50FEF8321F598E500946156 /* OpenGLProgram.cpp */ = {isa = PBXFileReference; fileEncoding = 4; lastKnownFileType = sourcecode.cpp.cpp; path = OpenGLProgram.cpp; sourceTree = "<group>"; };
		C50FEF8521F598E500946156 /* Texture.cpp */ = {isa = PBXFileReference; fileEncoding = 4; lastKnownFileType = sourcecode.cpp.cpp; path = Texture.cpp; sourceTree = "<group>"; };
		C50FEF8721F598E500946156 /* Scene.cpp */ = {isa = PBXFileReference; fileEncoding = 4; lastKnownFileType = sourcecode.cpp.cpp; path = Scene.cpp; sourceTree = "<group>"; };
		C50FEF8921F598E500946156 /* MeshBasicMaterial.cpp */ = {isa = PBXFileReference; fileEncoding = 4; lastKnownFileType = sourcecode.cpp.cpp; path = MeshBasicMaterial.cpp; sourceTree = "<group>"; };
		C50FEF8A21F598E500946156 /* Material.cpp */ = {isa = PBXFileReference; fileEncoding = 4; lastKnownFileType = sourcecode.cpp.cpp; path = Material.cpp; sourceTree = "<group>"; };
		C50FEF8B21F598E500946156 /* MeshLambertMaterial.cpp */ = {isa = PBXFileReference; fileEncoding = 4; lastKnownFileType = sourcecode.cpp.cpp; path = MeshLambertMaterial.cpp; sourceTree = "<group>"; };
		C50FEF8E21F598E500946156 /* mesh_basic_vert.glsl */ = {isa = PBXFileReference; fileEncoding = 4; lastKnownFileType = text; path = mesh_basic_vert.glsl; sourceTree = "<group>"; };
		C50FEF8F21F598E500946156 /* mesh_lambert_frag.glsl */ = {isa = PBXFileReference; fileEncoding = 4; lastKnownFileType = text; path = mesh_lambert_frag.glsl; sourceTree = "<group>"; };
		C50FEF9021F598E500946156 /* mesh_basic_frag.glsl */ = {isa = PBXFileReference; fileEncoding = 4; lastKnownFileType = text; path = mesh_basic_frag.glsl; sourceTree = "<group>"; };
		C50FEF9121F598E500946156 /* mesh_lambert_vert.glsl */ = {isa = PBXFileReference; fileEncoding = 4; lastKnownFileType = text; path = mesh_lambert_vert.glsl; sourceTree = "<group>"; };
		C50FEF9321F598E500946156 /* mesh_basic_vert.glsl */ = {isa = PBXFileReference; fileEncoding = 4; lastKnownFileType = text; path = mesh_basic_vert.glsl; sourceTree = "<group>"; };
		C50FEF9421F598E500946156 /* mesh_lambert_frag.glsl */ = {isa = PBXFileReference; fileEncoding = 4; lastKnownFileType = text; path = mesh_lambert_frag.glsl; sourceTree = "<group>"; };
		C50FEF9521F598E500946156 /* mesh_basic_frag.glsl */ = {isa = PBXFileReference; fileEncoding = 4; lastKnownFileType = text; path = mesh_basic_frag.glsl; sourceTree = "<group>"; };
		C50FEF9621F598E500946156 /* mesh_lambert_vert.glsl */ = {isa = PBXFileReference; fileEncoding = 4; lastKnownFileType = text; path = mesh_lambert_vert.glsl; sourceTree = "<group>"; };
		C50FEF9721F598E500946156 /* GLSLMaterial.cpp */ = {isa = PBXFileReference; fileEncoding = 4; lastKnownFileType = sourcecode.cpp.cpp; path = GLSLMaterial.cpp; sourceTree = "<group>"; };
		C50FEF9921F598E500946156 /* Object.cpp */ = {isa = PBXFileReference; fileEncoding = 4; lastKnownFileType = sourcecode.cpp.cpp; path = Object.cpp; sourceTree = "<group>"; };
		C50FEF9B21F598E500946156 /* AnimationAction.cpp */ = {isa = PBXFileReference; fileEncoding = 4; lastKnownFileType = sourcecode.cpp.cpp; path = AnimationAction.cpp; sourceTree = "<group>"; };
		C50FEF9C21F598E500946156 /* PropertyMixer.cpp */ = {isa = PBXFileReference; fileEncoding = 4; lastKnownFileType = sourcecode.cpp.cpp; path = PropertyMixer.cpp; sourceTree = "<group>"; };
		C50FEF9D21F598E500946156 /* AnimationMixer.cpp */ = {isa = PBXFileReference; fileEncoding = 4; lastKnownFileType = sourcecode.cpp.cpp; path = AnimationMixer.cpp; sourceTree = "<group>"; };
		C50FEF9F21F598E500946156 /* Bone.cpp */ = {isa = PBXFileReference; fileEncoding = 4; lastKnownFileType = sourcecode.cpp.cpp; path = Bone.cpp; sourceTree = "<group>"; };
		C50FEFA021F598E500946156 /* SkinnedObject.cpp */ = {isa = PBXFileReference; fileEncoding = 4; lastKnownFileType = sourcecode.cpp.cpp; path = SkinnedObject.cpp; sourceTree = "<group>"; };
		C50FEFA221F598E500946156 /* logging.cpp */ = {isa = PBXFileReference; fileEncoding = 4; lastKnownFileType = sourcecode.cpp.cpp; path = logging.cpp; sourceTree = "<group>"; };
		C50FEFA421F598E500946156 /* Camera.cpp */ = {isa = PBXFileReference; fileEncoding = 4; lastKnownFileType = sourcecode.cpp.cpp; path = Camera.cpp; sourceTree = "<group>"; };
		C50FEFA521F598E500946156 /* PerspectiveCamera.cpp */ = {isa = PBXFileReference; fileEncoding = 4; lastKnownFileType = sourcecode.cpp.cpp; path = PerspectiveCamera.cpp; sourceTree = "<group>"; };
		C50FEFA721F598E500946156 /* Ray.cpp */ = {isa = PBXFileReference; fileEncoding = 4; lastKnownFileType = sourcecode.cpp.cpp; path = Ray.cpp; sourceTree = "<group>"; };
		C50FEFAA21F598E500946156 /* common.glsl */ = {isa = PBXFileReference; fileEncoding = 4; lastKnownFileType = text; path = common.glsl; sourceTree = "<group>"; };
		C50FEFAB21F598E500946156 /* lights_preamble.glsl */ = {isa = PBXFileReference; fileEncoding = 4; lastKnownFileType = text; path = lights_preamble.glsl; sourceTree = "<group>"; };
		C50FEFAC21F598E500946156 /* worldposition_vert.glsl */ = {isa = PBXFileReference; fileEncoding = 4; lastKnownFileType = text; path = worldposition_vert.glsl; sourceTree = "<group>"; };
		C50FEFAD21F598E500946156 /* worldnormal_vert.glsl */ = {isa = PBXFileReference; fileEncoding = 4; lastKnownFileType = text; path = worldnormal_vert.glsl; sourceTree = "<group>"; };
		C50FEFAE21F598E500946156 /* glposition_vert.glsl */ = {isa = PBXFileReference; fileEncoding = 4; lastKnownFileType = text; path = glposition_vert.glsl; sourceTree = "<group>"; };
		C50FEFAF21F598E500946156 /* begin_vert.glsl */ = {isa = PBXFileReference; fileEncoding = 4; lastKnownFileType = text; path = begin_vert.glsl; sourceTree = "<group>"; };
		C50FEFB021F598E500946156 /* GLSLPreprocessor.cpp */ = {isa = PBXFileReference; fileEncoding = 4; lastKnownFileType = sourcecode.cpp.cpp; path = GLSLPreprocessor.cpp; sourceTree = "<group>"; };
		C50FEFB221F598E500946156 /* BoxGeometry.cpp */ = {isa = PBXFileReference; fileEncoding = 4; lastKnownFileType = sourcecode.cpp.cpp; path = BoxGeometry.cpp; sourceTree = "<group>"; };
		C50FEFB321F598E500946156 /* MeshGeometry.cpp */ = {isa = PBXFileReference; fileEncoding = 4; lastKnownFileType = sourcecode.cpp.cpp; path = MeshGeometry.cpp; sourceTree = "<group>"; };
		C50FEFB421F598E500946156 /* VoxelGeometry.cpp */ = {isa = PBXFileReference; fileEncoding = 4; lastKnownFileType = sourcecode.cpp.cpp; path = VoxelGeometry.cpp; sourceTree = "<group>"; };
		C50FEFB621F598E500946156 /* OBJLoader.cpp */ = {isa = PBXFileReference; fileEncoding = 4; lastKnownFileType = sourcecode.cpp.cpp; path = OBJLoader.cpp; sourceTree = "<group>"; };
		C50FEFB721F598E500946156 /* FBXLoader.cpp */ = {isa = PBXFileReference; fileEncoding = 4; lastKnownFileType = sourcecode.cpp.cpp; path = FBXLoader.cpp; sourceTree = "<group>"; };
		C50FEFB921F598E500946156 /* PointLight.cpp */ = {isa = PBXFileReference; fileEncoding = 4; lastKnownFileType = sourcecode.cpp.cpp; path = PointLight.cpp; sourceTree = "<group>"; };
		C50FEFBA21F598E500946156 /* Light.cpp */ = {isa = PBXFileReference; fileEncoding = 4; lastKnownFileType = sourcecode.cpp.cpp; path = Light.cpp; sourceTree = "<group>"; };
		C53776C720A137F400DFD1D9 /* SDL.xcodeproj */ = {isa = PBXFileReference; lastKnownFileType = "wrapper.pb-project"; name = SDL.xcodeproj; path = ../../../vendor/sdl/Xcode/SDL/SDL.xcodeproj; sourceTree = "<group>"; };
		C53978662065D862001AAFFE /* libRenderBox.a */ = {isa = PBXFileReference; explicitFileType = archive.ar; includeInIndex = 0; path = libRenderBox.a; sourceTree = BUILT_PRODUCTS_DIR; };
		C53F26AE2175197300EF9635 /* RenderBoxMetalLibrary.metallib */ = {isa = PBXFileReference; explicitFileType = "archive.metal-library"; includeInIndex = 0; path = RenderBoxMetalLibrary.metallib; sourceTree = BUILT_PRODUCTS_DIR; };
		C571004C21E5D88800B2D538 /* libz.1.2.11.tbd */ = {isa = PBXFileReference; lastKnownFileType = "sourcecode.text-based-dylib-definition"; name = libz.1.2.11.tbd; path = usr/lib/libz.1.2.11.tbd; sourceTree = SDKROOT; };
		C5AA39A420679C9D004E3FDD /* CoreMotion.framework */ = {isa = PBXFileReference; lastKnownFileType = wrapper.framework; name = CoreMotion.framework; path = System/Library/Frameworks/CoreMotion.framework; sourceTree = SDKROOT; };
/* End PBXFileReference section */

/* Begin PBXFrameworksBuildPhase section */
		C53978632065D862001AAFFE /* Frameworks */ = {
			isa = PBXFrameworksBuildPhase;
			buildActionMask = 2147483647;
			files = (
				C53776DD20A13E5F00DFD1D9 /* libSDL2.a in Frameworks */,
			);
			runOnlyForDeploymentPostprocessing = 0;
		};
/* End PBXFrameworksBuildPhase section */

/* Begin PBXGroup section */
		C50FEF2121F598DD00946156 /* include */ = {
			isa = PBXGroup;
			children = (
				C50FEF2221F598DD00946156 /* MetalRenderer.h */,
				C50FEF2321F598DD00946156 /* PerspectiveCamera.h */,
				C50FEF2421F598DD00946156 /* MetalTexture.h */,
				C50FEF2521F598DD00946156 /* VoxelGeometry.h */,
				C50FEF2621F598DD00946156 /* PointLight.h */,
				C50FEF2721F598DD00946156 /* MeshGeometry.h */,
				C50FEF2821F598DD00946156 /* OBJLoader.h */,
				C50FEF2921F598DD00946156 /* OpenGLRenderer.h */,
				C50FEF2A21F598DD00946156 /* OpenGLBuffer.h */,
				C50FEF2B21F598DD00946156 /* OpenGLFramebuffer.h */,
				C50FEF2C21F598DD00946156 /* OpenGLObjectProperties.h */,
				C50FEF2D21F598DD00946156 /* OpenGL.h */,
				C50FEF2E21F598DD00946156 /* OpenGLRenderTarget.h */,
				C50FEF2F21F598DD00946156 /* MeshLambertMaterial.h */,
				C50FEF3021F598DD00946156 /* Light.h */,
				C50FEF3121F598DD00946156 /* FBXLoader.h */,
				C50FEF3221F598DD00946156 /* Bone.h */,
				C50FEF3321F598DD00946156 /* Camera.h */,
				C50FEF3421F598DD00946156 /* OpenGLProgram.h */,
				C50FEF3521F598DD00946156 /* VersionTrackedObject.h */,
				C50FEF3621F598DD00946156 /* MetalBuffer.h */,
				C50FEF3721F598DD00946156 /* OpenGLTexture.h */,
				C50FEF3821F598DD00946156 /* Material.h */,
				C50FEF3921F598DD00946156 /* Matrix.h */,
				C50FEF3A21F598DD00946156 /* scoped_nsobject.h */,
				C50FEF3B21F598DD00946156 /* CameraProperties.h */,
				C50FEF3C21F598DD00946156 /* OBJTokenKinds.def */,
				C50FEF3D21F598DD00946156 /* GLSLMaterial.h */,
				C50FEF3E21F598DD00946156 /* PropertyMixer.h */,
				C50FEF3F21F598DD00946156 /* SDLMetalRenderTarget.h */,
				C50FEF4021F598DD00946156 /* logging.h */,
				C50FEF4121F598DD00946156 /* SkinnedObject.h */,
				C50FEF4221F598DD00946156 /* GLSLTokenKinds.def */,
				C50FEF4321F598DD00946156 /* MetalRenderPipelineState.h */,
				C50FEF4421F598DD00946156 /* MetalObjectProperties.h */,
				C50FEF4521F598DD00946156 /* AnimationAction.h */,
				C50FEF4621F598DD00946156 /* AnimationMixer.h */,
				C50FEF4721F598DD00946156 /* MetalRendererProperties.h */,
				C50FEF4821F598DD00946156 /* GLSLPreprocessor.h */,
				C50FEF4921F598DD00946156 /* Ray.h */,
				C50FEF4A21F598DD00946156 /* OpenGLRenderList.h */,
				C50FEF4B21F598DD00946156 /* Object.h */,
				C50FEF4C21F598DD00946156 /* lexer.h */,
				C50FEF4D21F598DD00946156 /* Texture.h */,
				C50FEF4E21F598DD00946156 /* AnimationClip.h */,
				C50FEF4F21F598DD00946156 /* renderbox.h */,
				C50FEF5021F598DD00946156 /* OpenGLRendererProperties.h */,
				C50FEF5121F598DD00946156 /* FBXParameterTypes.def */,
				C50FEF5221F598DD00946156 /* Vector.h */,
				C50FEF5321F598DD00946156 /* bitmap.h */,
				C50FEF5421F598DD00946156 /* MetalDeviceRendererProperties.h */,
				C50FEF5521F598DD00946156 /* ObjectProperties.h */,
				C50FEF5621F598DD00946156 /* platform.h */,
				C50FEF5721F598DD00946156 /* MeshBasicMaterial.h */,
				C50FEF5821F598DD00946156 /* GLFWOpenGLRenderTarget.h */,
				C50FEF5921F598DD00946156 /* KeyframeTrack.h */,
				C50FEF5A21F598DD00946156 /* SDLOpenGLRenderTarget.h */,
				C50FEF5B21F598DD00946156 /* Geometry.h */,
				C50FEF5C21F598DD00946156 /* BoxGeometry.h */,
				C50FEF5D21F598DD00946156 /* MTLTokenKinds.def */,
				C50FEF5E21F598DD00946156 /* MetalRenderList.h */,
				C50FEF5F21F598DD00946156 /* Scene.h */,
				C50FEF6021F598DD00946156 /* OpenGLVertexArray.h */,
			);
			name = include;
			path = ../../../include;
			sourceTree = "<group>";
		};
		C50FEF6121F598E500946156 /* src */ = {
			isa = PBXGroup;
			children = (
				C50FEF6221F598E500946156 /* renderers */,
				C50FEF8421F598E500946156 /* textures */,
				C50FEF8621F598E500946156 /* scenes */,
				C50FEF8821F598E500946156 /* materials */,
				C50FEF9821F598E500946156 /* core */,
				C50FEF9A21F598E500946156 /* animation */,
				C50FEF9E21F598E500946156 /* objects */,
				C50FEFA121F598E500946156 /* utils */,
				C50FEFA321F598E500946156 /* cameras */,
				C50FEFA621F598E500946156 /* math */,
				C50FEFA821F598E500946156 /* glsl */,
				C50FEFB121F598E500946156 /* geometries */,
				C50FEFB521F598E500946156 /* loaders */,
				C50FEFB821F598E500946156 /* lights */,
			);
			name = src;
			path = ../../../src;
			sourceTree = "<group>";
		};
		C50FEF6221F598E500946156 /* renderers */ = {
			isa = PBXGroup;
			children = (
				C50FEF6321F598E500946156 /* metal */,
				C50FEF7621F598E500946156 /* opengl */,
			);
			path = renderers;
			sourceTree = "<group>";
		};
		C50FEF6321F598E500946156 /* metal */ = {
			isa = PBXGroup;
			children = (
				C50FEF6421F598E500946156 /* MetalRenderer.mm */,
				C50FEF6521F598E500946156 /* MetalTexture.mm */,
				C50FEF6621F598E500946156 /* MetalRendererProperties.mm */,
				C50FEF6721F598E500946156 /* MetalRenderList.mm */,
				C50FEF6821F598E500946156 /* MetalRenderPipelineState.mm */,
				C50FEF6921F598E500946156 /* sdl */,
				C50FEF6B21F598E500946156 /* shaders */,
				C50FEF7321F598E500946156 /* MetalBuffer.mm */,
				C50FEF7421F598E500946156 /* MetalDeviceRendererProperties.mm */,
				C50FEF7521F598E500946156 /* MetalObjectProperties.mm */,
			);
			path = metal;
			sourceTree = "<group>";
		};
		C50FEF6921F598E500946156 /* sdl */ = {
			isa = PBXGroup;
			children = (
				C50FEF6A21F598E500946156 /* SDLMetalRenderTarget.mm */,
			);
			path = sdl;
			sourceTree = "<group>";
		};
		C50FEF6B21F598E500946156 /* shaders */ = {
			isa = PBXGroup;
			children = (
				C50FEF6C21F598E500946156 /* MetalLibrary.metal */,
				C50FEF6D21F598E500946156 /* _mesh_lambert_frag.metal */,
				C50FEF6E21F598E500946156 /* _mesh_basic_frag.metal */,
				C50FEF6F21F598E500946156 /* _mesh_basic.metal */,
				C50FEF7021F598E500946156 /* _mesh_lambert.metal */,
				C50FEF7121F598E500946156 /* _mesh_lambert_vert.metal */,
				C50FEF7221F598E500946156 /* _mesh_basic_vert.metal */,
			);
			path = shaders;
			sourceTree = "<group>";
		};
		C50FEF7621F598E500946156 /* opengl */ = {
			isa = PBXGroup;
			children = (
				C50FEF7721F598E500946156 /* OpenGLRenderList.cpp */,
				C50FEF7821F598E500946156 /* OpenGLBuffer.cpp */,
				C50FEF7921F598E500946156 /* OpenGLRenderer.cpp */,
				C50FEF7A21F598E500946156 /* OpenGLTexture.cpp */,
				C50FEF7B21F598E500946156 /* OpenGLObjectProperties.cpp */,
				C50FEF7C21F598E500946156 /* sdl */,
				C50FEF7E21F598E500946156 /* OpenGLRendererProperties.cpp */,
				C50FEF7F21F598E500946156 /* glfw */,
				C50FEF8121F598E500946156 /* OpenGLFramebuffer.cpp */,
				C50FEF8221F598E500946156 /* OpenGLVertexArray.cpp */,
				C50FEF8321F598E500946156 /* OpenGLProgram.cpp */,
			);
			path = opengl;
			sourceTree = "<group>";
		};
		C50FEF7C21F598E500946156 /* sdl */ = {
			isa = PBXGroup;
			children = (
				C50FEF7D21F598E500946156 /* SDLOpenGLRenderTarget.mm */,
			);
			path = sdl;
			sourceTree = "<group>";
		};
		C50FEF7F21F598E500946156 /* glfw */ = {
			isa = PBXGroup;
			children = (
				C50FEF8021F598E500946156 /* GLFWOpenGLRenderTarget.mm */,
			);
			path = glfw;
			sourceTree = "<group>";
		};
		C50FEF8421F598E500946156 /* textures */ = {
			isa = PBXGroup;
			children = (
				C50FEF8521F598E500946156 /* Texture.cpp */,
			);
			path = textures;
			sourceTree = "<group>";
		};
		C50FEF8621F598E500946156 /* scenes */ = {
			isa = PBXGroup;
			children = (
				C50FEF8721F598E500946156 /* Scene.cpp */,
			);
			path = scenes;
			sourceTree = "<group>";
		};
		C50FEF8821F598E500946156 /* materials */ = {
			isa = PBXGroup;
			children = (
				C50FEF8921F598E500946156 /* MeshBasicMaterial.cpp */,
				C50FEF8A21F598E500946156 /* Material.cpp */,
				C50FEF8B21F598E500946156 /* MeshLambertMaterial.cpp */,
				C50FEF8C21F598E500946156 /* opengl */,
				C50FEF9721F598E500946156 /* GLSLMaterial.cpp */,
			);
			path = materials;
			sourceTree = "<group>";
		};
		C50FEF8C21F598E500946156 /* opengl */ = {
			isa = PBXGroup;
			children = (
				C50FEF8D21F598E500946156 /* shaders */,
			);
			path = opengl;
			sourceTree = "<group>";
		};
		C50FEF8D21F598E500946156 /* shaders */ = {
			isa = PBXGroup;
			children = (
				C50FEF8E21F598E500946156 /* mesh_basic_vert.glsl */,
				C50FEF8F21F598E500946156 /* mesh_lambert_frag.glsl */,
				C50FEF9021F598E500946156 /* mesh_basic_frag.glsl */,
				C50FEF9121F598E500946156 /* mesh_lambert_vert.glsl */,
				C50FEF9221F598E500946156 /* es */,
			);
			path = shaders;
			sourceTree = "<group>";
		};
		C50FEF9221F598E500946156 /* es */ = {
			isa = PBXGroup;
			children = (
				C50FEF9321F598E500946156 /* mesh_basic_vert.glsl */,
				C50FEF9421F598E500946156 /* mesh_lambert_frag.glsl */,
				C50FEF9521F598E500946156 /* mesh_basic_frag.glsl */,
				C50FEF9621F598E500946156 /* mesh_lambert_vert.glsl */,
			);
			path = es;
			sourceTree = "<group>";
		};
		C50FEF9821F598E500946156 /* core */ = {
			isa = PBXGroup;
			children = (
				C50FEF9921F598E500946156 /* Object.cpp */,
			);
			path = core;
			sourceTree = "<group>";
		};
		C50FEF9A21F598E500946156 /* animation */ = {
			isa = PBXGroup;
			children = (
				C50FEF9B21F598E500946156 /* AnimationAction.cpp */,
				C50FEF9C21F598E500946156 /* PropertyMixer.cpp */,
				C50FEF9D21F598E500946156 /* AnimationMixer.cpp */,
			);
			path = animation;
			sourceTree = "<group>";
		};
		C50FEF9E21F598E500946156 /* objects */ = {
			isa = PBXGroup;
			children = (
				C50FEF9F21F598E500946156 /* Bone.cpp */,
				C50FEFA021F598E500946156 /* SkinnedObject.cpp */,
			);
			path = objects;
			sourceTree = "<group>";
		};
		C50FEFA121F598E500946156 /* utils */ = {
			isa = PBXGroup;
			children = (
				C50FEFA221F598E500946156 /* logging.cpp */,
			);
			path = utils;
			sourceTree = "<group>";
		};
		C50FEFA321F598E500946156 /* cameras */ = {
			isa = PBXGroup;
			children = (
				C50FEFA421F598E500946156 /* Camera.cpp */,
				C50FEFA521F598E500946156 /* PerspectiveCamera.cpp */,
			);
			path = cameras;
			sourceTree = "<group>";
		};
		C50FEFA621F598E500946156 /* math */ = {
			isa = PBXGroup;
			children = (
				C50FEFA721F598E500946156 /* Ray.cpp */,
			);
			path = math;
			sourceTree = "<group>";
		};
		C50FEFA821F598E500946156 /* glsl */ = {
			isa = PBXGroup;
			children = (
				C50FEFA921F598E500946156 /* shaders */,
				C50FEFB021F598E500946156 /* GLSLPreprocessor.cpp */,
			);
			path = glsl;
			sourceTree = "<group>";
		};
		C50FEFA921F598E500946156 /* shaders */ = {
			isa = PBXGroup;
			children = (
				C50FEFAA21F598E500946156 /* common.glsl */,
				C50FEFAB21F598E500946156 /* lights_preamble.glsl */,
				C50FEFAC21F598E500946156 /* worldposition_vert.glsl */,
				C50FEFAD21F598E500946156 /* worldnormal_vert.glsl */,
				C50FEFAE21F598E500946156 /* glposition_vert.glsl */,
				C50FEFAF21F598E500946156 /* begin_vert.glsl */,
			);
			path = shaders;
			sourceTree = "<group>";
		};
		C50FEFB121F598E500946156 /* geometries */ = {
			isa = PBXGroup;
			children = (
				C50FEFB221F598E500946156 /* BoxGeometry.cpp */,
				C50FEFB321F598E500946156 /* MeshGeometry.cpp */,
				C50FEFB421F598E500946156 /* VoxelGeometry.cpp */,
			);
			path = geometries;
			sourceTree = "<group>";
		};
		C50FEFB521F598E500946156 /* loaders */ = {
			isa = PBXGroup;
			children = (
				C50FEFB621F598E500946156 /* OBJLoader.cpp */,
				C50FEFB721F598E500946156 /* FBXLoader.cpp */,
			);
			path = loaders;
			sourceTree = "<group>";
		};
		C50FEFB821F598E500946156 /* lights */ = {
			isa = PBXGroup;
			children = (
				C50FEFB921F598E500946156 /* PointLight.cpp */,
				C50FEFBA21F598E500946156 /* Light.cpp */,
			);
			path = lights;
			sourceTree = "<group>";
		};
		C53776C820A137F400DFD1D9 /* Products */ = {
			isa = PBXGroup;
			children = (
				C53776CF20A137F400DFD1D9 /* SDL2.framework */,
				C53776D120A137F400DFD1D9 /* libSDL2.a */,
				C53776D320A137F400DFD1D9 /* libSDL2.dylib */,
				C53776D520A137F400DFD1D9 /* Standard DMG */,
			);
			name = Products;
			sourceTree = "<group>";
		};
		C539785D2065D862001AAFFE = {
			isa = PBXGroup;
			children = (
				C53776C720A137F400DFD1D9 /* SDL.xcodeproj */,
				C53979982065D95D001AAFFE /* RenderBox */,
				C53978672065D862001AAFFE /* Products */,
				C5397A202065DA8A001AAFFE /* Frameworks */,
			);
			sourceTree = "<group>";
		};
		C53978672065D862001AAFFE /* Products */ = {
			isa = PBXGroup;
			children = (
				C53978662065D862001AAFFE /* libRenderBox.a */,
				C53F26AE2175197300EF9635 /* RenderBoxMetalLibrary.metallib */,
			);
			name = Products;
			sourceTree = "<group>";
		};
		C53979982065D95D001AAFFE /* RenderBox */ = {
			isa = PBXGroup;
			children = (
				C50FEF2121F598DD00946156 /* include */,
				C50FEF6121F598E500946156 /* src */,
			);
			name = RenderBox;
			sourceTree = "<group>";
		};
		C5397A202065DA8A001AAFFE /* Frameworks */ = {
			isa = PBXGroup;
			children = (
				C571004C21E5D88800B2D538 /* libz.1.2.11.tbd */,
				C5AA39A420679C9D004E3FDD /* CoreMotion.framework */,
			);
			name = Frameworks;
			sourceTree = "<group>";
		};
/* End PBXGroup section */

/* Begin PBXNativeTarget section */
		C53978652065D862001AAFFE /* RenderBox */ = {
			isa = PBXNativeTarget;
			buildConfigurationList = C539786F2065D862001AAFFE /* Build configuration list for PBXNativeTarget "RenderBox" */;
			buildPhases = (
				C53978622065D862001AAFFE /* Sources */,
				C53978632065D862001AAFFE /* Frameworks */,
				C53978642065D862001AAFFE /* Copy Files */,
			);
			buildRules = (
			);
			dependencies = (
			);
			name = RenderBox;
			productName = RenderBox;
			productReference = C53978662065D862001AAFFE /* libRenderBox.a */;
			productType = "com.apple.product-type.library.static";
		};
		C53F26AD2175197300EF9635 /* RenderBoxMetalLibrary */ = {
			isa = PBXNativeTarget;
			buildConfigurationList = C53F26B22175197300EF9635 /* Build configuration list for PBXNativeTarget "RenderBoxMetalLibrary" */;
			buildPhases = (
				C53F26AC2175197300EF9635 /* Sources */,
			);
			buildRules = (
			);
			dependencies = (
			);
			name = RenderBoxMetalLibrary;
			productName = RenderBoxMetalLibrary;
			productReference = C53F26AE2175197300EF9635 /* RenderBoxMetalLibrary.metallib */;
			productType = "com.apple.product-type.metal-library";
		};
/* End PBXNativeTarget section */

/* Begin PBXProject section */
		C539785E2065D862001AAFFE /* Project object */ = {
			isa = PBXProject;
			attributes = {
				LastUpgradeCheck = 0920;
				ORGANIZATIONNAME = "Zhuo Lu";
				TargetAttributes = {
					C53978652065D862001AAFFE = {
						CreatedOnToolsVersion = 9.2;
						ProvisioningStyle = Automatic;
					};
					C53F26AD2175197300EF9635 = {
						CreatedOnToolsVersion = 10.0;
						ProvisioningStyle = Automatic;
					};
				};
			};
			buildConfigurationList = C53978612065D862001AAFFE /* Build configuration list for PBXProject "RenderBox" */;
			compatibilityVersion = "Xcode 8.0";
			developmentRegion = en;
			hasScannedForEncodings = 0;
			knownRegions = (
				en,
			);
			mainGroup = C539785D2065D862001AAFFE;
			productRefGroup = C53978672065D862001AAFFE /* Products */;
			projectDirPath = "";
			projectReferences = (
				{
					ProductGroup = C53776C820A137F400DFD1D9 /* Products */;
					ProjectRef = C53776C720A137F400DFD1D9 /* SDL.xcodeproj */;
				},
			);
			projectRoot = "";
			targets = (
				C53978652065D862001AAFFE /* RenderBox */,
				C53F26AD2175197300EF9635 /* RenderBoxMetalLibrary */,
			);
		};
/* End PBXProject section */

/* Begin PBXReferenceProxy section */
		C53776CF20A137F400DFD1D9 /* SDL2.framework */ = {
			isa = PBXReferenceProxy;
			fileType = wrapper.framework;
			path = SDL2.framework;
			remoteRef = C53776CE20A137F400DFD1D9 /* PBXContainerItemProxy */;
			sourceTree = BUILT_PRODUCTS_DIR;
		};
		C53776D120A137F400DFD1D9 /* libSDL2.a */ = {
			isa = PBXReferenceProxy;
			fileType = archive.ar;
			path = libSDL2.a;
			remoteRef = C53776D020A137F400DFD1D9 /* PBXContainerItemProxy */;
			sourceTree = BUILT_PRODUCTS_DIR;
		};
		C53776D320A137F400DFD1D9 /* libSDL2.dylib */ = {
			isa = PBXReferenceProxy;
			fileType = "compiled.mach-o.dylib";
			path = libSDL2.dylib;
			remoteRef = C53776D220A137F400DFD1D9 /* PBXContainerItemProxy */;
			sourceTree = BUILT_PRODUCTS_DIR;
		};
		C53776D520A137F400DFD1D9 /* Standard DMG */ = {
			isa = PBXReferenceProxy;
			fileType = "compiled.mach-o.executable";
			path = "Standard DMG";
			remoteRef = C53776D420A137F400DFD1D9 /* PBXContainerItemProxy */;
			sourceTree = BUILT_PRODUCTS_DIR;
		};
/* End PBXReferenceProxy section */

/* Begin PBXSourcesBuildPhase section */
		C53978622065D862001AAFFE /* Sources */ = {
			isa = PBXSourcesBuildPhase;
			buildActionMask = 2147483647;
			files = (
				C50FEFEA21F598E500946156 /* OBJLoader.cpp in Sources */,
				C50FEFE521F598E500946156 /* Ray.cpp in Sources */,
				C50FEFCE21F598E500946156 /* OpenGLTexture.cpp in Sources */,
				C50FEFE421F598E500946156 /* PerspectiveCamera.cpp in Sources */,
				C50FEFD621F598E500946156 /* Texture.cpp in Sources */,
				C50FEFBD21F598E500946156 /* MetalRendererProperties.mm in Sources */,
				C50FEFC921F598E500946156 /* MetalDeviceRendererProperties.mm in Sources */,
				C50FEFCF21F598E500946156 /* OpenGLObjectProperties.cpp in Sources */,
				C50FEFE121F598E500946156 /* SkinnedObject.cpp in Sources */,
				C50FEFBE21F598E500946156 /* MetalRenderList.mm in Sources */,
				C50FEFE921F598E500946156 /* VoxelGeometry.cpp in Sources */,
				C50FEFD421F598E500946156 /* OpenGLVertexArray.cpp in Sources */,
				C50FEFED21F598E500946156 /* Light.cpp in Sources */,
				C50FEFD821F598E500946156 /* MeshBasicMaterial.cpp in Sources */,
				C50FEFE021F598E500946156 /* Bone.cpp in Sources */,
				C50FEFDA21F598E500946156 /* MeshLambertMaterial.cpp in Sources */,
				C50FEFD321F598E500946156 /* OpenGLFramebuffer.cpp in Sources */,
				C50FEFC821F598E500946156 /* MetalBuffer.mm in Sources */,
				C50FEFCA21F598E500946156 /* MetalObjectProperties.mm in Sources */,
				C50FEFEC21F598E500946156 /* PointLight.cpp in Sources */,
				C50FEFE721F598E500946156 /* BoxGeometry.cpp in Sources */,
				C50FEFCD21F598E500946156 /* OpenGLRenderer.cpp in Sources */,
				C50FEFE621F598E500946156 /* GLSLPreprocessor.cpp in Sources */,
				C50FEFE821F598E500946156 /* MeshGeometry.cpp in Sources */,
				C50FEFD121F598E500946156 /* OpenGLRendererProperties.cpp in Sources */,
				C50FEFDD21F598E500946156 /* AnimationAction.cpp in Sources */,
				C50FEFD721F598E500946156 /* Scene.cpp in Sources */,
				C50FEFBF21F598E500946156 /* MetalRenderPipelineState.mm in Sources */,
				C50FEFBB21F598E500946156 /* MetalRenderer.mm in Sources */,
				C50FEFC021F598E500946156 /* SDLMetalRenderTarget.mm in Sources */,
				C50FEFE221F598E500946156 /* logging.cpp in Sources */,
				C50FEFE321F598E500946156 /* Camera.cpp in Sources */,
				C50FEFDC21F598E500946156 /* Object.cpp in Sources */,
				C50FEFCB21F598E500946156 /* OpenGLRenderList.cpp in Sources */,
				C50FEFBC21F598E500946156 /* MetalTexture.mm in Sources */,
				C50FEFEB21F598E500946156 /* FBXLoader.cpp in Sources */,
				C50FEFDE21F598E500946156 /* PropertyMixer.cpp in Sources */,
				C50FEFCC21F598E500946156 /* OpenGLBuffer.cpp in Sources */,
				C50FEFD221F598E500946156 /* GLFWOpenGLRenderTarget.mm in Sources */,
				C50FEFDF21F598E500946156 /* AnimationMixer.cpp in Sources */,
				C50FEFDB21F598E500946156 /* GLSLMaterial.cpp in Sources */,
				C50FEFD921F598E500946156 /* Material.cpp in Sources */,
				C50FEFD521F598E500946156 /* OpenGLProgram.cpp in Sources */,
				C50FEFD021F598E500946156 /* SDLOpenGLRenderTarget.mm in Sources */,
			);
			runOnlyForDeploymentPostprocessing = 0;
		};
		C53F26AC2175197300EF9635 /* Sources */ = {
			isa = PBXSourcesBuildPhase;
			buildActionMask = 2147483647;
			files = (
				C50FEFEF21F5991400946156 /* MetalLibrary.metal in Sources */,
			);
			runOnlyForDeploymentPostprocessing = 0;
		};
/* End PBXSourcesBuildPhase section */

/* Begin XCBuildConfiguration section */
		C539786D2065D862001AAFFE /* Debug */ = {
			isa = XCBuildConfiguration;
			buildSettings = {
				ALWAYS_SEARCH_USER_PATHS = NO;
				CLANG_ANALYZER_NONNULL = YES;
				CLANG_ANALYZER_NUMBER_OBJECT_CONVERSION = YES_AGGRESSIVE;
				CLANG_CXX_LANGUAGE_STANDARD = "gnu++14";
				CLANG_CXX_LIBRARY = "libc++";
				CLANG_ENABLE_MODULES = YES;
				CLANG_ENABLE_OBJC_ARC = YES;
				CLANG_WARN_BLOCK_CAPTURE_AUTORELEASING = YES;
				CLANG_WARN_BOOL_CONVERSION = YES;
				CLANG_WARN_COMMA = YES;
				CLANG_WARN_CONSTANT_CONVERSION = YES;
				CLANG_WARN_DIRECT_OBJC_ISA_USAGE = YES_ERROR;
				CLANG_WARN_DOCUMENTATION_COMMENTS = YES;
				CLANG_WARN_EMPTY_BODY = YES;
				CLANG_WARN_ENUM_CONVERSION = YES;
				CLANG_WARN_INFINITE_RECURSION = YES;
				CLANG_WARN_INT_CONVERSION = YES;
				CLANG_WARN_NON_LITERAL_NULL_CONVERSION = YES;
				CLANG_WARN_OBJC_LITERAL_CONVERSION = YES;
				CLANG_WARN_OBJC_ROOT_CLASS = YES_ERROR;
				CLANG_WARN_RANGE_LOOP_ANALYSIS = YES;
				CLANG_WARN_STRICT_PROTOTYPES = YES;
				CLANG_WARN_SUSPICIOUS_MOVE = YES;
				CLANG_WARN_UNGUARDED_AVAILABILITY = YES_AGGRESSIVE;
				CLANG_WARN_UNREACHABLE_CODE = YES;
				CLANG_WARN__DUPLICATE_METHOD_MATCH = YES;
				CODE_SIGN_IDENTITY = "Mac Developer";
				COPY_PHASE_STRIP = NO;
				DEBUG_INFORMATION_FORMAT = dwarf;
				ENABLE_STRICT_OBJC_MSGSEND = YES;
				ENABLE_TESTABILITY = YES;
				GCC_C_LANGUAGE_STANDARD = gnu11;
				GCC_DYNAMIC_NO_PIC = NO;
				GCC_NO_COMMON_BLOCKS = YES;
				GCC_OPTIMIZATION_LEVEL = 0;
				GCC_PREPROCESSOR_DEFINITIONS = (
					"DEBUG=1",
					"$(inherited)",
				);
				GCC_WARN_64_TO_32_BIT_CONVERSION = YES;
				GCC_WARN_ABOUT_RETURN_TYPE = YES_ERROR;
				GCC_WARN_UNDECLARED_SELECTOR = YES;
				GCC_WARN_UNINITIALIZED_AUTOS = YES_AGGRESSIVE;
				GCC_WARN_UNUSED_FUNCTION = YES;
				GCC_WARN_UNUSED_VARIABLE = YES;
				IPHONEOS_DEPLOYMENT_TARGET = 11.2;
				MTL_ENABLE_DEBUG_INFO = YES;
				ONLY_ACTIVE_ARCH = YES;
				SDKROOT = macosx;
			};
			name = Debug;
		};
		C539786E2065D862001AAFFE /* Release */ = {
			isa = XCBuildConfiguration;
			buildSettings = {
				ALWAYS_SEARCH_USER_PATHS = NO;
				CLANG_ANALYZER_NONNULL = YES;
				CLANG_ANALYZER_NUMBER_OBJECT_CONVERSION = YES_AGGRESSIVE;
				CLANG_CXX_LANGUAGE_STANDARD = "gnu++14";
				CLANG_CXX_LIBRARY = "libc++";
				CLANG_ENABLE_MODULES = YES;
				CLANG_ENABLE_OBJC_ARC = YES;
				CLANG_WARN_BLOCK_CAPTURE_AUTORELEASING = YES;
				CLANG_WARN_BOOL_CONVERSION = YES;
				CLANG_WARN_COMMA = YES;
				CLANG_WARN_CONSTANT_CONVERSION = YES;
				CLANG_WARN_DIRECT_OBJC_ISA_USAGE = YES_ERROR;
				CLANG_WARN_DOCUMENTATION_COMMENTS = YES;
				CLANG_WARN_EMPTY_BODY = YES;
				CLANG_WARN_ENUM_CONVERSION = YES;
				CLANG_WARN_INFINITE_RECURSION = YES;
				CLANG_WARN_INT_CONVERSION = YES;
				CLANG_WARN_NON_LITERAL_NULL_CONVERSION = YES;
				CLANG_WARN_OBJC_LITERAL_CONVERSION = YES;
				CLANG_WARN_OBJC_ROOT_CLASS = YES_ERROR;
				CLANG_WARN_RANGE_LOOP_ANALYSIS = YES;
				CLANG_WARN_STRICT_PROTOTYPES = YES;
				CLANG_WARN_SUSPICIOUS_MOVE = YES;
				CLANG_WARN_UNGUARDED_AVAILABILITY = YES_AGGRESSIVE;
				CLANG_WARN_UNREACHABLE_CODE = YES;
				CLANG_WARN__DUPLICATE_METHOD_MATCH = YES;
				CODE_SIGN_IDENTITY = "Mac Developer";
				COPY_PHASE_STRIP = NO;
				DEBUG_INFORMATION_FORMAT = "dwarf-with-dsym";
				ENABLE_NS_ASSERTIONS = NO;
				ENABLE_STRICT_OBJC_MSGSEND = YES;
				GCC_C_LANGUAGE_STANDARD = gnu11;
				GCC_NO_COMMON_BLOCKS = YES;
				GCC_WARN_64_TO_32_BIT_CONVERSION = YES;
				GCC_WARN_ABOUT_RETURN_TYPE = YES_ERROR;
				GCC_WARN_UNDECLARED_SELECTOR = YES;
				GCC_WARN_UNINITIALIZED_AUTOS = YES_AGGRESSIVE;
				GCC_WARN_UNUSED_FUNCTION = YES;
				GCC_WARN_UNUSED_VARIABLE = YES;
				IPHONEOS_DEPLOYMENT_TARGET = 11.2;
				MTL_ENABLE_DEBUG_INFO = NO;
				SDKROOT = macosx;
				VALIDATE_PRODUCT = YES;
			};
			name = Release;
		};
		C53978702065D862001AAFFE /* Debug */ = {
			isa = XCBuildConfiguration;
			buildSettings = {
				CODE_SIGN_STYLE = Automatic;
				DEVELOPMENT_TEAM = 4JAEG2S45X;
				HEADER_SEARCH_PATHS = (
					"$(SRCROOT)/../../../vendor/glm/",
					"$(SRCROOT)/../../../vendor/sdl/include/",
					"$(SRCROOT)/../../../vendor/glfw/include/",
				);
				OTHER_LDFLAGS = "-ObjC";
				PRODUCT_NAME = "$(TARGET_NAME)";
				SKIP_INSTALL = YES;
				TARGETED_DEVICE_FAMILY = "1,2";
				VALID_ARCHS = "i386 x86_64";
			};
			name = Debug;
		};
		C53978712065D862001AAFFE /* Release */ = {
			isa = XCBuildConfiguration;
			buildSettings = {
				CODE_SIGN_STYLE = Automatic;
				DEVELOPMENT_TEAM = 4JAEG2S45X;
				HEADER_SEARCH_PATHS = (
					"$(SRCROOT)/../../../vendor/glm/",
					"$(SRCROOT)/../../../vendor/sdl/include/",
					"$(SRCROOT)/../../../vendor/glfw/include/",
				);
				OTHER_LDFLAGS = "-ObjC";
				PRODUCT_NAME = "$(TARGET_NAME)";
				SKIP_INSTALL = YES;
				TARGETED_DEVICE_FAMILY = "1,2";
				VALID_ARCHS = "i386 x86_64";
			};
			name = Release;
		};
		C53F26B32175197300EF9635 /* Debug */ = {
			isa = XCBuildConfiguration;
			buildSettings = {
				CODE_SIGN_IDENTITY = "-";
				CODE_SIGN_STYLE = Automatic;
				DEVELOPMENT_TEAM = 4JAEG2S45X;
				MACOSX_DEPLOYMENT_TARGET = 10.14;
				MTL_ENABLE_DEBUG_INFO = INCLUDE_SOURCE;
				MTL_FAST_MATH = YES;
				PRODUCT_NAME = "$(TARGET_NAME)";
			};
			name = Debug;
		};
		C53F26B42175197300EF9635 /* Release */ = {
			isa = XCBuildConfiguration;
			buildSettings = {
				CODE_SIGN_IDENTITY = "-";
				CODE_SIGN_STYLE = Automatic;
				DEVELOPMENT_TEAM = 4JAEG2S45X;
				MACOSX_DEPLOYMENT_TARGET = 10.14;
				MTL_FAST_MATH = YES;
				PRODUCT_NAME = "$(TARGET_NAME)";
			};
			name = Release;
		};
/* End XCBuildConfiguration section */

/* Begin XCConfigurationList section */
		C53978612065D862001AAFFE /* Build configuration list for PBXProject "RenderBox" */ = {
			isa = XCConfigurationList;
			buildConfigurations = (
				C539786D2065D862001AAFFE /* Debug */,
				C539786E2065D862001AAFFE /* Release */,
			);
			defaultConfigurationIsVisible = 0;
			defaultConfigurationName = Release;
		};
		C539786F2065D862001AAFFE /* Build configuration list for PBXNativeTarget "RenderBox" */ = {
			isa = XCConfigurationList;
			buildConfigurations = (
				C53978702065D862001AAFFE /* Debug */,
				C53978712065D862001AAFFE /* Release */,
			);
			defaultConfigurationIsVisible = 0;
			defaultConfigurationName = Release;
		};
		C53F26B22175197300EF9635 /* Build configuration list for PBXNativeTarget "RenderBoxMetalLibrary" */ = {
			isa = XCConfigurationList;
			buildConfigurations = (
				C53F26B32175197300EF9635 /* Debug */,
				C53F26B42175197300EF9635 /* Release */,
			);
			defaultConfigurationIsVisible = 0;
			defaultConfigurationName = Release;
		};
/* End XCConfigurationList section */
	};
	rootObject = C539785E2065D862001AAFFE /* Project object */;
}
