// !$*UTF8*$!
{
	archiveVersion = 1;
	classes = {
	};
	objectVersion = 48;
	objects = {

/* Begin PBXBuildFile section */
		C53776DD20A13E5F00DFD1D9 /* libSDL2.a in Frameworks */ = {isa = PBXBuildFile; fileRef = C53776D120A137F400DFD1D9 /* libSDL2.a */; };
		C53F2671217459AF00EF9635 /* MetalObjectProperties.mm in Sources */ = {isa = PBXBuildFile; fileRef = C53F266F217459AF00EF9635 /* MetalObjectProperties.mm */; };
		C53F267321745AD500EF9635 /* MetalBuffer.mm in Sources */ = {isa = PBXBuildFile; fileRef = C53F267221745AD500EF9635 /* MetalBuffer.mm */; };
		C53F267621745DC300EF9635 /* MetalRenderList.mm in Sources */ = {isa = PBXBuildFile; fileRef = C53F267521745DC300EF9635 /* MetalRenderList.mm */; };
		C53F26792174649900EF9635 /* MetalDeviceRendererProperties.mm in Sources */ = {isa = PBXBuildFile; fileRef = C53F26782174649900EF9635 /* MetalDeviceRendererProperties.mm */; };
		C53F267C21746AE400EF9635 /* MetalRendererProperties.mm in Sources */ = {isa = PBXBuildFile; fileRef = C53F267B21746AE400EF9635 /* MetalRendererProperties.mm */; };
		C53F26B52175197A00EF9635 /* MetalLibrary.metal in Sources */ = {isa = PBXBuildFile; fileRef = C53F266D21743B2200EF9635 /* MetalLibrary.metal */; };
		C57BF1F12172F07600A6F06A /* MetalRenderer.mm in Sources */ = {isa = PBXBuildFile; fileRef = C57BF1EC2172EF6500A6F06A /* MetalRenderer.mm */; };
		C57BF1F62172F07F00A6F06A /* SDLMetalRenderTarget.mm in Sources */ = {isa = PBXBuildFile; fileRef = C57BF1EE2172EF6500A6F06A /* SDLMetalRenderTarget.mm */; };
		C5A0712020EDF38000379727 /* Texture.cpp in Sources */ = {isa = PBXBuildFile; fileRef = C5A070E420EDF37E00379727 /* Texture.cpp */; };
		C5A0712120EDF38000379727 /* OpenGLRenderList.cpp in Sources */ = {isa = PBXBuildFile; fileRef = C5A070E920EDF37E00379727 /* OpenGLRenderList.cpp */; };
		C5A0712220EDF38000379727 /* OpenGLBuffer.cpp in Sources */ = {isa = PBXBuildFile; fileRef = C5A070EA20EDF37E00379727 /* OpenGLBuffer.cpp */; };
		C5A0712320EDF38000379727 /* OpenGLRenderer.cpp in Sources */ = {isa = PBXBuildFile; fileRef = C5A070EB20EDF37E00379727 /* OpenGLRenderer.cpp */; };
		C5A0712420EDF38000379727 /* OpenGLTexture.cpp in Sources */ = {isa = PBXBuildFile; fileRef = C5A070EC20EDF37E00379727 /* OpenGLTexture.cpp */; };
		C5A0712520EDF38000379727 /* OpenGLObjectProperties.cpp in Sources */ = {isa = PBXBuildFile; fileRef = C5A070ED20EDF37E00379727 /* OpenGLObjectProperties.cpp */; };
		C5A0712620EDF38000379727 /* SDLOpenGLRenderTarget.mm in Sources */ = {isa = PBXBuildFile; fileRef = C5A070EF20EDF37E00379727 /* SDLOpenGLRenderTarget.mm */; };
		C5A0712720EDF38000379727 /* OpenGLRendererProperties.cpp in Sources */ = {isa = PBXBuildFile; fileRef = C5A070FA20EDF37E00379727 /* OpenGLRendererProperties.cpp */; };
		C5A0712920EDF38000379727 /* OpenGLFramebuffer.cpp in Sources */ = {isa = PBXBuildFile; fileRef = C5A070FD20EDF37E00379727 /* OpenGLFramebuffer.cpp */; };
		C5A0712A20EDF38000379727 /* OpenGLVertexArray.cpp in Sources */ = {isa = PBXBuildFile; fileRef = C5A070FE20EDF37E00379727 /* OpenGLVertexArray.cpp */; };
		C5A0712B20EDF38000379727 /* OpenGLProgram.cpp in Sources */ = {isa = PBXBuildFile; fileRef = C5A070FF20EDF37E00379727 /* OpenGLProgram.cpp */; };
		C5A0712C20EDF38000379727 /* BoxGeometry.cpp in Sources */ = {isa = PBXBuildFile; fileRef = C5A0710120EDF37F00379727 /* BoxGeometry.cpp */; };
		C5A0712D20EDF38000379727 /* Geometry.cpp in Sources */ = {isa = PBXBuildFile; fileRef = C5A0710220EDF37F00379727 /* Geometry.cpp */; };
		C5A0712E20EDF38000379727 /* VoxelGeometry.cpp in Sources */ = {isa = PBXBuildFile; fileRef = C5A0710320EDF37F00379727 /* VoxelGeometry.cpp */; };
		C5A0712F20EDF38000379727 /* PointLight.cpp in Sources */ = {isa = PBXBuildFile; fileRef = C5A0710520EDF37F00379727 /* PointLight.cpp */; };
		C5A0713020EDF38000379727 /* Light.cpp in Sources */ = {isa = PBXBuildFile; fileRef = C5A0710620EDF37F00379727 /* Light.cpp */; };
		C5A0713120EDF38000379727 /* OBJLoader.cpp in Sources */ = {isa = PBXBuildFile; fileRef = C5A0710820EDF37F00379727 /* OBJLoader.cpp */; };
		C5A0713220EDF38000379727 /* Material.cpp in Sources */ = {isa = PBXBuildFile; fileRef = C5A0710A20EDF37F00379727 /* Material.cpp */; };
		C5A0713320EDF38000379727 /* GLSLMaterial.cpp in Sources */ = {isa = PBXBuildFile; fileRef = C5A0710B20EDF37F00379727 /* GLSLMaterial.cpp */; };
		C5A0713420EDF38000379727 /* Scene.cpp in Sources */ = {isa = PBXBuildFile; fileRef = C5A0710D20EDF37F00379727 /* Scene.cpp */; };
		C5A0713520EDF38000379727 /* Camera.cpp in Sources */ = {isa = PBXBuildFile; fileRef = C5A0710F20EDF37F00379727 /* Camera.cpp */; };
		C5A0713620EDF38000379727 /* PerspectiveCamera.cpp in Sources */ = {isa = PBXBuildFile; fileRef = C5A0711020EDF37F00379727 /* PerspectiveCamera.cpp */; };
		C5A0713720EDF38000379727 /* Ray.cpp in Sources */ = {isa = PBXBuildFile; fileRef = C5A0711220EDF37F00379727 /* Ray.cpp */; };
		C5A0713820EDF38000379727 /* Object.cpp in Sources */ = {isa = PBXBuildFile; fileRef = C5A0711420EDF37F00379727 /* Object.cpp */; };
		C5A0713920EDF38000379727 /* Mesh.cpp in Sources */ = {isa = PBXBuildFile; fileRef = C5A0711620EDF38000379727 /* Mesh.cpp */; };
		C5A0713A20EDF38000379727 /* GLSLPreprocessor.cpp in Sources */ = {isa = PBXBuildFile; fileRef = C5A0711F20EDF38000379727 /* GLSLPreprocessor.cpp */; };
		C5B4AB7721A005AF00A78CED /* MetalTexture.mm in Sources */ = {isa = PBXBuildFile; fileRef = C5B4AB7621A005AF00A78CED /* MetalTexture.mm */; };
		C5B9FE3A219FC9470013E3B5 /* MetalRenderPipelineState.mm in Sources */ = {isa = PBXBuildFile; fileRef = C56F51F9219F8A6200572A18 /* MetalRenderPipelineState.mm */; };
/* End PBXBuildFile section */

/* Begin PBXContainerItemProxy section */
		C53776CE20A137F400DFD1D9 /* PBXContainerItemProxy */ = {
			isa = PBXContainerItemProxy;
			containerPortal = C53776C720A137F400DFD1D9 /* SDL.xcodeproj */;
			proxyType = 2;
			remoteGlobalIDString = BECDF66C0761BA81005FE872;
			remoteInfo = Framework;
		};
		C53776D020A137F400DFD1D9 /* PBXContainerItemProxy */ = {
			isa = PBXContainerItemProxy;
			containerPortal = C53776C720A137F400DFD1D9 /* SDL.xcodeproj */;
			proxyType = 2;
			remoteGlobalIDString = BECDF6B30761BA81005FE872;
			remoteInfo = "Static Library";
		};
		C53776D220A137F400DFD1D9 /* PBXContainerItemProxy */ = {
			isa = PBXContainerItemProxy;
			containerPortal = C53776C720A137F400DFD1D9 /* SDL.xcodeproj */;
			proxyType = 2;
			remoteGlobalIDString = DB31407717554B71006C0E22;
			remoteInfo = "Shared Library";
		};
		C53776D420A137F400DFD1D9 /* PBXContainerItemProxy */ = {
			isa = PBXContainerItemProxy;
			containerPortal = C53776C720A137F400DFD1D9 /* SDL.xcodeproj */;
			proxyType = 2;
			remoteGlobalIDString = BECDF6BE0761BA81005FE872;
			remoteInfo = "Standard DMG";
		};
/* End PBXContainerItemProxy section */

/* Begin PBXCopyFilesBuildPhase section */
		C53978642065D862001AAFFE /* Copy Files */ = {
			isa = PBXCopyFilesBuildPhase;
			buildActionMask = 2147483647;
			dstPath = "include/$(PRODUCT_NAME)";
			dstSubfolderSpec = 16;
			files = (
			);
			name = "Copy Files";
			runOnlyForDeploymentPostprocessing = 0;
		};
/* End PBXCopyFilesBuildPhase section */

/* Begin PBXFileReference section */
		C53776C720A137F400DFD1D9 /* SDL.xcodeproj */ = {isa = PBXFileReference; lastKnownFileType = "wrapper.pb-project"; name = SDL.xcodeproj; path = ../../../vendor/sdl/Xcode/SDL/SDL.xcodeproj; sourceTree = "<group>"; };
		C53776E320A142CF00DFD1D9 /* SDL_opengles2_gl2ext.h */ = {isa = PBXFileReference; lastKnownFileType = sourcecode.c.h; path = SDL_opengles2_gl2ext.h; sourceTree = "<group>"; };
		C53776E420A142CF00DFD1D9 /* SDL_test_random.h */ = {isa = PBXFileReference; lastKnownFileType = sourcecode.c.h; path = SDL_test_random.h; sourceTree = "<group>"; };
		C53776E520A142CF00DFD1D9 /* SDL_power.h */ = {isa = PBXFileReference; lastKnownFileType = sourcecode.c.h; path = SDL_power.h; sourceTree = "<group>"; };
		C53776E620A142CF00DFD1D9 /* SDL_revision.h */ = {isa = PBXFileReference; lastKnownFileType = sourcecode.c.h; path = SDL_revision.h; sourceTree = "<group>"; };
		C53776E720A142CF00DFD1D9 /* SDL_events.h */ = {isa = PBXFileReference; lastKnownFileType = sourcecode.c.h; path = SDL_events.h; sourceTree = "<group>"; };
		C53776E820A142CF00DFD1D9 /* SDL_clipboard.h */ = {isa = PBXFileReference; lastKnownFileType = sourcecode.c.h; path = SDL_clipboard.h; sourceTree = "<group>"; };
		C53776E920A142CF00DFD1D9 /* SDL_haptic.h */ = {isa = PBXFileReference; lastKnownFileType = sourcecode.c.h; path = SDL_haptic.h; sourceTree = "<group>"; };
		C53776EA20A142CF00DFD1D9 /* SDL_test.h */ = {isa = PBXFileReference; lastKnownFileType = sourcecode.c.h; path = SDL_test.h; sourceTree = "<group>"; };
		C53776EB20A142CF00DFD1D9 /* SDL_test_assert.h */ = {isa = PBXFileReference; lastKnownFileType = sourcecode.c.h; path = SDL_test_assert.h; sourceTree = "<group>"; };
		C53776EC20A142CF00DFD1D9 /* SDL_endian.h */ = {isa = PBXFileReference; lastKnownFileType = sourcecode.c.h; path = SDL_endian.h; sourceTree = "<group>"; };
		C53776ED20A142CF00DFD1D9 /* SDL_error.h */ = {isa = PBXFileReference; lastKnownFileType = sourcecode.c.h; path = SDL_error.h; sourceTree = "<group>"; };
		C53776EE20A142CF00DFD1D9 /* begin_code.h */ = {isa = PBXFileReference; lastKnownFileType = sourcecode.c.h; path = begin_code.h; sourceTree = "<group>"; };
		C53776EF20A142CF00DFD1D9 /* SDL_types.h */ = {isa = PBXFileReference; lastKnownFileType = sourcecode.c.h; path = SDL_types.h; sourceTree = "<group>"; };
		C53776F020A142CF00DFD1D9 /* SDL_keycode.h */ = {isa = PBXFileReference; lastKnownFileType = sourcecode.c.h; path = SDL_keycode.h; sourceTree = "<group>"; };
		C53776F120A142CF00DFD1D9 /* SDL_keyboard.h */ = {isa = PBXFileReference; lastKnownFileType = sourcecode.c.h; path = SDL_keyboard.h; sourceTree = "<group>"; };
		C53776F220A142CF00DFD1D9 /* SDL_config_psp.h */ = {isa = PBXFileReference; lastKnownFileType = sourcecode.c.h; path = SDL_config_psp.h; sourceTree = "<group>"; };
		C53776F320A142CF00DFD1D9 /* SDL_opengl_glext.h */ = {isa = PBXFileReference; lastKnownFileType = sourcecode.c.h; path = SDL_opengl_glext.h; sourceTree = "<group>"; };
		C53776F420A142CF00DFD1D9 /* SDL_config_pandora.h */ = {isa = PBXFileReference; lastKnownFileType = sourcecode.c.h; path = SDL_config_pandora.h; sourceTree = "<group>"; };
		C53776F520A142CF00DFD1D9 /* SDL_test_crc32.h */ = {isa = PBXFileReference; lastKnownFileType = sourcecode.c.h; path = SDL_test_crc32.h; sourceTree = "<group>"; };
		C53776F620A142CF00DFD1D9 /* SDL_test_font.h */ = {isa = PBXFileReference; lastKnownFileType = sourcecode.c.h; path = SDL_test_font.h; sourceTree = "<group>"; };
		C53776F720A142CF00DFD1D9 /* SDL_test_log.h */ = {isa = PBXFileReference; lastKnownFileType = sourcecode.c.h; path = SDL_test_log.h; sourceTree = "<group>"; };
		C53776F820A142CF00DFD1D9 /* SDL_egl.h */ = {isa = PBXFileReference; lastKnownFileType = sourcecode.c.h; path = SDL_egl.h; sourceTree = "<group>"; };
		C53776F920A142CF00DFD1D9 /* SDL_vulkan.h */ = {isa = PBXFileReference; lastKnownFileType = sourcecode.c.h; path = SDL_vulkan.h; sourceTree = "<group>"; };
		C53776FA20A142CF00DFD1D9 /* SDL_test_memory.h */ = {isa = PBXFileReference; lastKnownFileType = sourcecode.c.h; path = SDL_test_memory.h; sourceTree = "<group>"; };
		C53776FB20A142CF00DFD1D9 /* SDL_main.h */ = {isa = PBXFileReference; lastKnownFileType = sourcecode.c.h; path = SDL_main.h; sourceTree = "<group>"; };
		C53776FC20A142CF00DFD1D9 /* SDL_stdinc.h */ = {isa = PBXFileReference; lastKnownFileType = sourcecode.c.h; path = SDL_stdinc.h; sourceTree = "<group>"; };
		C53776FD20A142CF00DFD1D9 /* SDL_scancode.h */ = {isa = PBXFileReference; lastKnownFileType = sourcecode.c.h; path = SDL_scancode.h; sourceTree = "<group>"; };
		C53776FE20A142CF00DFD1D9 /* SDL_quit.h */ = {isa = PBXFileReference; lastKnownFileType = sourcecode.c.h; path = SDL_quit.h; sourceTree = "<group>"; };
		C53776FF20A142CF00DFD1D9 /* SDL_config_android.h */ = {isa = PBXFileReference; lastKnownFileType = sourcecode.c.h; path = SDL_config_android.h; sourceTree = "<group>"; };
		C537770020A142CF00DFD1D9 /* SDL_touch.h */ = {isa = PBXFileReference; lastKnownFileType = sourcecode.c.h; path = SDL_touch.h; sourceTree = "<group>"; };
		C537770120A142CF00DFD1D9 /* SDL_opengles2.h */ = {isa = PBXFileReference; lastKnownFileType = sourcecode.c.h; path = SDL_opengles2.h; sourceTree = "<group>"; };
		C537770220A142CF00DFD1D9 /* SDL_config_winrt.h */ = {isa = PBXFileReference; lastKnownFileType = sourcecode.c.h; path = SDL_config_winrt.h; sourceTree = "<group>"; };
		C537770320A142CF00DFD1D9 /* SDL_test_images.h */ = {isa = PBXFileReference; lastKnownFileType = sourcecode.c.h; path = SDL_test_images.h; sourceTree = "<group>"; };
		C537770420A142CF00DFD1D9 /* SDL_name.h */ = {isa = PBXFileReference; lastKnownFileType = sourcecode.c.h; path = SDL_name.h; sourceTree = "<group>"; };
		C537770520A142CF00DFD1D9 /* SDL_platform.h */ = {isa = PBXFileReference; lastKnownFileType = sourcecode.c.h; path = SDL_platform.h; sourceTree = "<group>"; };
		C537770620A142CF00DFD1D9 /* SDL_shape.h */ = {isa = PBXFileReference; lastKnownFileType = sourcecode.c.h; path = SDL_shape.h; sourceTree = "<group>"; };
		C537770720A142CF00DFD1D9 /* SDL_config_minimal.h */ = {isa = PBXFileReference; lastKnownFileType = sourcecode.c.h; path = SDL_config_minimal.h; sourceTree = "<group>"; };
		C537770820A142CF00DFD1D9 /* SDL_config.h.cmake */ = {isa = PBXFileReference; lastKnownFileType = text; path = SDL_config.h.cmake; sourceTree = "<group>"; };
		C537770920A142CF00DFD1D9 /* SDL_loadso.h */ = {isa = PBXFileReference; lastKnownFileType = sourcecode.c.h; path = SDL_loadso.h; sourceTree = "<group>"; };
		C537770A20A142CF00DFD1D9 /* SDL_config_macosx.h */ = {isa = PBXFileReference; lastKnownFileType = sourcecode.c.h; path = SDL_config_macosx.h; sourceTree = "<group>"; };
		C537770B20A142CF00DFD1D9 /* SDL_test_common.h */ = {isa = PBXFileReference; lastKnownFileType = sourcecode.c.h; path = SDL_test_common.h; sourceTree = "<group>"; };
		C537770C20A142CF00DFD1D9 /* SDL_config.h */ = {isa = PBXFileReference; lastKnownFileType = sourcecode.c.h; path = SDL_config.h; sourceTree = "<group>"; };
		C537770D20A142CF00DFD1D9 /* SDL_audio.h */ = {isa = PBXFileReference; lastKnownFileType = sourcecode.c.h; path = SDL_audio.h; sourceTree = "<group>"; };
		C537770E20A142CF00DFD1D9 /* SDL_opengl.h */ = {isa = PBXFileReference; lastKnownFileType = sourcecode.c.h; path = SDL_opengl.h; sourceTree = "<group>"; };
		C537770F20A142CF00DFD1D9 /* SDL_blendmode.h */ = {isa = PBXFileReference; lastKnownFileType = sourcecode.c.h; path = SDL_blendmode.h; sourceTree = "<group>"; };
		C537771020A142CF00DFD1D9 /* SDL_gesture.h */ = {isa = PBXFileReference; lastKnownFileType = sourcecode.c.h; path = SDL_gesture.h; sourceTree = "<group>"; };
		C537771120A142CF00DFD1D9 /* SDL_test_fuzzer.h */ = {isa = PBXFileReference; lastKnownFileType = sourcecode.c.h; path = SDL_test_fuzzer.h; sourceTree = "<group>"; };
		C537771220A142CF00DFD1D9 /* SDL_config_iphoneos.h */ = {isa = PBXFileReference; lastKnownFileType = sourcecode.c.h; path = SDL_config_iphoneos.h; sourceTree = "<group>"; };
		C537771320A142CF00DFD1D9 /* SDL_opengles.h */ = {isa = PBXFileReference; lastKnownFileType = sourcecode.c.h; path = SDL_opengles.h; sourceTree = "<group>"; };
		C537771420A142CF00DFD1D9 /* SDL_system.h */ = {isa = PBXFileReference; lastKnownFileType = sourcecode.c.h; path = SDL_system.h; sourceTree = "<group>"; };
		C537771520A142CF00DFD1D9 /* SDL_hints.h */ = {isa = PBXFileReference; lastKnownFileType = sourcecode.c.h; path = SDL_hints.h; sourceTree = "<group>"; };
		C537771620A142CF00DFD1D9 /* SDL_mouse.h */ = {isa = PBXFileReference; lastKnownFileType = sourcecode.c.h; path = SDL_mouse.h; sourceTree = "<group>"; };
		C537771720A142CF00DFD1D9 /* SDL_timer.h */ = {isa = PBXFileReference; lastKnownFileType = sourcecode.c.h; path = SDL_timer.h; sourceTree = "<group>"; };
		C537771820A142CF00DFD1D9 /* SDL_surface.h */ = {isa = PBXFileReference; lastKnownFileType = sourcecode.c.h; path = SDL_surface.h; sourceTree = "<group>"; };
		C537771920A142CF00DFD1D9 /* SDL_atomic.h */ = {isa = PBXFileReference; lastKnownFileType = sourcecode.c.h; path = SDL_atomic.h; sourceTree = "<group>"; };
		C537771A20A142CF00DFD1D9 /* SDL_log.h */ = {isa = PBXFileReference; lastKnownFileType = sourcecode.c.h; path = SDL_log.h; sourceTree = "<group>"; };
		C537771B20A142CF00DFD1D9 /* SDL_rwops.h */ = {isa = PBXFileReference; lastKnownFileType = sourcecode.c.h; path = SDL_rwops.h; sourceTree = "<group>"; };
		C537771C20A142CF00DFD1D9 /* SDL_render.h */ = {isa = PBXFileReference; lastKnownFileType = sourcecode.c.h; path = SDL_render.h; sourceTree = "<group>"; };
		C537771D20A142CF00DFD1D9 /* SDL_syswm.h */ = {isa = PBXFileReference; lastKnownFileType = sourcecode.c.h; path = SDL_syswm.h; sourceTree = "<group>"; };
		C537771E20A142CF00DFD1D9 /* SDL_bits.h */ = {isa = PBXFileReference; lastKnownFileType = sourcecode.c.h; path = SDL_bits.h; sourceTree = "<group>"; };
		C537771F20A142CF00DFD1D9 /* SDL_video.h */ = {isa = PBXFileReference; lastKnownFileType = sourcecode.c.h; path = SDL_video.h; sourceTree = "<group>"; };
		C537772020A142CF00DFD1D9 /* SDL_assert.h */ = {isa = PBXFileReference; lastKnownFileType = sourcecode.c.h; path = SDL_assert.h; sourceTree = "<group>"; };
		C537772120A142CF00DFD1D9 /* SDL_version.h */ = {isa = PBXFileReference; lastKnownFileType = sourcecode.c.h; path = SDL_version.h; sourceTree = "<group>"; };
		C537772220A142CF00DFD1D9 /* SDL_gamecontroller.h */ = {isa = PBXFileReference; lastKnownFileType = sourcecode.c.h; path = SDL_gamecontroller.h; sourceTree = "<group>"; };
		C537772320A142CF00DFD1D9 /* SDL_config_windows.h */ = {isa = PBXFileReference; lastKnownFileType = sourcecode.c.h; path = SDL_config_windows.h; sourceTree = "<group>"; };
		C537772420A142CF00DFD1D9 /* SDL_copying.h */ = {isa = PBXFileReference; lastKnownFileType = sourcecode.c.h; path = SDL_copying.h; sourceTree = "<group>"; };
		C537772520A142CF00DFD1D9 /* SDL_thread.h */ = {isa = PBXFileReference; lastKnownFileType = sourcecode.c.h; path = SDL_thread.h; sourceTree = "<group>"; };
		C537772620A142CF00DFD1D9 /* SDL_test_harness.h */ = {isa = PBXFileReference; lastKnownFileType = sourcecode.c.h; path = SDL_test_harness.h; sourceTree = "<group>"; };
		C537772720A142CF00DFD1D9 /* SDL_rect.h */ = {isa = PBXFileReference; lastKnownFileType = sourcecode.c.h; path = SDL_rect.h; sourceTree = "<group>"; };
		C537772820A142CF00DFD1D9 /* SDL_mutex.h */ = {isa = PBXFileReference; lastKnownFileType = sourcecode.c.h; path = SDL_mutex.h; sourceTree = "<group>"; };
		C537772920A142CF00DFD1D9 /* close_code.h */ = {isa = PBXFileReference; lastKnownFileType = sourcecode.c.h; path = close_code.h; sourceTree = "<group>"; };
		C537772A20A142CF00DFD1D9 /* SDL_config.h.in */ = {isa = PBXFileReference; lastKnownFileType = text; path = SDL_config.h.in; sourceTree = "<group>"; };
		C537772B20A142CF00DFD1D9 /* SDL_config_wiz.h */ = {isa = PBXFileReference; lastKnownFileType = sourcecode.c.h; path = SDL_config_wiz.h; sourceTree = "<group>"; };
		C537772C20A142CF00DFD1D9 /* SDL_joystick.h */ = {isa = PBXFileReference; lastKnownFileType = sourcecode.c.h; path = SDL_joystick.h; sourceTree = "<group>"; };
		C537772D20A142CF00DFD1D9 /* SDL.h */ = {isa = PBXFileReference; lastKnownFileType = sourcecode.c.h; path = SDL.h; sourceTree = "<group>"; };
		C537772E20A142CF00DFD1D9 /* SDL_filesystem.h */ = {isa = PBXFileReference; lastKnownFileType = sourcecode.c.h; path = SDL_filesystem.h; sourceTree = "<group>"; };
		C537772F20A142CF00DFD1D9 /* SDL_messagebox.h */ = {isa = PBXFileReference; lastKnownFileType = sourcecode.c.h; path = SDL_messagebox.h; sourceTree = "<group>"; };
		C537773020A142CF00DFD1D9 /* SDL_opengles2_gl2platform.h */ = {isa = PBXFileReference; lastKnownFileType = sourcecode.c.h; path = SDL_opengles2_gl2platform.h; sourceTree = "<group>"; };
		C537773120A142CF00DFD1D9 /* SDL_opengles2_khrplatform.h */ = {isa = PBXFileReference; lastKnownFileType = sourcecode.c.h; path = SDL_opengles2_khrplatform.h; sourceTree = "<group>"; };
		C537773220A142CF00DFD1D9 /* SDL_test_md5.h */ = {isa = PBXFileReference; lastKnownFileType = sourcecode.c.h; path = SDL_test_md5.h; sourceTree = "<group>"; };
		C537773320A142CF00DFD1D9 /* SDL_pixels.h */ = {isa = PBXFileReference; lastKnownFileType = sourcecode.c.h; path = SDL_pixels.h; sourceTree = "<group>"; };
		C537773420A142CF00DFD1D9 /* SDL_cpuinfo.h */ = {isa = PBXFileReference; lastKnownFileType = sourcecode.c.h; path = SDL_cpuinfo.h; sourceTree = "<group>"; };
		C537773520A142CF00DFD1D9 /* SDL_test_compare.h */ = {isa = PBXFileReference; lastKnownFileType = sourcecode.c.h; path = SDL_test_compare.h; sourceTree = "<group>"; };
		C537773620A142CF00DFD1D9 /* SDL_opengles2_gl2.h */ = {isa = PBXFileReference; lastKnownFileType = sourcecode.c.h; path = SDL_opengles2_gl2.h; sourceTree = "<group>"; };
		C53978662065D862001AAFFE /* libRenderBox.a */ = {isa = PBXFileReference; explicitFileType = archive.ar; includeInIndex = 0; path = libRenderBox.a; sourceTree = BUILT_PRODUCTS_DIR; };
		C53F266D21743B2200EF9635 /* MetalLibrary.metal */ = {isa = PBXFileReference; lastKnownFileType = sourcecode.metal; path = MetalLibrary.metal; sourceTree = "<group>"; };
		C53F266F217459AF00EF9635 /* MetalObjectProperties.mm */ = {isa = PBXFileReference; lastKnownFileType = sourcecode.cpp.objcpp; path = MetalObjectProperties.mm; sourceTree = "<group>"; };
		C53F2670217459AF00EF9635 /* MetalObjectProperties.h */ = {isa = PBXFileReference; lastKnownFileType = sourcecode.c.h; path = MetalObjectProperties.h; sourceTree = "<group>"; };
		C53F267221745AD500EF9635 /* MetalBuffer.mm */ = {isa = PBXFileReference; lastKnownFileType = sourcecode.cpp.objcpp; path = MetalBuffer.mm; sourceTree = "<group>"; };
		C53F267421745AF400EF9635 /* MetalBuffer.h */ = {isa = PBXFileReference; lastKnownFileType = sourcecode.c.h; path = MetalBuffer.h; sourceTree = "<group>"; };
		C53F267521745DC300EF9635 /* MetalRenderList.mm */ = {isa = PBXFileReference; lastKnownFileType = sourcecode.cpp.objcpp; path = MetalRenderList.mm; sourceTree = "<group>"; };
		C53F267721745DDC00EF9635 /* MetalRenderList.h */ = {isa = PBXFileReference; lastKnownFileType = sourcecode.c.h; path = MetalRenderList.h; sourceTree = "<group>"; };
		C53F26782174649900EF9635 /* MetalDeviceRendererProperties.mm */ = {isa = PBXFileReference; lastKnownFileType = sourcecode.cpp.objcpp; path = MetalDeviceRendererProperties.mm; sourceTree = "<group>"; };
		C53F267A217464BF00EF9635 /* MetalDeviceRendererProperties.h */ = {isa = PBXFileReference; lastKnownFileType = sourcecode.c.h; path = MetalDeviceRendererProperties.h; sourceTree = "<group>"; };
		C53F267B21746AE400EF9635 /* MetalRendererProperties.mm */ = {isa = PBXFileReference; lastKnownFileType = sourcecode.cpp.objcpp; path = MetalRendererProperties.mm; sourceTree = "<group>"; };
		C53F267D21746AF800EF9635 /* MetalRendererProperties.h */ = {isa = PBXFileReference; lastKnownFileType = sourcecode.c.h; path = MetalRendererProperties.h; sourceTree = "<group>"; };
		C53F26AE2175197300EF9635 /* RenderBoxMetalLibrary.metallib */ = {isa = PBXFileReference; explicitFileType = "archive.metal-library"; includeInIndex = 0; path = RenderBoxMetalLibrary.metallib; sourceTree = BUILT_PRODUCTS_DIR; };
		C56F51F7219F7FE600572A18 /* scoped_nsobject.h */ = {isa = PBXFileReference; lastKnownFileType = sourcecode.c.h; path = scoped_nsobject.h; sourceTree = "<group>"; };
		C56F51F8219F8A4B00572A18 /* MetalRenderPipelineState.h */ = {isa = PBXFileReference; lastKnownFileType = sourcecode.c.h; path = MetalRenderPipelineState.h; sourceTree = "<group>"; };
		C56F51F9219F8A6200572A18 /* MetalRenderPipelineState.mm */ = {isa = PBXFileReference; lastKnownFileType = sourcecode.cpp.objcpp; path = MetalRenderPipelineState.mm; sourceTree = "<group>"; };
		C57BF1EC2172EF6500A6F06A /* MetalRenderer.mm */ = {isa = PBXFileReference; lastKnownFileType = sourcecode.cpp.objcpp; path = MetalRenderer.mm; sourceTree = "<group>"; };
		C57BF1EE2172EF6500A6F06A /* SDLMetalRenderTarget.mm */ = {isa = PBXFileReference; lastKnownFileType = sourcecode.cpp.objcpp; path = SDLMetalRenderTarget.mm; sourceTree = "<group>"; };
		C57BF20A2172FCDB00A6F06A /* MetalRenderer.h */ = {isa = PBXFileReference; lastKnownFileType = sourcecode.c.h; path = MetalRenderer.h; sourceTree = "<group>"; };
		C57BF20B2172FCE800A6F06A /* SDLMetalRenderTarget.h */ = {isa = PBXFileReference; lastKnownFileType = sourcecode.c.h; path = SDLMetalRenderTarget.h; sourceTree = "<group>"; };
		C5A070BA20EDF36900379727 /* Camera.h */ = {isa = PBXFileReference; fileEncoding = 4; lastKnownFileType = sourcecode.c.h; path = Camera.h; sourceTree = "<group>"; };
		C5A070BB20EDF36900379727 /* bitmap.h */ = {isa = PBXFileReference; fileEncoding = 4; lastKnownFileType = sourcecode.c.h; path = bitmap.h; sourceTree = "<group>"; };
		C5A070BC20EDF36900379727 /* ObjectProperties.h */ = {isa = PBXFileReference; fileEncoding = 4; lastKnownFileType = sourcecode.c.h; path = ObjectProperties.h; sourceTree = "<group>"; };
		C5A070BD20EDF36900379727 /* Light.h */ = {isa = PBXFileReference; fileEncoding = 4; lastKnownFileType = sourcecode.c.h; path = Light.h; sourceTree = "<group>"; };
		C5A070BE20EDF36A00379727 /* OpenGLObjectProperties.h */ = {isa = PBXFileReference; fileEncoding = 4; lastKnownFileType = sourcecode.c.h; path = OpenGLObjectProperties.h; sourceTree = "<group>"; };
		C5A070BF20EDF36A00379727 /* OpenGLRenderTarget.h */ = {isa = PBXFileReference; fileEncoding = 4; lastKnownFileType = sourcecode.c.h; path = OpenGLRenderTarget.h; sourceTree = "<group>"; };
		C5A070C020EDF36A00379727 /* VoxelGeometry.h */ = {isa = PBXFileReference; fileEncoding = 4; lastKnownFileType = sourcecode.c.h; path = VoxelGeometry.h; sourceTree = "<group>"; };
		C5A070C120EDF36A00379727 /* PointLight.h */ = {isa = PBXFileReference; fileEncoding = 4; lastKnownFileType = sourcecode.c.h; path = PointLight.h; sourceTree = "<group>"; };
		C5A070C220EDF36A00379727 /* Material.h */ = {isa = PBXFileReference; fileEncoding = 4; lastKnownFileType = sourcecode.c.h; path = Material.h; sourceTree = "<group>"; };
		C5A070C320EDF36A00379727 /* MeshLambertMaterial.h */ = {isa = PBXFileReference; fileEncoding = 4; lastKnownFileType = sourcecode.c.h; path = MeshLambertMaterial.h; sourceTree = "<group>"; };
		C5A070C420EDF36A00379727 /* Ray.h */ = {isa = PBXFileReference; fileEncoding = 4; lastKnownFileType = sourcecode.c.h; path = Ray.h; sourceTree = "<group>"; };
		C5A070C520EDF36A00379727 /* platform.h */ = {isa = PBXFileReference; fileEncoding = 4; lastKnownFileType = sourcecode.c.h; path = platform.h; sourceTree = "<group>"; };
		C5A070C620EDF36B00379727 /* Mesh.h */ = {isa = PBXFileReference; fileEncoding = 4; lastKnownFileType = sourcecode.c.h; path = Mesh.h; sourceTree = "<group>"; };
		C5A070C720EDF36B00379727 /* Geometry.h */ = {isa = PBXFileReference; fileEncoding = 4; lastKnownFileType = sourcecode.c.h; path = Geometry.h; sourceTree = "<group>"; };
		C5A070C820EDF36B00379727 /* Vector.h */ = {isa = PBXFileReference; fileEncoding = 4; lastKnownFileType = sourcecode.c.h; path = Vector.h; sourceTree = "<group>"; };
		C5A070C920EDF36B00379727 /* OpenGLProgram.h */ = {isa = PBXFileReference; fileEncoding = 4; lastKnownFileType = sourcecode.c.h; path = OpenGLProgram.h; sourceTree = "<group>"; };
		C5A070CA20EDF36B00379727 /* OpenGLRendererProperties.h */ = {isa = PBXFileReference; fileEncoding = 4; lastKnownFileType = sourcecode.c.h; path = OpenGLRendererProperties.h; sourceTree = "<group>"; };
		C5A070CB20EDF36C00379727 /* OpenGLBuffer.h */ = {isa = PBXFileReference; fileEncoding = 4; lastKnownFileType = sourcecode.c.h; path = OpenGLBuffer.h; sourceTree = "<group>"; };
		C5A070CC20EDF36C00379727 /* OpenGLRenderList.h */ = {isa = PBXFileReference; fileEncoding = 4; lastKnownFileType = sourcecode.c.h; path = OpenGLRenderList.h; sourceTree = "<group>"; };
		C5A070CD20EDF36C00379727 /* MeshBasicMaterial.h */ = {isa = PBXFileReference; fileEncoding = 4; lastKnownFileType = sourcecode.c.h; path = MeshBasicMaterial.h; sourceTree = "<group>"; };
		C5A070CE20EDF36C00379727 /* CameraProperties.h */ = {isa = PBXFileReference; fileEncoding = 4; lastKnownFileType = sourcecode.c.h; path = CameraProperties.h; sourceTree = "<group>"; };
		C5A070CF20EDF36C00379727 /* SDLOpenGLRenderTarget.h */ = {isa = PBXFileReference; fileEncoding = 4; lastKnownFileType = sourcecode.c.h; path = SDLOpenGLRenderTarget.h; sourceTree = "<group>"; };
		C5A070D020EDF36C00379727 /* Matrix.h */ = {isa = PBXFileReference; fileEncoding = 4; lastKnownFileType = sourcecode.c.h; path = Matrix.h; sourceTree = "<group>"; };
		C5A070D120EDF36C00379727 /* Object.h */ = {isa = PBXFileReference; fileEncoding = 4; lastKnownFileType = sourcecode.c.h; path = Object.h; sourceTree = "<group>"; };
		C5A070D220EDF36C00379727 /* GLSLTokenKinds.def */ = {isa = PBXFileReference; fileEncoding = 4; lastKnownFileType = text; path = GLSLTokenKinds.def; sourceTree = "<group>"; };
		C5A070D420EDF36D00379727 /* lexer.h */ = {isa = PBXFileReference; fileEncoding = 4; lastKnownFileType = sourcecode.c.h; path = lexer.h; sourceTree = "<group>"; };
		C5A070D520EDF36D00379727 /* OpenGLVertexArray.h */ = {isa = PBXFileReference; fileEncoding = 4; lastKnownFileType = sourcecode.c.h; path = OpenGLVertexArray.h; sourceTree = "<group>"; };
		C5A070D620EDF36D00379727 /* OBJTokenKinds.def */ = {isa = PBXFileReference; fileEncoding = 4; lastKnownFileType = text; path = OBJTokenKinds.def; sourceTree = "<group>"; };
		C5A070D720EDF36D00379727 /* GLSLPreprocessor.h */ = {isa = PBXFileReference; fileEncoding = 4; lastKnownFileType = sourcecode.c.h; path = GLSLPreprocessor.h; sourceTree = "<group>"; };
		C5A070D820EDF36D00379727 /* OBJLoader.h */ = {isa = PBXFileReference; fileEncoding = 4; lastKnownFileType = sourcecode.c.h; path = OBJLoader.h; sourceTree = "<group>"; };
		C5A070D920EDF36D00379727 /* GLSLMaterial.h */ = {isa = PBXFileReference; fileEncoding = 4; lastKnownFileType = sourcecode.c.h; path = GLSLMaterial.h; sourceTree = "<group>"; };
		C5A070DA20EDF36D00379727 /* renderbox.h */ = {isa = PBXFileReference; fileEncoding = 4; lastKnownFileType = sourcecode.c.h; path = renderbox.h; sourceTree = "<group>"; };
		C5A070DB20EDF36D00379727 /* Texture.h */ = {isa = PBXFileReference; fileEncoding = 4; lastKnownFileType = sourcecode.c.h; path = Texture.h; sourceTree = "<group>"; };
		C5A070DC20EDF36D00379727 /* PerspectiveCamera.h */ = {isa = PBXFileReference; fileEncoding = 4; lastKnownFileType = sourcecode.c.h; path = PerspectiveCamera.h; sourceTree = "<group>"; };
		C5A070DD20EDF36E00379727 /* Scene.h */ = {isa = PBXFileReference; fileEncoding = 4; lastKnownFileType = sourcecode.c.h; path = Scene.h; sourceTree = "<group>"; };
		C5A070DE20EDF36E00379727 /* BoxGeometry.h */ = {isa = PBXFileReference; fileEncoding = 4; lastKnownFileType = sourcecode.c.h; path = BoxGeometry.h; sourceTree = "<group>"; };
		C5A070DF20EDF36E00379727 /* OpenGLFramebuffer.h */ = {isa = PBXFileReference; fileEncoding = 4; lastKnownFileType = sourcecode.c.h; path = OpenGLFramebuffer.h; sourceTree = "<group>"; };
		C5A070E020EDF36E00379727 /* MTLTokenKinds.def */ = {isa = PBXFileReference; fileEncoding = 4; lastKnownFileType = text; path = MTLTokenKinds.def; sourceTree = "<group>"; };
		C5A070E120EDF36E00379727 /* OpenGLRenderer.h */ = {isa = PBXFileReference; fileEncoding = 4; lastKnownFileType = sourcecode.c.h; path = OpenGLRenderer.h; sourceTree = "<group>"; };
		C5A070E220EDF36E00379727 /* OpenGLTexture.h */ = {isa = PBXFileReference; fileEncoding = 4; lastKnownFileType = sourcecode.c.h; path = OpenGLTexture.h; sourceTree = "<group>"; };
		C5A070E420EDF37E00379727 /* Texture.cpp */ = {isa = PBXFileReference; fileEncoding = 4; lastKnownFileType = sourcecode.cpp.cpp; path = Texture.cpp; sourceTree = "<group>"; };
		C5A070E920EDF37E00379727 /* OpenGLRenderList.cpp */ = {isa = PBXFileReference; fileEncoding = 4; lastKnownFileType = sourcecode.cpp.cpp; path = OpenGLRenderList.cpp; sourceTree = "<group>"; };
		C5A070EA20EDF37E00379727 /* OpenGLBuffer.cpp */ = {isa = PBXFileReference; fileEncoding = 4; lastKnownFileType = sourcecode.cpp.cpp; path = OpenGLBuffer.cpp; sourceTree = "<group>"; };
		C5A070EB20EDF37E00379727 /* OpenGLRenderer.cpp */ = {isa = PBXFileReference; fileEncoding = 4; lastKnownFileType = sourcecode.cpp.cpp; path = OpenGLRenderer.cpp; sourceTree = "<group>"; };
		C5A070EC20EDF37E00379727 /* OpenGLTexture.cpp */ = {isa = PBXFileReference; fileEncoding = 4; lastKnownFileType = sourcecode.cpp.cpp; path = OpenGLTexture.cpp; sourceTree = "<group>"; };
		C5A070ED20EDF37E00379727 /* OpenGLObjectProperties.cpp */ = {isa = PBXFileReference; fileEncoding = 4; lastKnownFileType = sourcecode.cpp.cpp; path = OpenGLObjectProperties.cpp; sourceTree = "<group>"; };
		C5A070EF20EDF37E00379727 /* SDLOpenGLRenderTarget.mm */ = {isa = PBXFileReference; fileEncoding = 4; lastKnownFileType = sourcecode.cpp.objcpp; path = SDLOpenGLRenderTarget.mm; sourceTree = "<group>"; };
		C5A070F120EDF37E00379727 /* mesh_basic_vert.glsl */ = {isa = PBXFileReference; fileEncoding = 4; lastKnownFileType = text; path = mesh_basic_vert.glsl; sourceTree = "<group>"; };
		C5A070F220EDF37E00379727 /* mesh_lambert_frag.glsl */ = {isa = PBXFileReference; fileEncoding = 4; lastKnownFileType = text; path = mesh_lambert_frag.glsl; sourceTree = "<group>"; };
		C5A070F320EDF37E00379727 /* mesh_basic_frag.glsl */ = {isa = PBXFileReference; fileEncoding = 4; lastKnownFileType = text; path = mesh_basic_frag.glsl; sourceTree = "<group>"; };
		C5A070F420EDF37E00379727 /* mesh_lambert_vert.glsl */ = {isa = PBXFileReference; fileEncoding = 4; lastKnownFileType = text; path = mesh_lambert_vert.glsl; sourceTree = "<group>"; };
		C5A070F620EDF37E00379727 /* mesh_basic_vert.glsl */ = {isa = PBXFileReference; fileEncoding = 4; lastKnownFileType = text; path = mesh_basic_vert.glsl; sourceTree = "<group>"; };
		C5A070F720EDF37E00379727 /* mesh_lambert_frag.glsl */ = {isa = PBXFileReference; fileEncoding = 4; lastKnownFileType = text; path = mesh_lambert_frag.glsl; sourceTree = "<group>"; };
		C5A070F820EDF37E00379727 /* mesh_basic_frag.glsl */ = {isa = PBXFileReference; fileEncoding = 4; lastKnownFileType = text; path = mesh_basic_frag.glsl; sourceTree = "<group>"; };
		C5A070F920EDF37E00379727 /* mesh_lambert_vert.glsl */ = {isa = PBXFileReference; fileEncoding = 4; lastKnownFileType = text; path = mesh_lambert_vert.glsl; sourceTree = "<group>"; };
		C5A070FA20EDF37E00379727 /* OpenGLRendererProperties.cpp */ = {isa = PBXFileReference; fileEncoding = 4; lastKnownFileType = sourcecode.cpp.cpp; path = OpenGLRendererProperties.cpp; sourceTree = "<group>"; };
		C5A070FD20EDF37E00379727 /* OpenGLFramebuffer.cpp */ = {isa = PBXFileReference; fileEncoding = 4; lastKnownFileType = sourcecode.cpp.cpp; path = OpenGLFramebuffer.cpp; sourceTree = "<group>"; };
		C5A070FE20EDF37E00379727 /* OpenGLVertexArray.cpp */ = {isa = PBXFileReference; fileEncoding = 4; lastKnownFileType = sourcecode.cpp.cpp; path = OpenGLVertexArray.cpp; sourceTree = "<group>"; };
		C5A070FF20EDF37E00379727 /* OpenGLProgram.cpp */ = {isa = PBXFileReference; fileEncoding = 4; lastKnownFileType = sourcecode.cpp.cpp; path = OpenGLProgram.cpp; sourceTree = "<group>"; };
		C5A0710120EDF37F00379727 /* BoxGeometry.cpp */ = {isa = PBXFileReference; fileEncoding = 4; lastKnownFileType = sourcecode.cpp.cpp; path = BoxGeometry.cpp; sourceTree = "<group>"; };
		C5A0710220EDF37F00379727 /* Geometry.cpp */ = {isa = PBXFileReference; fileEncoding = 4; lastKnownFileType = sourcecode.cpp.cpp; path = Geometry.cpp; sourceTree = "<group>"; };
		C5A0710320EDF37F00379727 /* VoxelGeometry.cpp */ = {isa = PBXFileReference; fileEncoding = 4; lastKnownFileType = sourcecode.cpp.cpp; path = VoxelGeometry.cpp; sourceTree = "<group>"; };
		C5A0710520EDF37F00379727 /* PointLight.cpp */ = {isa = PBXFileReference; fileEncoding = 4; lastKnownFileType = sourcecode.cpp.cpp; path = PointLight.cpp; sourceTree = "<group>"; };
		C5A0710620EDF37F00379727 /* Light.cpp */ = {isa = PBXFileReference; fileEncoding = 4; lastKnownFileType = sourcecode.cpp.cpp; path = Light.cpp; sourceTree = "<group>"; };
		C5A0710820EDF37F00379727 /* OBJLoader.cpp */ = {isa = PBXFileReference; fileEncoding = 4; lastKnownFileType = sourcecode.cpp.cpp; path = OBJLoader.cpp; sourceTree = "<group>"; };
		C5A0710A20EDF37F00379727 /* Material.cpp */ = {isa = PBXFileReference; fileEncoding = 4; lastKnownFileType = sourcecode.cpp.cpp; path = Material.cpp; sourceTree = "<group>"; };
		C5A0710B20EDF37F00379727 /* GLSLMaterial.cpp */ = {isa = PBXFileReference; fileEncoding = 4; lastKnownFileType = sourcecode.cpp.cpp; path = GLSLMaterial.cpp; sourceTree = "<group>"; };
		C5A0710D20EDF37F00379727 /* Scene.cpp */ = {isa = PBXFileReference; fileEncoding = 4; lastKnownFileType = sourcecode.cpp.cpp; path = Scene.cpp; sourceTree = "<group>"; };
		C5A0710F20EDF37F00379727 /* Camera.cpp */ = {isa = PBXFileReference; fileEncoding = 4; lastKnownFileType = sourcecode.cpp.cpp; path = Camera.cpp; sourceTree = "<group>"; };
		C5A0711020EDF37F00379727 /* PerspectiveCamera.cpp */ = {isa = PBXFileReference; fileEncoding = 4; lastKnownFileType = sourcecode.cpp.cpp; path = PerspectiveCamera.cpp; sourceTree = "<group>"; };
		C5A0711220EDF37F00379727 /* Ray.cpp */ = {isa = PBXFileReference; fileEncoding = 4; lastKnownFileType = sourcecode.cpp.cpp; path = Ray.cpp; sourceTree = "<group>"; };
		C5A0711420EDF37F00379727 /* Object.cpp */ = {isa = PBXFileReference; fileEncoding = 4; lastKnownFileType = sourcecode.cpp.cpp; path = Object.cpp; sourceTree = "<group>"; };
		C5A0711620EDF38000379727 /* Mesh.cpp */ = {isa = PBXFileReference; fileEncoding = 4; lastKnownFileType = sourcecode.cpp.cpp; path = Mesh.cpp; sourceTree = "<group>"; };
		C5A0711920EDF38000379727 /* common.glsl */ = {isa = PBXFileReference; fileEncoding = 4; lastKnownFileType = text; path = common.glsl; sourceTree = "<group>"; };
		C5A0711A20EDF38000379727 /* lights_preamble.glsl */ = {isa = PBXFileReference; fileEncoding = 4; lastKnownFileType = text; path = lights_preamble.glsl; sourceTree = "<group>"; };
		C5A0711B20EDF38000379727 /* worldposition_vert.glsl */ = {isa = PBXFileReference; fileEncoding = 4; lastKnownFileType = text; path = worldposition_vert.glsl; sourceTree = "<group>"; };
		C5A0711C20EDF38000379727 /* worldnormal_vert.glsl */ = {isa = PBXFileReference; fileEncoding = 4; lastKnownFileType = text; path = worldnormal_vert.glsl; sourceTree = "<group>"; };
		C5A0711D20EDF38000379727 /* glposition_vert.glsl */ = {isa = PBXFileReference; fileEncoding = 4; lastKnownFileType = text; path = glposition_vert.glsl; sourceTree = "<group>"; };
		C5A0711E20EDF38000379727 /* begin_vert.glsl */ = {isa = PBXFileReference; fileEncoding = 4; lastKnownFileType = text; path = begin_vert.glsl; sourceTree = "<group>"; };
		C5A0711F20EDF38000379727 /* GLSLPreprocessor.cpp */ = {isa = PBXFileReference; fileEncoding = 4; lastKnownFileType = sourcecode.cpp.cpp; path = GLSLPreprocessor.cpp; sourceTree = "<group>"; };
		C5AA39A420679C9D004E3FDD /* CoreMotion.framework */ = {isa = PBXFileReference; lastKnownFileType = wrapper.framework; name = CoreMotion.framework; path = System/Library/Frameworks/CoreMotion.framework; sourceTree = SDKROOT; };
		C5B4AB7121A0059D00A78CED /* MetalTexture.h */ = {isa = PBXFileReference; lastKnownFileType = sourcecode.c.h; path = MetalTexture.h; sourceTree = "<group>"; };
		C5B4AB7621A005AF00A78CED /* MetalTexture.mm */ = {isa = PBXFileReference; lastKnownFileType = sourcecode.cpp.objcpp; path = MetalTexture.mm; sourceTree = "<group>"; };
		C5B4AB7E21A0ECF700A78CED /* _lambert_frag.metal */ = {isa = PBXFileReference; lastKnownFileType = sourcecode.metal; path = _lambert_frag.metal; sourceTree = "<group>"; };
		C5B4AB8421A0EE8600A78CED /* _lambert_vert.metal */ = {isa = PBXFileReference; lastKnownFileType = sourcecode.metal; path = _lambert_vert.metal; sourceTree = "<group>"; };
/* End PBXFileReference section */

/* Begin PBXFrameworksBuildPhase section */
		C53978632065D862001AAFFE /* Frameworks */ = {
			isa = PBXFrameworksBuildPhase;
			buildActionMask = 2147483647;
			files = (
				C53776DD20A13E5F00DFD1D9 /* libSDL2.a in Frameworks */,
			);
			runOnlyForDeploymentPostprocessing = 0;
		};
/* End PBXFrameworksBuildPhase section */

/* Begin PBXGroup section */
		C53776C820A137F400DFD1D9 /* Products */ = {
			isa = PBXGroup;
			children = (
				C53776CF20A137F400DFD1D9 /* SDL2.framework */,
				C53776D120A137F400DFD1D9 /* libSDL2.a */,
				C53776D320A137F400DFD1D9 /* libSDL2.dylib */,
				C53776D520A137F400DFD1D9 /* Standard DMG */,
			);
			name = Products;
			sourceTree = "<group>";
		};
		C53776DF20A142CF00DFD1D9 /* vendor */ = {
			isa = PBXGroup;
			children = (
				C53776E020A142CF00DFD1D9 /* sdl */,
			);
			name = vendor;
			path = RenderBox/vendor;
			sourceTree = "<group>";
		};
		C53776E020A142CF00DFD1D9 /* sdl */ = {
			isa = PBXGroup;
			children = (
				C53776E120A142CF00DFD1D9 /* include */,
			);
			path = sdl;
			sourceTree = "<group>";
		};
		C53776E120A142CF00DFD1D9 /* include */ = {
			isa = PBXGroup;
			children = (
				C53776E220A142CF00DFD1D9 /* SDL2 */,
			);
			path = include;
			sourceTree = "<group>";
		};
		C53776E220A142CF00DFD1D9 /* SDL2 */ = {
			isa = PBXGroup;
			children = (
				C53776E320A142CF00DFD1D9 /* SDL_opengles2_gl2ext.h */,
				C53776E420A142CF00DFD1D9 /* SDL_test_random.h */,
				C53776E520A142CF00DFD1D9 /* SDL_power.h */,
				C53776E620A142CF00DFD1D9 /* SDL_revision.h */,
				C53776E720A142CF00DFD1D9 /* SDL_events.h */,
				C53776E820A142CF00DFD1D9 /* SDL_clipboard.h */,
				C53776E920A142CF00DFD1D9 /* SDL_haptic.h */,
				C53776EA20A142CF00DFD1D9 /* SDL_test.h */,
				C53776EB20A142CF00DFD1D9 /* SDL_test_assert.h */,
				C53776EC20A142CF00DFD1D9 /* SDL_endian.h */,
				C53776ED20A142CF00DFD1D9 /* SDL_error.h */,
				C53776EE20A142CF00DFD1D9 /* begin_code.h */,
				C53776EF20A142CF00DFD1D9 /* SDL_types.h */,
				C53776F020A142CF00DFD1D9 /* SDL_keycode.h */,
				C53776F120A142CF00DFD1D9 /* SDL_keyboard.h */,
				C53776F220A142CF00DFD1D9 /* SDL_config_psp.h */,
				C53776F320A142CF00DFD1D9 /* SDL_opengl_glext.h */,
				C53776F420A142CF00DFD1D9 /* SDL_config_pandora.h */,
				C53776F520A142CF00DFD1D9 /* SDL_test_crc32.h */,
				C53776F620A142CF00DFD1D9 /* SDL_test_font.h */,
				C53776F720A142CF00DFD1D9 /* SDL_test_log.h */,
				C53776F820A142CF00DFD1D9 /* SDL_egl.h */,
				C53776F920A142CF00DFD1D9 /* SDL_vulkan.h */,
				C53776FA20A142CF00DFD1D9 /* SDL_test_memory.h */,
				C53776FB20A142CF00DFD1D9 /* SDL_main.h */,
				C53776FC20A142CF00DFD1D9 /* SDL_stdinc.h */,
				C53776FD20A142CF00DFD1D9 /* SDL_scancode.h */,
				C53776FE20A142CF00DFD1D9 /* SDL_quit.h */,
				C53776FF20A142CF00DFD1D9 /* SDL_config_android.h */,
				C537770020A142CF00DFD1D9 /* SDL_touch.h */,
				C537770120A142CF00DFD1D9 /* SDL_opengles2.h */,
				C537770220A142CF00DFD1D9 /* SDL_config_winrt.h */,
				C537770320A142CF00DFD1D9 /* SDL_test_images.h */,
				C537770420A142CF00DFD1D9 /* SDL_name.h */,
				C537770520A142CF00DFD1D9 /* SDL_platform.h */,
				C537770620A142CF00DFD1D9 /* SDL_shape.h */,
				C537770720A142CF00DFD1D9 /* SDL_config_minimal.h */,
				C537770820A142CF00DFD1D9 /* SDL_config.h.cmake */,
				C537770920A142CF00DFD1D9 /* SDL_loadso.h */,
				C537770A20A142CF00DFD1D9 /* SDL_config_macosx.h */,
				C537770B20A142CF00DFD1D9 /* SDL_test_common.h */,
				C537770C20A142CF00DFD1D9 /* SDL_config.h */,
				C537770D20A142CF00DFD1D9 /* SDL_audio.h */,
				C537770E20A142CF00DFD1D9 /* SDL_opengl.h */,
				C537770F20A142CF00DFD1D9 /* SDL_blendmode.h */,
				C537771020A142CF00DFD1D9 /* SDL_gesture.h */,
				C537771120A142CF00DFD1D9 /* SDL_test_fuzzer.h */,
				C537771220A142CF00DFD1D9 /* SDL_config_iphoneos.h */,
				C537771320A142CF00DFD1D9 /* SDL_opengles.h */,
				C537771420A142CF00DFD1D9 /* SDL_system.h */,
				C537771520A142CF00DFD1D9 /* SDL_hints.h */,
				C537771620A142CF00DFD1D9 /* SDL_mouse.h */,
				C537771720A142CF00DFD1D9 /* SDL_timer.h */,
				C537771820A142CF00DFD1D9 /* SDL_surface.h */,
				C537771920A142CF00DFD1D9 /* SDL_atomic.h */,
				C537771A20A142CF00DFD1D9 /* SDL_log.h */,
				C537771B20A142CF00DFD1D9 /* SDL_rwops.h */,
				C537771C20A142CF00DFD1D9 /* SDL_render.h */,
				C537771D20A142CF00DFD1D9 /* SDL_syswm.h */,
				C537771E20A142CF00DFD1D9 /* SDL_bits.h */,
				C537771F20A142CF00DFD1D9 /* SDL_video.h */,
				C537772020A142CF00DFD1D9 /* SDL_assert.h */,
				C537772120A142CF00DFD1D9 /* SDL_version.h */,
				C537772220A142CF00DFD1D9 /* SDL_gamecontroller.h */,
				C537772320A142CF00DFD1D9 /* SDL_config_windows.h */,
				C537772420A142CF00DFD1D9 /* SDL_copying.h */,
				C537772520A142CF00DFD1D9 /* SDL_thread.h */,
				C537772620A142CF00DFD1D9 /* SDL_test_harness.h */,
				C537772720A142CF00DFD1D9 /* SDL_rect.h */,
				C537772820A142CF00DFD1D9 /* SDL_mutex.h */,
				C537772920A142CF00DFD1D9 /* close_code.h */,
				C537772A20A142CF00DFD1D9 /* SDL_config.h.in */,
				C537772B20A142CF00DFD1D9 /* SDL_config_wiz.h */,
				C537772C20A142CF00DFD1D9 /* SDL_joystick.h */,
				C537772D20A142CF00DFD1D9 /* SDL.h */,
				C537772E20A142CF00DFD1D9 /* SDL_filesystem.h */,
				C537772F20A142CF00DFD1D9 /* SDL_messagebox.h */,
				C537773020A142CF00DFD1D9 /* SDL_opengles2_gl2platform.h */,
				C537773120A142CF00DFD1D9 /* SDL_opengles2_khrplatform.h */,
				C537773220A142CF00DFD1D9 /* SDL_test_md5.h */,
				C537773320A142CF00DFD1D9 /* SDL_pixels.h */,
				C537773420A142CF00DFD1D9 /* SDL_cpuinfo.h */,
				C537773520A142CF00DFD1D9 /* SDL_test_compare.h */,
				C537773620A142CF00DFD1D9 /* SDL_opengles2_gl2.h */,
			);
			path = SDL2;
			sourceTree = "<group>";
		};
		C539785D2065D862001AAFFE = {
			isa = PBXGroup;
			children = (
				C53776C720A137F400DFD1D9 /* SDL.xcodeproj */,
				C53979982065D95D001AAFFE /* RenderBox */,
				C53978672065D862001AAFFE /* Products */,
				C5397A202065DA8A001AAFFE /* Frameworks */,
			);
			sourceTree = "<group>";
		};
		C53978672065D862001AAFFE /* Products */ = {
			isa = PBXGroup;
			children = (
				C53978662065D862001AAFFE /* libRenderBox.a */,
				C53F26AE2175197300EF9635 /* RenderBoxMetalLibrary.metallib */,
			);
			name = Products;
			sourceTree = "<group>";
		};
		C53979982065D95D001AAFFE /* RenderBox */ = {
			isa = PBXGroup;
			children = (
				C53979D52065D976001AAFFE /* include */,
				C53979992065D975001AAFFE /* src */,
				C53776DF20A142CF00DFD1D9 /* vendor */,
			);
			name = RenderBox;
			sourceTree = "<group>";
		};
		C53979992065D975001AAFFE /* src */ = {
			isa = PBXGroup;
			children = (
				C5A0710E20EDF37F00379727 /* cameras */,
				C5A0711320EDF37F00379727 /* core */,
				C5A0710020EDF37F00379727 /* geometries */,
				C5A0711720EDF38000379727 /* glsl */,
				C5A0710420EDF37F00379727 /* lights */,
				C5A0710720EDF37F00379727 /* loaders */,
				C5A0710920EDF37F00379727 /* materials */,
				C5A0711120EDF37F00379727 /* math */,
				C5A0711520EDF38000379727 /* objects */,
				C5A070E520EDF37E00379727 /* renderers */,
				C5A0710C20EDF37F00379727 /* scenes */,
				C5A070E320EDF37E00379727 /* textures */,
			);
			name = src;
			path = ../../../src;
			sourceTree = "<group>";
		};
		C53979D52065D976001AAFFE /* include */ = {
			isa = PBXGroup;
			children = (
				C5A070BB20EDF36900379727 /* bitmap.h */,
				C5A070DE20EDF36E00379727 /* BoxGeometry.h */,
				C5A070BA20EDF36900379727 /* Camera.h */,
				C5A070CE20EDF36C00379727 /* CameraProperties.h */,
				C5A070C720EDF36B00379727 /* Geometry.h */,
				C5A070D920EDF36D00379727 /* GLSLMaterial.h */,
				C5A070D720EDF36D00379727 /* GLSLPreprocessor.h */,
				C5A070D220EDF36C00379727 /* GLSLTokenKinds.def */,
				C5A070D420EDF36D00379727 /* lexer.h */,
				C5A070BD20EDF36900379727 /* Light.h */,
				C5A070C220EDF36A00379727 /* Material.h */,
				C5A070D020EDF36C00379727 /* Matrix.h */,
				C56F51F7219F7FE600572A18 /* scoped_nsobject.h */,
				C5A070C620EDF36B00379727 /* Mesh.h */,
				C53F267721745DDC00EF9635 /* MetalRenderList.h */,
				C5A070CD20EDF36C00379727 /* MeshBasicMaterial.h */,
				C53F267421745AF400EF9635 /* MetalBuffer.h */,
				C53F267A217464BF00EF9635 /* MetalDeviceRendererProperties.h */,
				C56F51F8219F8A4B00572A18 /* MetalRenderPipelineState.h */,
				C5A070C320EDF36A00379727 /* MeshLambertMaterial.h */,
				C53F2670217459AF00EF9635 /* MetalObjectProperties.h */,
				C5B4AB7121A0059D00A78CED /* MetalTexture.h */,
				C53F267D21746AF800EF9635 /* MetalRendererProperties.h */,
				C57BF20A2172FCDB00A6F06A /* MetalRenderer.h */,
				C5A070E020EDF36E00379727 /* MTLTokenKinds.def */,
				C5A070D120EDF36C00379727 /* Object.h */,
				C5A070BC20EDF36900379727 /* ObjectProperties.h */,
				C5A070D820EDF36D00379727 /* OBJLoader.h */,
				C5A070D620EDF36D00379727 /* OBJTokenKinds.def */,
				C5A070CB20EDF36C00379727 /* OpenGLBuffer.h */,
				C5A070DF20EDF36E00379727 /* OpenGLFramebuffer.h */,
				C5A070BE20EDF36A00379727 /* OpenGLObjectProperties.h */,
				C5A070C920EDF36B00379727 /* OpenGLProgram.h */,
				C5A070E120EDF36E00379727 /* OpenGLRenderer.h */,
				C5A070CA20EDF36B00379727 /* OpenGLRendererProperties.h */,
				C5A070CC20EDF36C00379727 /* OpenGLRenderList.h */,
				C5A070BF20EDF36A00379727 /* OpenGLRenderTarget.h */,
				C5A070E220EDF36E00379727 /* OpenGLTexture.h */,
				C5A070D520EDF36D00379727 /* OpenGLVertexArray.h */,
				C5A070DC20EDF36D00379727 /* PerspectiveCamera.h */,
				C5A070C520EDF36A00379727 /* platform.h */,
				C5A070C120EDF36A00379727 /* PointLight.h */,
				C5A070C420EDF36A00379727 /* Ray.h */,
				C5A070DA20EDF36D00379727 /* renderbox.h */,
				C5A070DD20EDF36E00379727 /* Scene.h */,
				C57BF20B2172FCE800A6F06A /* SDLMetalRenderTarget.h */,
				C5A070CF20EDF36C00379727 /* SDLOpenGLRenderTarget.h */,
				C5A070DB20EDF36D00379727 /* Texture.h */,
				C5A070C820EDF36B00379727 /* Vector.h */,
				C5A070C020EDF36A00379727 /* VoxelGeometry.h */,
			);
			name = include;
			path = ../../../include;
			sourceTree = "<group>";
		};
		C5397A202065DA8A001AAFFE /* Frameworks */ = {
			isa = PBXGroup;
			children = (
				C5AA39A420679C9D004E3FDD /* CoreMotion.framework */,
			);
			name = Frameworks;
			sourceTree = "<group>";
		};
		C53F266821743B0400EF9635 /* shaders */ = {
			isa = PBXGroup;
			children = (
				C53F266D21743B2200EF9635 /* MetalLibrary.metal */,
				C5B4AB8421A0EE8600A78CED /* _lambert_vert.metal */,
				C5B4AB7E21A0ECF700A78CED /* _lambert_frag.metal */,
			);
			path = shaders;
			sourceTree = "<group>";
		};
		C57BF1EB2172EF6500A6F06A /* metal */ = {
			isa = PBXGroup;
			children = (
				C57BF1ED2172EF6500A6F06A /* sdl */,
				C53F266821743B0400EF9635 /* shaders */,
				C53F267221745AD500EF9635 /* MetalBuffer.mm */,
				C53F26782174649900EF9635 /* MetalDeviceRendererProperties.mm */,
				C53F266F217459AF00EF9635 /* MetalObjectProperties.mm */,
				C56F51F9219F8A6200572A18 /* MetalRenderPipelineState.mm */,
				C53F267521745DC300EF9635 /* MetalRenderList.mm */,
				C57BF1EC2172EF6500A6F06A /* MetalRenderer.mm */,
				C53F267B21746AE400EF9635 /* MetalRendererProperties.mm */,
				C5B4AB7621A005AF00A78CED /* MetalTexture.mm */,
			);
			path = metal;
			sourceTree = "<group>";
		};
		C57BF1ED2172EF6500A6F06A /* sdl */ = {
			isa = PBXGroup;
			children = (
				C57BF1EE2172EF6500A6F06A /* SDLMetalRenderTarget.mm */,
			);
			path = sdl;
			sourceTree = "<group>";
		};
		C5A070E320EDF37E00379727 /* textures */ = {
			isa = PBXGroup;
			children = (
				C5A070E420EDF37E00379727 /* Texture.cpp */,
			);
			path = textures;
			sourceTree = "<group>";
		};
		C5A070E520EDF37E00379727 /* renderers */ = {
			isa = PBXGroup;
			children = (
				C57BF1EB2172EF6500A6F06A /* metal */,
				C5A070E820EDF37E00379727 /* opengl */,
			);
			path = renderers;
			sourceTree = "<group>";
		};
		C5A070E820EDF37E00379727 /* opengl */ = {
			isa = PBXGroup;
			children = (
				C5A070E920EDF37E00379727 /* OpenGLRenderList.cpp */,
				C5A070EA20EDF37E00379727 /* OpenGLBuffer.cpp */,
				C5A070EB20EDF37E00379727 /* OpenGLRenderer.cpp */,
				C5A070EC20EDF37E00379727 /* OpenGLTexture.cpp */,
				C5A070ED20EDF37E00379727 /* OpenGLObjectProperties.cpp */,
				C5A070EE20EDF37E00379727 /* sdl */,
				C5A070F020EDF37E00379727 /* shaders */,
				C5A070FA20EDF37E00379727 /* OpenGLRendererProperties.cpp */,
				C5A070FD20EDF37E00379727 /* OpenGLFramebuffer.cpp */,
				C5A070FE20EDF37E00379727 /* OpenGLVertexArray.cpp */,
				C5A070FF20EDF37E00379727 /* OpenGLProgram.cpp */,
			);
			path = opengl;
			sourceTree = "<group>";
		};
		C5A070EE20EDF37E00379727 /* sdl */ = {
			isa = PBXGroup;
			children = (
				C5A070EF20EDF37E00379727 /* SDLOpenGLRenderTarget.mm */,
			);
			path = sdl;
			sourceTree = "<group>";
		};
		C5A070F020EDF37E00379727 /* shaders */ = {
			isa = PBXGroup;
			children = (
				C5A070F120EDF37E00379727 /* mesh_basic_vert.glsl */,
				C5A070F220EDF37E00379727 /* mesh_lambert_frag.glsl */,
				C5A070F320EDF37E00379727 /* mesh_basic_frag.glsl */,
				C5A070F420EDF37E00379727 /* mesh_lambert_vert.glsl */,
				C5A070F520EDF37E00379727 /* es */,
			);
			path = shaders;
			sourceTree = "<group>";
		};
		C5A070F520EDF37E00379727 /* es */ = {
			isa = PBXGroup;
			children = (
				C5A070F620EDF37E00379727 /* mesh_basic_vert.glsl */,
				C5A070F720EDF37E00379727 /* mesh_lambert_frag.glsl */,
				C5A070F820EDF37E00379727 /* mesh_basic_frag.glsl */,
				C5A070F920EDF37E00379727 /* mesh_lambert_vert.glsl */,
			);
			path = es;
			sourceTree = "<group>";
		};
		C5A0710020EDF37F00379727 /* geometries */ = {
			isa = PBXGroup;
			children = (
				C5A0710120EDF37F00379727 /* BoxGeometry.cpp */,
				C5A0710220EDF37F00379727 /* Geometry.cpp */,
				C5A0710320EDF37F00379727 /* VoxelGeometry.cpp */,
			);
			path = geometries;
			sourceTree = "<group>";
		};
		C5A0710420EDF37F00379727 /* lights */ = {
			isa = PBXGroup;
			children = (
				C5A0710520EDF37F00379727 /* PointLight.cpp */,
				C5A0710620EDF37F00379727 /* Light.cpp */,
			);
			path = lights;
			sourceTree = "<group>";
		};
		C5A0710720EDF37F00379727 /* loaders */ = {
			isa = PBXGroup;
			children = (
				C5A0710820EDF37F00379727 /* OBJLoader.cpp */,
			);
			path = loaders;
			sourceTree = "<group>";
		};
		C5A0710920EDF37F00379727 /* materials */ = {
			isa = PBXGroup;
			children = (
				C5A0710A20EDF37F00379727 /* Material.cpp */,
				C5A0710B20EDF37F00379727 /* GLSLMaterial.cpp */,
			);
			path = materials;
			sourceTree = "<group>";
		};
		C5A0710C20EDF37F00379727 /* scenes */ = {
			isa = PBXGroup;
			children = (
				C5A0710D20EDF37F00379727 /* Scene.cpp */,
			);
			path = scenes;
			sourceTree = "<group>";
		};
		C5A0710E20EDF37F00379727 /* cameras */ = {
			isa = PBXGroup;
			children = (
				C5A0710F20EDF37F00379727 /* Camera.cpp */,
				C5A0711020EDF37F00379727 /* PerspectiveCamera.cpp */,
			);
			path = cameras;
			sourceTree = "<group>";
		};
		C5A0711120EDF37F00379727 /* math */ = {
			isa = PBXGroup;
			children = (
				C5A0711220EDF37F00379727 /* Ray.cpp */,
			);
			path = math;
			sourceTree = "<group>";
		};
		C5A0711320EDF37F00379727 /* core */ = {
			isa = PBXGroup;
			children = (
				C5A0711420EDF37F00379727 /* Object.cpp */,
			);
			path = core;
			sourceTree = "<group>";
		};
		C5A0711520EDF38000379727 /* objects */ = {
			isa = PBXGroup;
			children = (
				C5A0711620EDF38000379727 /* Mesh.cpp */,
			);
			path = objects;
			sourceTree = "<group>";
		};
		C5A0711720EDF38000379727 /* glsl */ = {
			isa = PBXGroup;
			children = (
				C5A0711820EDF38000379727 /* shaders */,
				C5A0711F20EDF38000379727 /* GLSLPreprocessor.cpp */,
			);
			path = glsl;
			sourceTree = "<group>";
		};
		C5A0711820EDF38000379727 /* shaders */ = {
			isa = PBXGroup;
			children = (
				C5A0711920EDF38000379727 /* common.glsl */,
				C5A0711A20EDF38000379727 /* lights_preamble.glsl */,
				C5A0711B20EDF38000379727 /* worldposition_vert.glsl */,
				C5A0711C20EDF38000379727 /* worldnormal_vert.glsl */,
				C5A0711D20EDF38000379727 /* glposition_vert.glsl */,
				C5A0711E20EDF38000379727 /* begin_vert.glsl */,
			);
			path = shaders;
			sourceTree = "<group>";
		};
/* End PBXGroup section */

/* Begin PBXNativeTarget section */
		C53978652065D862001AAFFE /* RenderBox */ = {
			isa = PBXNativeTarget;
			buildConfigurationList = C539786F2065D862001AAFFE /* Build configuration list for PBXNativeTarget "RenderBox" */;
			buildPhases = (
				C53978622065D862001AAFFE /* Sources */,
				C53978632065D862001AAFFE /* Frameworks */,
				C53978642065D862001AAFFE /* Copy Files */,
			);
			buildRules = (
			);
			dependencies = (
			);
			name = RenderBox;
			productName = RenderBox;
			productReference = C53978662065D862001AAFFE /* libRenderBox.a */;
			productType = "com.apple.product-type.library.static";
		};
		C53F26AD2175197300EF9635 /* RenderBoxMetalLibrary */ = {
			isa = PBXNativeTarget;
			buildConfigurationList = C53F26B22175197300EF9635 /* Build configuration list for PBXNativeTarget "RenderBoxMetalLibrary" */;
			buildPhases = (
				C53F26AC2175197300EF9635 /* Sources */,
			);
			buildRules = (
			);
			dependencies = (
			);
			name = RenderBoxMetalLibrary;
			productName = RenderBoxMetalLibrary;
			productReference = C53F26AE2175197300EF9635 /* RenderBoxMetalLibrary.metallib */;
			productType = "com.apple.product-type.metal-library";
		};
/* End PBXNativeTarget section */

/* Begin PBXProject section */
		C539785E2065D862001AAFFE /* Project object */ = {
			isa = PBXProject;
			attributes = {
				LastUpgradeCheck = 0920;
				ORGANIZATIONNAME = "Zhuo Lu";
				TargetAttributes = {
					C53978652065D862001AAFFE = {
						CreatedOnToolsVersion = 9.2;
						ProvisioningStyle = Automatic;
					};
					C53F26AD2175197300EF9635 = {
						CreatedOnToolsVersion = 10.0;
						ProvisioningStyle = Automatic;
					};
				};
			};
			buildConfigurationList = C53978612065D862001AAFFE /* Build configuration list for PBXProject "RenderBox" */;
			compatibilityVersion = "Xcode 8.0";
			developmentRegion = en;
			hasScannedForEncodings = 0;
			knownRegions = (
				en,
			);
			mainGroup = C539785D2065D862001AAFFE;
			productRefGroup = C53978672065D862001AAFFE /* Products */;
			projectDirPath = "";
			projectReferences = (
				{
					ProductGroup = C53776C820A137F400DFD1D9 /* Products */;
					ProjectRef = C53776C720A137F400DFD1D9 /* SDL.xcodeproj */;
				},
			);
			projectRoot = "";
			targets = (
				C53978652065D862001AAFFE /* RenderBox */,
				C53F26AD2175197300EF9635 /* RenderBoxMetalLibrary */,
			);
		};
/* End PBXProject section */

/* Begin PBXReferenceProxy section */
		C53776CF20A137F400DFD1D9 /* SDL2.framework */ = {
			isa = PBXReferenceProxy;
			fileType = wrapper.framework;
			path = SDL2.framework;
			remoteRef = C53776CE20A137F400DFD1D9 /* PBXContainerItemProxy */;
			sourceTree = BUILT_PRODUCTS_DIR;
		};
		C53776D120A137F400DFD1D9 /* libSDL2.a */ = {
			isa = PBXReferenceProxy;
			fileType = archive.ar;
			path = libSDL2.a;
			remoteRef = C53776D020A137F400DFD1D9 /* PBXContainerItemProxy */;
			sourceTree = BUILT_PRODUCTS_DIR;
		};
		C53776D320A137F400DFD1D9 /* libSDL2.dylib */ = {
			isa = PBXReferenceProxy;
			fileType = "compiled.mach-o.dylib";
			path = libSDL2.dylib;
			remoteRef = C53776D220A137F400DFD1D9 /* PBXContainerItemProxy */;
			sourceTree = BUILT_PRODUCTS_DIR;
		};
		C53776D520A137F400DFD1D9 /* Standard DMG */ = {
			isa = PBXReferenceProxy;
			fileType = "compiled.mach-o.executable";
			path = "Standard DMG";
			remoteRef = C53776D420A137F400DFD1D9 /* PBXContainerItemProxy */;
			sourceTree = BUILT_PRODUCTS_DIR;
		};
/* End PBXReferenceProxy section */

/* Begin PBXSourcesBuildPhase section */
		C53978622065D862001AAFFE /* Sources */ = {
			isa = PBXSourcesBuildPhase;
			buildActionMask = 2147483647;
			files = (
				C5A0713620EDF38000379727 /* PerspectiveCamera.cpp in Sources */,
				C5A0713220EDF38000379727 /* Material.cpp in Sources */,
				C5A0713120EDF38000379727 /* OBJLoader.cpp in Sources */,
				C57BF1F12172F07600A6F06A /* MetalRenderer.mm in Sources */,
				C5A0712420EDF38000379727 /* OpenGLTexture.cpp in Sources */,
				C5A0713920EDF38000379727 /* Mesh.cpp in Sources */,
				C5A0712F20EDF38000379727 /* PointLight.cpp in Sources */,
				C5A0713520EDF38000379727 /* Camera.cpp in Sources */,
				C5A0712120EDF38000379727 /* OpenGLRenderList.cpp in Sources */,
				C53F267621745DC300EF9635 /* MetalRenderList.mm in Sources */,
				C5A0712C20EDF38000379727 /* BoxGeometry.cpp in Sources */,
				C5A0712220EDF38000379727 /* OpenGLBuffer.cpp in Sources */,
				C5A0712020EDF38000379727 /* Texture.cpp in Sources */,
				C5A0712E20EDF38000379727 /* VoxelGeometry.cpp in Sources */,
				C5B4AB7721A005AF00A78CED /* MetalTexture.mm in Sources */,
				C5A0712520EDF38000379727 /* OpenGLObjectProperties.cpp in Sources */,
				C5A0713720EDF38000379727 /* Ray.cpp in Sources */,
				C5A0713820EDF38000379727 /* Object.cpp in Sources */,
				C5A0712620EDF38000379727 /* SDLOpenGLRenderTarget.mm in Sources */,
				C53F267321745AD500EF9635 /* MetalBuffer.mm in Sources */,
				C5A0712B20EDF38000379727 /* OpenGLProgram.cpp in Sources */,
				C53F267C21746AE400EF9635 /* MetalRendererProperties.mm in Sources */,
				C5A0712720EDF38000379727 /* OpenGLRendererProperties.cpp in Sources */,
				C5A0712920EDF38000379727 /* OpenGLFramebuffer.cpp in Sources */,
				C53F2671217459AF00EF9635 /* MetalObjectProperties.mm in Sources */,
				C57BF1F62172F07F00A6F06A /* SDLMetalRenderTarget.mm in Sources */,
				C5A0713420EDF38000379727 /* Scene.cpp in Sources */,
				C5A0713A20EDF38000379727 /* GLSLPreprocessor.cpp in Sources */,
				C5A0712D20EDF38000379727 /* Geometry.cpp in Sources */,
				C5A0712320EDF38000379727 /* OpenGLRenderer.cpp in Sources */,
				C53F26792174649900EF9635 /* MetalDeviceRendererProperties.mm in Sources */,
				C5A0713020EDF38000379727 /* Light.cpp in Sources */,
				C5A0713320EDF38000379727 /* GLSLMaterial.cpp in Sources */,
				C5A0712A20EDF38000379727 /* OpenGLVertexArray.cpp in Sources */,
				C5B9FE3A219FC9470013E3B5 /* MetalRenderPipelineState.mm in Sources */,
			);
			runOnlyForDeploymentPostprocessing = 0;
		};
		C53F26AC2175197300EF9635 /* Sources */ = {
			isa = PBXSourcesBuildPhase;
			buildActionMask = 2147483647;
			files = (
				C53F26B52175197A00EF9635 /* MetalLibrary.metal in Sources */,
			);
			runOnlyForDeploymentPostprocessing = 0;
		};
/* End PBXSourcesBuildPhase section */

/* Begin XCBuildConfiguration section */
		C539786D2065D862001AAFFE /* Debug */ = {
			isa = XCBuildConfiguration;
			buildSettings = {
				ALWAYS_SEARCH_USER_PATHS = NO;
				CLANG_ANALYZER_NONNULL = YES;
				CLANG_ANALYZER_NUMBER_OBJECT_CONVERSION = YES_AGGRESSIVE;
				CLANG_CXX_LANGUAGE_STANDARD = "gnu++14";
				CLANG_CXX_LIBRARY = "libc++";
				CLANG_ENABLE_MODULES = YES;
				CLANG_ENABLE_OBJC_ARC = YES;
				CLANG_WARN_BLOCK_CAPTURE_AUTORELEASING = YES;
				CLANG_WARN_BOOL_CONVERSION = YES;
				CLANG_WARN_COMMA = YES;
				CLANG_WARN_CONSTANT_CONVERSION = YES;
				CLANG_WARN_DIRECT_OBJC_ISA_USAGE = YES_ERROR;
				CLANG_WARN_DOCUMENTATION_COMMENTS = YES;
				CLANG_WARN_EMPTY_BODY = YES;
				CLANG_WARN_ENUM_CONVERSION = YES;
				CLANG_WARN_INFINITE_RECURSION = YES;
				CLANG_WARN_INT_CONVERSION = YES;
				CLANG_WARN_NON_LITERAL_NULL_CONVERSION = YES;
				CLANG_WARN_OBJC_LITERAL_CONVERSION = YES;
				CLANG_WARN_OBJC_ROOT_CLASS = YES_ERROR;
				CLANG_WARN_RANGE_LOOP_ANALYSIS = YES;
				CLANG_WARN_STRICT_PROTOTYPES = YES;
				CLANG_WARN_SUSPICIOUS_MOVE = YES;
				CLANG_WARN_UNGUARDED_AVAILABILITY = YES_AGGRESSIVE;
				CLANG_WARN_UNREACHABLE_CODE = YES;
				CLANG_WARN__DUPLICATE_METHOD_MATCH = YES;
				CODE_SIGN_IDENTITY = "Mac Developer";
				COPY_PHASE_STRIP = NO;
				DEBUG_INFORMATION_FORMAT = dwarf;
				ENABLE_STRICT_OBJC_MSGSEND = YES;
				ENABLE_TESTABILITY = YES;
				GCC_C_LANGUAGE_STANDARD = gnu11;
				GCC_DYNAMIC_NO_PIC = NO;
				GCC_NO_COMMON_BLOCKS = YES;
				GCC_OPTIMIZATION_LEVEL = 0;
				GCC_PREPROCESSOR_DEFINITIONS = (
					"DEBUG=1",
					"$(inherited)",
				);
				GCC_WARN_64_TO_32_BIT_CONVERSION = YES;
				GCC_WARN_ABOUT_RETURN_TYPE = YES_ERROR;
				GCC_WARN_UNDECLARED_SELECTOR = YES;
				GCC_WARN_UNINITIALIZED_AUTOS = YES_AGGRESSIVE;
				GCC_WARN_UNUSED_FUNCTION = YES;
				GCC_WARN_UNUSED_VARIABLE = YES;
				IPHONEOS_DEPLOYMENT_TARGET = 11.2;
				MTL_ENABLE_DEBUG_INFO = YES;
				ONLY_ACTIVE_ARCH = YES;
				SDKROOT = macosx;
			};
			name = Debug;
		};
		C539786E2065D862001AAFFE /* Release */ = {
			isa = XCBuildConfiguration;
			buildSettings = {
				ALWAYS_SEARCH_USER_PATHS = NO;
				CLANG_ANALYZER_NONNULL = YES;
				CLANG_ANALYZER_NUMBER_OBJECT_CONVERSION = YES_AGGRESSIVE;
				CLANG_CXX_LANGUAGE_STANDARD = "gnu++14";
				CLANG_CXX_LIBRARY = "libc++";
				CLANG_ENABLE_MODULES = YES;
				CLANG_ENABLE_OBJC_ARC = YES;
				CLANG_WARN_BLOCK_CAPTURE_AUTORELEASING = YES;
				CLANG_WARN_BOOL_CONVERSION = YES;
				CLANG_WARN_COMMA = YES;
				CLANG_WARN_CONSTANT_CONVERSION = YES;
				CLANG_WARN_DIRECT_OBJC_ISA_USAGE = YES_ERROR;
				CLANG_WARN_DOCUMENTATION_COMMENTS = YES;
				CLANG_WARN_EMPTY_BODY = YES;
				CLANG_WARN_ENUM_CONVERSION = YES;
				CLANG_WARN_INFINITE_RECURSION = YES;
				CLANG_WARN_INT_CONVERSION = YES;
				CLANG_WARN_NON_LITERAL_NULL_CONVERSION = YES;
				CLANG_WARN_OBJC_LITERAL_CONVERSION = YES;
				CLANG_WARN_OBJC_ROOT_CLASS = YES_ERROR;
				CLANG_WARN_RANGE_LOOP_ANALYSIS = YES;
				CLANG_WARN_STRICT_PROTOTYPES = YES;
				CLANG_WARN_SUSPICIOUS_MOVE = YES;
				CLANG_WARN_UNGUARDED_AVAILABILITY = YES_AGGRESSIVE;
				CLANG_WARN_UNREACHABLE_CODE = YES;
				CLANG_WARN__DUPLICATE_METHOD_MATCH = YES;
				CODE_SIGN_IDENTITY = "Mac Developer";
				COPY_PHASE_STRIP = NO;
				DEBUG_INFORMATION_FORMAT = "dwarf-with-dsym";
				ENABLE_NS_ASSERTIONS = NO;
				ENABLE_STRICT_OBJC_MSGSEND = YES;
				GCC_C_LANGUAGE_STANDARD = gnu11;
				GCC_NO_COMMON_BLOCKS = YES;
				GCC_WARN_64_TO_32_BIT_CONVERSION = YES;
				GCC_WARN_ABOUT_RETURN_TYPE = YES_ERROR;
				GCC_WARN_UNDECLARED_SELECTOR = YES;
				GCC_WARN_UNINITIALIZED_AUTOS = YES_AGGRESSIVE;
				GCC_WARN_UNUSED_FUNCTION = YES;
				GCC_WARN_UNUSED_VARIABLE = YES;
				IPHONEOS_DEPLOYMENT_TARGET = 11.2;
				MTL_ENABLE_DEBUG_INFO = NO;
				SDKROOT = macosx;
				VALIDATE_PRODUCT = YES;
			};
			name = Release;
		};
		C53978702065D862001AAFFE /* Debug */ = {
			isa = XCBuildConfiguration;
			buildSettings = {
				CODE_SIGN_STYLE = Automatic;
				DEVELOPMENT_TEAM = 4JAEG2S45X;
				HEADER_SEARCH_PATHS = (
					"$(SRCROOT)/RenderBox/vendor/sdl/include/",
					"$(SRCROOT)/../../../vendor/glm/",
					"$(SRCROOT)/../../../vendor/sdl/include/",
				);
				OTHER_LDFLAGS = "-ObjC";
				PRODUCT_NAME = "$(TARGET_NAME)";
				SKIP_INSTALL = YES;
				TARGETED_DEVICE_FAMILY = "1,2";
				VALID_ARCHS = "i386 x86_64";
			};
			name = Debug;
		};
		C53978712065D862001AAFFE /* Release */ = {
			isa = XCBuildConfiguration;
			buildSettings = {
				CODE_SIGN_STYLE = Automatic;
				DEVELOPMENT_TEAM = 4JAEG2S45X;
				HEADER_SEARCH_PATHS = (
					"$(SRCROOT)/RenderBox/vendor/sdl/include/",
					"$(SRCROOT)/../../../vendor/glm/",
					"$(SRCROOT)/../../../vendor/sdl/include/",
				);
				OTHER_LDFLAGS = "-ObjC";
				PRODUCT_NAME = "$(TARGET_NAME)";
				SKIP_INSTALL = YES;
				TARGETED_DEVICE_FAMILY = "1,2";
				VALID_ARCHS = "i386 x86_64";
			};
			name = Release;
		};
		C53F26B32175197300EF9635 /* Debug */ = {
			isa = XCBuildConfiguration;
			buildSettings = {
				CODE_SIGN_IDENTITY = "-";
				CODE_SIGN_STYLE = Automatic;
				DEVELOPMENT_TEAM = 4JAEG2S45X;
				MACOSX_DEPLOYMENT_TARGET = 10.14;
				MTL_ENABLE_DEBUG_INFO = INCLUDE_SOURCE;
				MTL_FAST_MATH = YES;
				PRODUCT_NAME = "$(TARGET_NAME)";
			};
			name = Debug;
		};
		C53F26B42175197300EF9635 /* Release */ = {
			isa = XCBuildConfiguration;
			buildSettings = {
				CODE_SIGN_IDENTITY = "-";
				CODE_SIGN_STYLE = Automatic;
				DEVELOPMENT_TEAM = 4JAEG2S45X;
				MACOSX_DEPLOYMENT_TARGET = 10.14;
				MTL_FAST_MATH = YES;
				PRODUCT_NAME = "$(TARGET_NAME)";
			};
			name = Release;
		};
/* End XCBuildConfiguration section */

/* Begin XCConfigurationList section */
		C53978612065D862001AAFFE /* Build configuration list for PBXProject "RenderBox" */ = {
			isa = XCConfigurationList;
			buildConfigurations = (
				C539786D2065D862001AAFFE /* Debug */,
				C539786E2065D862001AAFFE /* Release */,
			);
			defaultConfigurationIsVisible = 0;
			defaultConfigurationName = Release;
		};
		C539786F2065D862001AAFFE /* Build configuration list for PBXNativeTarget "RenderBox" */ = {
			isa = XCConfigurationList;
			buildConfigurations = (
				C53978702065D862001AAFFE /* Debug */,
				C53978712065D862001AAFFE /* Release */,
			);
			defaultConfigurationIsVisible = 0;
			defaultConfigurationName = Release;
		};
		C53F26B22175197300EF9635 /* Build configuration list for PBXNativeTarget "RenderBoxMetalLibrary" */ = {
			isa = XCConfigurationList;
			buildConfigurations = (
				C53F26B32175197300EF9635 /* Debug */,
				C53F26B42175197300EF9635 /* Release */,
			);
			defaultConfigurationIsVisible = 0;
			defaultConfigurationName = Release;
		};
/* End XCConfigurationList section */
	};
	rootObject = C539785E2065D862001AAFFE /* Project object */;
}
